{
  "version": 4,
  "terraform_version": "1.9.8",
  "serial": 83,
  "lineage": "86a3681c-65e7-1f72-510c-7ce913aa642a",
  "outputs": {},
  "resources": [
    {
      "mode": "data",
      "type": "aws_ssm_parameter",
      "name": "alb",
      "provider": "provider[\"registry.terraform.io/hashicorp/aws\"]",
      "instances": [
        {
          "schema_version": 0,
          "attributes": {
            "arn": "arn:aws:ssm:us-east-1:140023395225:parameter/linuxtips/ecs/lb/id",
            "id": "/linuxtips/ecs/lb/id",
            "insecure_value": "arn:aws:elasticloadbalancing:us-east-1:140023395225:loadbalancer/app/linuxtips-ecs-cluster-ingress/bff8998db8598c76",
            "name": "/linuxtips/ecs/lb/id",
            "type": "String",
            "value": "arn:aws:elasticloadbalancing:us-east-1:140023395225:loadbalancer/app/linuxtips-ecs-cluster-ingress/bff8998db8598c76",
            "version": 1,
            "with_decryption": true
          },
          "sensitive_attributes": [
            [
              {
                "type": "get_attr",
                "value": "value"
              }
            ]
          ]
        }
      ]
    },
    {
      "mode": "data",
      "type": "aws_ssm_parameter",
      "name": "alb_internal",
      "provider": "provider[\"registry.terraform.io/hashicorp/aws\"]",
      "instances": [
        {
          "schema_version": 0,
          "attributes": {
            "arn": "arn:aws:ssm:us-east-1:140023395225:parameter/linuxtips/ecs/lb/internal/id",
            "id": "/linuxtips/ecs/lb/internal/id",
            "insecure_value": "arn:aws:elasticloadbalancing:us-east-1:140023395225:loadbalancer/app/linuxtips-ecs-cluster-internal/d71ffe1c2e9b64f1",
            "name": "/linuxtips/ecs/lb/internal/id",
            "type": "String",
            "value": "arn:aws:elasticloadbalancing:us-east-1:140023395225:loadbalancer/app/linuxtips-ecs-cluster-internal/d71ffe1c2e9b64f1",
            "version": 1,
            "with_decryption": true
          },
          "sensitive_attributes": [
            [
              {
                "type": "get_attr",
                "value": "value"
              }
            ]
          ]
        }
      ]
    },
    {
      "mode": "data",
      "type": "aws_ssm_parameter",
      "name": "listener",
      "provider": "provider[\"registry.terraform.io/hashicorp/aws\"]",
      "instances": [
        {
          "schema_version": 0,
          "attributes": {
            "arn": "arn:aws:ssm:us-east-1:140023395225:parameter/linuxtips/ecs/lb/listener",
            "id": "/linuxtips/ecs/lb/listener",
            "insecure_value": "arn:aws:elasticloadbalancing:us-east-1:140023395225:listener/app/linuxtips-ecs-cluster-ingress/bff8998db8598c76/b51289923add9ca1",
            "name": "/linuxtips/ecs/lb/listener",
            "type": "String",
            "value": "arn:aws:elasticloadbalancing:us-east-1:140023395225:listener/app/linuxtips-ecs-cluster-ingress/bff8998db8598c76/b51289923add9ca1",
            "version": 1,
            "with_decryption": true
          },
          "sensitive_attributes": [
            [
              {
                "type": "get_attr",
                "value": "value"
              }
            ]
          ]
        }
      ]
    },
    {
      "mode": "data",
      "type": "aws_ssm_parameter",
      "name": "listener_internal",
      "provider": "provider[\"registry.terraform.io/hashicorp/aws\"]",
      "instances": [
        {
          "schema_version": 0,
          "attributes": {
            "arn": "arn:aws:ssm:us-east-1:140023395225:parameter/linuxtips/ecs/lb/internal/listener",
            "id": "/linuxtips/ecs/lb/internal/listener",
            "insecure_value": "arn:aws:elasticloadbalancing:us-east-1:140023395225:listener/app/linuxtips-ecs-cluster-internal/d71ffe1c2e9b64f1/c742af64abc41e40",
            "name": "/linuxtips/ecs/lb/internal/listener",
            "type": "String",
            "value": "arn:aws:elasticloadbalancing:us-east-1:140023395225:listener/app/linuxtips-ecs-cluster-internal/d71ffe1c2e9b64f1/c742af64abc41e40",
            "version": 1,
            "with_decryption": true
          },
          "sensitive_attributes": [
            [
              {
                "type": "get_attr",
                "value": "value"
              }
            ]
          ]
        }
      ]
    },
    {
      "mode": "data",
      "type": "aws_ssm_parameter",
      "name": "private_subnet_1",
      "provider": "provider[\"registry.terraform.io/hashicorp/aws\"]",
      "instances": [
        {
          "schema_version": 0,
          "attributes": {
            "arn": "arn:aws:ssm:us-east-1:140023395225:parameter/linuxtips-vpc/vpc/private_subnet_1a",
            "id": "/linuxtips-vpc/vpc/private_subnet_1a",
            "insecure_value": "subnet-08f2debe499751a08",
            "name": "/linuxtips-vpc/vpc/private_subnet_1a",
            "type": "String",
            "value": "subnet-08f2debe499751a08",
            "version": 1,
            "with_decryption": true
          },
          "sensitive_attributes": [
            [
              {
                "type": "get_attr",
                "value": "value"
              }
            ]
          ]
        }
      ]
    },
    {
      "mode": "data",
      "type": "aws_ssm_parameter",
      "name": "private_subnet_2",
      "provider": "provider[\"registry.terraform.io/hashicorp/aws\"]",
      "instances": [
        {
          "schema_version": 0,
          "attributes": {
            "arn": "arn:aws:ssm:us-east-1:140023395225:parameter/linuxtips-vpc/vpc/private_subnet_1b",
            "id": "/linuxtips-vpc/vpc/private_subnet_1b",
            "insecure_value": "subnet-0a38752b933399838",
            "name": "/linuxtips-vpc/vpc/private_subnet_1b",
            "type": "String",
            "value": "subnet-0a38752b933399838",
            "version": 1,
            "with_decryption": true
          },
          "sensitive_attributes": [
            [
              {
                "type": "get_attr",
                "value": "value"
              }
            ]
          ]
        }
      ]
    },
    {
      "mode": "data",
      "type": "aws_ssm_parameter",
      "name": "private_subnet_3",
      "provider": "provider[\"registry.terraform.io/hashicorp/aws\"]",
      "instances": [
        {
          "schema_version": 0,
          "attributes": {
            "arn": "arn:aws:ssm:us-east-1:140023395225:parameter/linuxtips-vpc/vpc/private_subnet_1c",
            "id": "/linuxtips-vpc/vpc/private_subnet_1c",
            "insecure_value": "subnet-0f9d16dbdf4c5134f",
            "name": "/linuxtips-vpc/vpc/private_subnet_1c",
            "type": "String",
            "value": "subnet-0f9d16dbdf4c5134f",
            "version": 1,
            "with_decryption": true
          },
          "sensitive_attributes": [
            [
              {
                "type": "get_attr",
                "value": "value"
              }
            ]
          ]
        }
      ]
    },
    {
      "mode": "data",
      "type": "aws_ssm_parameter",
      "name": "service_connect_arn",
      "provider": "provider[\"registry.terraform.io/hashicorp/aws\"]",
      "instances": [
        {
          "schema_version": 0,
          "attributes": {
            "arn": "arn:aws:ssm:us-east-1:140023395225:parameter/linuxtips/ecs/service-connect/namespace",
            "id": "/linuxtips/ecs/service-connect/namespace",
            "insecure_value": "ns-xgia2zx72dgyxpxd",
            "name": "/linuxtips/ecs/service-connect/namespace",
            "type": "String",
            "value": "ns-xgia2zx72dgyxpxd",
            "version": 1,
            "with_decryption": true
          },
          "sensitive_attributes": [
            [
              {
                "type": "get_attr",
                "value": "value"
              }
            ]
          ]
        }
      ]
    },
    {
      "mode": "data",
      "type": "aws_ssm_parameter",
      "name": "service_connect_name",
      "provider": "provider[\"registry.terraform.io/hashicorp/aws\"]",
      "instances": [
        {
          "schema_version": 0,
          "attributes": {
            "arn": "arn:aws:ssm:us-east-1:140023395225:parameter/linuxtips/ecs/service-connect/name",
            "id": "/linuxtips/ecs/service-connect/name",
            "insecure_value": "linuxtips-ecs-cluster.local",
            "name": "/linuxtips/ecs/service-connect/name",
            "type": "String",
            "value": "linuxtips-ecs-cluster.local",
            "version": 1,
            "with_decryption": true
          },
          "sensitive_attributes": [
            [
              {
                "type": "get_attr",
                "value": "value"
              }
            ]
          ]
        }
      ]
    },
    {
      "mode": "data",
      "type": "aws_ssm_parameter",
      "name": "service_discovery_namespace",
      "provider": "provider[\"registry.terraform.io/hashicorp/aws\"]",
      "instances": [
        {
          "schema_version": 0,
          "attributes": {
            "arn": "arn:aws:ssm:us-east-1:140023395225:parameter/linuxtips/ecs/cloudmap/namespace",
            "id": "/linuxtips/ecs/cloudmap/namespace",
            "insecure_value": "ns-fgeisworjwbr422k",
            "name": "/linuxtips/ecs/cloudmap/namespace",
            "type": "String",
            "value": "ns-fgeisworjwbr422k",
            "version": 1,
            "with_decryption": true
          },
          "sensitive_attributes": [
            [
              {
                "type": "get_attr",
                "value": "value"
              }
            ]
          ]
        }
      ]
    },
    {
      "mode": "data",
      "type": "aws_ssm_parameter",
      "name": "vpc",
      "provider": "provider[\"registry.terraform.io/hashicorp/aws\"]",
      "instances": [
        {
          "schema_version": 0,
          "attributes": {
            "arn": "arn:aws:ssm:us-east-1:140023395225:parameter/linuxtips-vpc/vpc/vpc_id",
            "id": "/linuxtips-vpc/vpc/vpc_id",
            "insecure_value": "vpc-0079a63c3659c593b",
            "name": "/linuxtips-vpc/vpc/vpc_id",
            "type": "String",
            "value": "vpc-0079a63c3659c593b",
            "version": 1,
            "with_decryption": true
          },
          "sensitive_attributes": [
            [
              {
                "type": "get_attr",
                "value": "value"
              }
            ]
          ]
        }
      ]
    },
    {
      "mode": "managed",
      "type": "aws_iam_role",
      "name": "main",
      "provider": "provider[\"registry.terraform.io/hashicorp/aws\"]",
      "instances": [
        {
          "schema_version": 0,
          "attributes": {
            "arn": "arn:aws:iam::140023395225:role/nutrition-role",
            "assume_role_policy": "{\"Statement\":[{\"Action\":\"sts:AssumeRole\",\"Effect\":\"Allow\",\"Principal\":{\"Service\":\"ecs-tasks.amazonaws.com\"},\"Sid\":\"\"}],\"Version\":\"2012-10-17\"}",
            "create_date": "2024-11-09T13:43:23Z",
            "description": "",
            "force_detach_policies": false,
            "id": "nutrition-role",
            "inline_policy": [],
            "managed_policy_arns": [],
            "max_session_duration": 3600,
            "name": "nutrition-role",
            "name_prefix": "",
            "path": "/",
            "permissions_boundary": "",
            "tags": null,
            "tags_all": {},
            "unique_id": "AROASBGQLOOMYBDBGGMMX"
          },
          "sensitive_attributes": [],
          "private": "bnVsbA=="
        }
      ]
    },
    {
      "mode": "managed",
      "type": "aws_iam_role_policy",
      "name": "ecs_task_execution_policy",
      "provider": "provider[\"registry.terraform.io/hashicorp/aws\"]",
      "instances": [
        {
          "schema_version": 0,
          "attributes": {
            "id": "nutrition-role:nutrition-policy",
            "name": "nutrition-policy",
            "name_prefix": "",
            "policy": "{\"Version\":\"2012-10-17\",\"Statement\":[{\"Action\":[\"logs:CreateLogStream\",\"logs:PutLogEvents\",\"logs:CreateLogGroup\",\"ecr:GetAuthorizationToken\",\"ecr:BatchCheckLayerAvailability\",\"ecr:GetDownloadUrlForLayer\",\"ecr:BatchGetImage\",\"s3:GetObject\",\"sqs:*\"],\"Effect\":\"Allow\",\"Resource\":\"*\"}]}",
            "role": "nutrition-role"
          },
          "sensitive_attributes": [],
          "private": "bnVsbA==",
          "dependencies": [
            "aws_iam_role.main"
          ]
        }
      ]
    },
    {
      "module": "module.bmr",
      "mode": "data",
      "type": "aws_alb",
      "name": "main",
      "provider": "provider[\"registry.terraform.io/hashicorp/aws\"]",
      "instances": [
        {
          "schema_version": 0,
          "attributes": {
            "access_logs": [
              {
                "bucket": "",
                "enabled": false,
                "prefix": ""
              }
            ],
            "arn": "arn:aws:elasticloadbalancing:us-east-1:140023395225:loadbalancer/app/linuxtips-ecs-cluster-internal/d71ffe1c2e9b64f1",
            "arn_suffix": "app/linuxtips-ecs-cluster-internal/d71ffe1c2e9b64f1",
            "client_keep_alive": 3600,
            "connection_logs": [
              {
                "bucket": "",
                "enabled": false,
                "prefix": ""
              }
            ],
            "customer_owned_ipv4_pool": "",
            "desync_mitigation_mode": "defensive",
            "dns_name": "internal-linuxtips-ecs-cluster-internal-508168171.us-east-1.elb.amazonaws.com",
            "dns_record_client_routing_policy": null,
            "drop_invalid_header_fields": false,
            "enable_cross_zone_load_balancing": true,
            "enable_deletion_protection": false,
            "enable_http2": true,
            "enable_tls_version_and_cipher_suite_headers": false,
            "enable_waf_fail_open": false,
            "enable_xff_client_port": false,
            "enable_zonal_shift": null,
            "enforce_security_group_inbound_rules_on_private_link_traffic": "",
            "id": "arn:aws:elasticloadbalancing:us-east-1:140023395225:loadbalancer/app/linuxtips-ecs-cluster-internal/d71ffe1c2e9b64f1",
            "idle_timeout": 60,
            "internal": true,
            "ip_address_type": "ipv4",
            "load_balancer_type": "application",
            "name": "linuxtips-ecs-cluster-internal",
            "preserve_host_header": false,
            "security_groups": [
              "sg-02e941a6098c78847"
            ],
            "subnet_mapping": [
              {
                "allocation_id": "",
                "ipv6_address": "",
                "outpost_id": "",
                "private_ipv4_address": "",
                "subnet_id": "subnet-08f2debe499751a08"
              },
              {
                "allocation_id": "",
                "ipv6_address": "",
                "outpost_id": "",
                "private_ipv4_address": "",
                "subnet_id": "subnet-0a38752b933399838"
              },
              {
                "allocation_id": "",
                "ipv6_address": "",
                "outpost_id": "",
                "private_ipv4_address": "",
                "subnet_id": "subnet-0f9d16dbdf4c5134f"
              }
            ],
            "subnets": [
              "subnet-08f2debe499751a08",
              "subnet-0a38752b933399838",
              "subnet-0f9d16dbdf4c5134f"
            ],
            "tags": {},
            "timeouts": null,
            "vpc_id": "vpc-0079a63c3659c593b",
            "xff_header_processing_mode": "append",
            "zone_id": "Z35SXDOTRQ7X7K"
          },
          "sensitive_attributes": [
            [
              {
                "type": "get_attr",
                "value": "arn"
              }
            ]
          ]
        }
      ]
    },
    {
      "module": "module.bmr",
      "mode": "managed",
      "type": "aws_alb_listener_rule",
      "name": "main",
      "provider": "provider[\"registry.terraform.io/hashicorp/aws\"]",
      "instances": [
        {
          "schema_version": 0,
          "attributes": {
            "action": [
              {
                "authenticate_cognito": [],
                "authenticate_oidc": [],
                "fixed_response": [],
                "forward": [],
                "order": 1,
                "redirect": [],
                "target_group_arn": "arn:aws:elasticloadbalancing:us-east-1:140023395225:targetgroup/79b679f3a9e7a67c648043ede4dfb1a4/026101cccecf97ad",
                "type": "forward"
              }
            ],
            "arn": "arn:aws:elasticloadbalancing:us-east-1:140023395225:listener-rule/app/linuxtips-ecs-cluster-internal/d71ffe1c2e9b64f1/c742af64abc41e40/36bf568f34d96669",
            "condition": [
              {
                "host_header": [
                  {
                    "values": [
                      "bmr.linuxtips-ecs-cluster.internal.com"
                    ]
                  }
                ],
                "http_header": [],
                "http_request_method": [],
                "path_pattern": [],
                "query_string": [],
                "source_ip": []
              }
            ],
            "id": "arn:aws:elasticloadbalancing:us-east-1:140023395225:listener-rule/app/linuxtips-ecs-cluster-internal/d71ffe1c2e9b64f1/c742af64abc41e40/36bf568f34d96669",
            "listener_arn": "arn:aws:elasticloadbalancing:us-east-1:140023395225:listener/app/linuxtips-ecs-cluster-internal/d71ffe1c2e9b64f1/c742af64abc41e40",
            "priority": 7,
            "tags": null,
            "tags_all": {}
          },
          "sensitive_attributes": [
            [
              {
                "type": "get_attr",
                "value": "listener_arn"
              }
            ]
          ],
          "private": "bnVsbA==",
          "dependencies": [
            "data.aws_ssm_parameter.listener_internal",
            "data.aws_ssm_parameter.vpc",
            "module.bmr.aws_alb_target_group.main"
          ]
        }
      ]
    },
    {
      "module": "module.bmr",
      "mode": "managed",
      "type": "aws_alb_target_group",
      "name": "main",
      "provider": "provider[\"registry.terraform.io/hashicorp/aws\"]",
      "instances": [
        {
          "schema_version": 0,
          "attributes": {
            "arn": "arn:aws:elasticloadbalancing:us-east-1:140023395225:targetgroup/79b679f3a9e7a67c648043ede4dfb1a4/026101cccecf97ad",
            "arn_suffix": "targetgroup/79b679f3a9e7a67c648043ede4dfb1a4/026101cccecf97ad",
            "connection_termination": null,
            "deregistration_delay": "300",
            "health_check": [
              {
                "enabled": true,
                "healthy_threshold": 3,
                "interval": 60,
                "matcher": "200-399",
                "path": "/healthz",
                "port": "8080",
                "protocol": "HTTP",
                "timeout": 10,
                "unhealthy_threshold": 10
              }
            ],
            "id": "arn:aws:elasticloadbalancing:us-east-1:140023395225:targetgroup/79b679f3a9e7a67c648043ede4dfb1a4/026101cccecf97ad",
            "ip_address_type": "ipv4",
            "lambda_multi_value_headers_enabled": false,
            "load_balancer_arns": [],
            "load_balancing_algorithm_type": "round_robin",
            "load_balancing_anomaly_mitigation": "off",
            "load_balancing_cross_zone_enabled": "use_load_balancer_configuration",
            "name": "79b679f3a9e7a67c648043ede4dfb1a4",
            "name_prefix": "79b679",
            "port": 30000,
            "preserve_client_ip": null,
            "protocol": "HTTP",
            "protocol_version": "HTTP1",
            "proxy_protocol_v2": false,
            "slow_start": 0,
            "stickiness": [
              {
                "cookie_duration": 86400,
                "cookie_name": "",
                "enabled": false,
                "type": "lb_cookie"
              }
            ],
            "tags": null,
            "tags_all": {},
            "target_failover": [
              {
                "on_deregistration": null,
                "on_unhealthy": null
              }
            ],
            "target_group_health": [
              {
                "dns_failover": [
                  {
                    "minimum_healthy_targets_count": "1",
                    "minimum_healthy_targets_percentage": "off"
                  }
                ],
                "unhealthy_state_routing": [
                  {
                    "minimum_healthy_targets_count": 1,
                    "minimum_healthy_targets_percentage": "off"
                  }
                ]
              }
            ],
            "target_health_state": [
              {
                "enable_unhealthy_connection_termination": null,
                "unhealthy_draining_interval": null
              }
            ],
            "target_type": "ip",
            "vpc_id": "vpc-0079a63c3659c593b"
          },
          "sensitive_attributes": [
            [
              {
                "type": "get_attr",
                "value": "vpc_id"
              }
            ]
          ],
          "private": "bnVsbA==",
          "dependencies": [
            "data.aws_ssm_parameter.vpc"
          ]
        }
      ]
    },
    {
      "module": "module.bmr",
      "mode": "managed",
      "type": "aws_appautoscaling_target",
      "name": "main",
      "provider": "provider[\"registry.terraform.io/hashicorp/aws\"]",
      "instances": [
        {
          "schema_version": 0,
          "attributes": {
            "arn": "arn:aws:application-autoscaling:us-east-1:140023395225:scalable-target/0ec519f54903c6234ec6bec491910f94dbf7",
            "id": "service/linuxtips-ecs-cluster/nutrition-bmr",
            "max_capacity": 3,
            "min_capacity": 1,
            "resource_id": "service/linuxtips-ecs-cluster/nutrition-bmr",
            "role_arn": "arn:aws:iam::140023395225:role/aws-service-role/ecs.application-autoscaling.amazonaws.com/AWSServiceRoleForApplicationAutoScaling_ECSService",
            "scalable_dimension": "ecs:service:DesiredCount",
            "service_namespace": "ecs",
            "suspended_state": [
              {
                "dynamic_scaling_in_suspended": false,
                "dynamic_scaling_out_suspended": false,
                "scheduled_scaling_suspended": false
              }
            ],
            "tags": null,
            "tags_all": {}
          },
          "sensitive_attributes": [],
          "private": "bnVsbA==",
          "dependencies": [
            "aws_iam_role.main",
            "data.aws_ssm_parameter.private_subnet_1",
            "data.aws_ssm_parameter.private_subnet_2",
            "data.aws_ssm_parameter.private_subnet_3",
            "data.aws_ssm_parameter.service_connect_name",
            "data.aws_ssm_parameter.service_discovery_namespace",
            "data.aws_ssm_parameter.vpc",
            "module.bmr.aws_alb_target_group.main",
            "module.bmr.aws_cloudwatch_log_group.main",
            "module.bmr.aws_ecs_service.main",
            "module.bmr.aws_ecs_task_definition.main",
            "module.bmr.aws_iam_role.service_execution_role",
            "module.bmr.aws_security_group.main",
            "module.bmr.aws_service_discovery_service.main"
          ]
        }
      ]
    },
    {
      "module": "module.bmr",
      "mode": "managed",
      "type": "aws_cloudwatch_log_group",
      "name": "main",
      "provider": "provider[\"registry.terraform.io/hashicorp/aws\"]",
      "instances": [
        {
          "schema_version": 0,
          "attributes": {
            "arn": "arn:aws:logs:us-east-1:140023395225:log-group:linuxtips-ecs-cluster/nutrition-bmr/logs",
            "id": "linuxtips-ecs-cluster/nutrition-bmr/logs",
            "kms_key_id": "",
            "log_group_class": "STANDARD",
            "name": "linuxtips-ecs-cluster/nutrition-bmr/logs",
            "name_prefix": "",
            "retention_in_days": 0,
            "skip_destroy": false,
            "tags": null,
            "tags_all": {}
          },
          "sensitive_attributes": [],
          "private": "bnVsbA=="
        }
      ]
    },
    {
      "module": "module.bmr",
      "mode": "managed",
      "type": "aws_ecs_service",
      "name": "main",
      "provider": "provider[\"registry.terraform.io/hashicorp/aws\"]",
      "instances": [
        {
          "schema_version": 1,
          "attributes": {
            "alarms": [],
            "capacity_provider_strategy": [
              {
                "base": null,
                "capacity_provider": "FARGATE_SPOT",
                "weight": 100
              }
            ],
            "cluster": "linuxtips-ecs-cluster",
            "deployment_circuit_breaker": [
              {
                "enable": true,
                "rollback": true
              }
            ],
            "deployment_controller": [
              {
                "type": "ECS"
              }
            ],
            "deployment_maximum_percent": 200,
            "deployment_minimum_healthy_percent": 100,
            "desired_count": 1,
            "enable_ecs_managed_tags": false,
            "enable_execute_command": false,
            "force_delete": null,
            "force_new_deployment": null,
            "health_check_grace_period_seconds": 0,
            "iam_role": "/aws-service-role/ecs.amazonaws.com/AWSServiceRoleForECS",
            "id": "arn:aws:ecs:us-east-1:140023395225:service/linuxtips-ecs-cluster/nutrition-bmr",
            "launch_type": "",
            "load_balancer": [
              {
                "container_name": "nutrition-bmr",
                "container_port": 30000,
                "elb_name": "",
                "target_group_arn": "arn:aws:elasticloadbalancing:us-east-1:140023395225:targetgroup/79b679f3a9e7a67c648043ede4dfb1a4/026101cccecf97ad"
              }
            ],
            "name": "nutrition-bmr",
            "network_configuration": [
              {
                "assign_public_ip": false,
                "security_groups": [
                  "sg-04a301f41acc77618"
                ],
                "subnets": [
                  "subnet-08f2debe499751a08",
                  "subnet-0a38752b933399838",
                  "subnet-0f9d16dbdf4c5134f"
                ]
              }
            ],
            "ordered_placement_strategy": [],
            "placement_constraints": [],
            "platform_version": "LATEST",
            "propagate_tags": "NONE",
            "scheduling_strategy": "REPLICA",
            "service_connect_configuration": [
              {
                "enabled": true,
                "log_configuration": [],
                "namespace": "linuxtips-ecs-cluster.local",
                "service": [
                  {
                    "client_alias": [
                      {
                        "dns_name": "nutrition-bmr.linuxtips-ecs-cluster.local",
                        "port": 30000
                      }
                    ],
                    "discovery_name": "nutrition-bmr",
                    "ingress_port_override": 0,
                    "port_name": "nutrition-bmr",
                    "timeout": [],
                    "tls": []
                  }
                ]
              }
            ],
            "service_registries": [
              {
                "container_name": "nutrition-bmr",
                "container_port": 0,
                "port": 0,
                "registry_arn": "arn:aws:servicediscovery:us-east-1:140023395225:service/srv-puw5mqbp7vmoeihe"
              }
            ],
            "tags": null,
            "tags_all": {},
            "task_definition": "arn:aws:ecs:us-east-1:140023395225:task-definition/linuxtips-ecs-cluster-nutrition-bmr:3",
            "timeouts": null,
            "triggers": {},
            "volume_configuration": [],
            "wait_for_steady_state": false
          },
          "sensitive_attributes": [
            [
              {
                "type": "get_attr",
                "value": "network_configuration"
              },
              {
                "type": "index",
                "value": {
                  "value": 0,
                  "type": "number"
                }
              },
              {
                "type": "get_attr",
                "value": "subnets"
              }
            ],
            [
              {
                "type": "get_attr",
                "value": "service_connect_configuration"
              },
              {
                "type": "index",
                "value": {
                  "value": 0,
                  "type": "number"
                }
              },
              {
                "type": "get_attr",
                "value": "namespace"
              }
            ],
            [
              {
                "type": "get_attr",
                "value": "service_connect_configuration"
              },
              {
                "type": "index",
                "value": {
                  "value": 0,
                  "type": "number"
                }
              },
              {
                "type": "get_attr",
                "value": "service"
              },
              {
                "type": "index",
                "value": {
                  "value": 0,
                  "type": "number"
                }
              },
              {
                "type": "get_attr",
                "value": "client_alias"
              },
              {
                "type": "index",
                "value": {
                  "value": 0,
                  "type": "number"
                }
              },
              {
                "type": "get_attr",
                "value": "dns_name"
              }
            ]
          ],
          "private": "eyJlMmJmYjczMC1lY2FhLTExZTYtOGY4OC0zNDM2M2JjN2M0YzAiOnsiY3JlYXRlIjoxMjAwMDAwMDAwMDAwLCJkZWxldGUiOjEyMDAwMDAwMDAwMDAsInVwZGF0ZSI6MTIwMDAwMDAwMDAwMH0sInNjaGVtYV92ZXJzaW9uIjoiMSJ9",
          "dependencies": [
            "aws_iam_role.main",
            "data.aws_ssm_parameter.private_subnet_1",
            "data.aws_ssm_parameter.private_subnet_2",
            "data.aws_ssm_parameter.private_subnet_3",
            "data.aws_ssm_parameter.service_connect_name",
            "data.aws_ssm_parameter.service_discovery_namespace",
            "data.aws_ssm_parameter.vpc",
            "module.bmr.aws_alb_target_group.main",
            "module.bmr.aws_cloudwatch_log_group.main",
            "module.bmr.aws_ecs_task_definition.main",
            "module.bmr.aws_iam_role.service_execution_role",
            "module.bmr.aws_security_group.main",
            "module.bmr.aws_service_discovery_service.main"
          ]
        }
      ]
    },
    {
      "module": "module.bmr",
      "mode": "managed",
      "type": "aws_ecs_task_definition",
      "name": "main",
      "provider": "provider[\"registry.terraform.io/hashicorp/aws\"]",
      "instances": [
        {
          "schema_version": 1,
          "attributes": {
            "arn": "arn:aws:ecs:us-east-1:140023395225:task-definition/linuxtips-ecs-cluster-nutrition-bmr:3",
            "arn_without_revision": "arn:aws:ecs:us-east-1:140023395225:task-definition/linuxtips-ecs-cluster-nutrition-bmr",
            "container_definitions": "[{\"cpu\":256,\"environment\":[{\"name\":\"ZIPKIN_COLLECTOR_ENDPOINT\",\"value\":\"http://jaeger-collector.linuxtips-ecs-cluster.internal.com:80\"}],\"essential\":true,\"image\":\"fidelissauro/bmr-grpc-service:latest\",\"logConfiguration\":{\"logDriver\":\"awslogs\",\"options\":{\"awslogs-group\":\"linuxtips-ecs-cluster/nutrition-bmr/logs\",\"awslogs-region\":\"us-east-1\",\"awslogs-stream-prefix\":\"nutrition-bmr\"}},\"memory\":512,\"mountPoints\":[],\"name\":\"nutrition-bmr\",\"portMappings\":[{\"appProtocol\":\"grpc\",\"containerPort\":30000,\"hostPort\":30000,\"name\":\"nutrition-bmr\",\"protocol\":\"tcp\"}],\"secrets\":[],\"systemControls\":[],\"volumesFrom\":[]}]",
            "cpu": "256",
            "ephemeral_storage": [],
            "execution_role_arn": "arn:aws:iam::140023395225:role/linuxtips-ecs-cluster-nutrition-bmr-service-role",
            "family": "linuxtips-ecs-cluster-nutrition-bmr",
            "id": "linuxtips-ecs-cluster-nutrition-bmr",
            "inference_accelerator": [],
            "ipc_mode": "",
            "memory": "512",
            "network_mode": "awsvpc",
            "pid_mode": "",
            "placement_constraints": [],
            "proxy_configuration": [],
            "requires_compatibilities": null,
            "revision": 3,
            "runtime_platform": [],
            "skip_destroy": false,
            "tags": null,
            "tags_all": {},
            "task_role_arn": "arn:aws:iam::140023395225:role/nutrition-role",
            "track_latest": false,
            "volume": []
          },
          "sensitive_attributes": [],
          "private": "eyJzY2hlbWFfdmVyc2lvbiI6IjEifQ==",
          "dependencies": [
            "aws_iam_role.main",
            "module.bmr.aws_cloudwatch_log_group.main",
            "module.bmr.aws_iam_role.service_execution_role"
          ]
        }
      ]
    },
    {
      "module": "module.bmr",
      "mode": "managed",
      "type": "aws_iam_role",
      "name": "service_execution_role",
      "provider": "provider[\"registry.terraform.io/hashicorp/aws\"]",
      "instances": [
        {
          "schema_version": 0,
          "attributes": {
            "arn": "arn:aws:iam::140023395225:role/linuxtips-ecs-cluster-nutrition-bmr-service-role",
            "assume_role_policy": "{\"Statement\":[{\"Action\":\"sts:AssumeRole\",\"Effect\":\"Allow\",\"Principal\":{\"Service\":\"ecs-tasks.amazonaws.com\"},\"Sid\":\"\"}],\"Version\":\"2012-10-17\"}",
            "create_date": "2024-11-09T13:43:24Z",
            "description": "",
            "force_detach_policies": false,
            "id": "linuxtips-ecs-cluster-nutrition-bmr-service-role",
            "inline_policy": [],
            "managed_policy_arns": [],
            "max_session_duration": 3600,
            "name": "linuxtips-ecs-cluster-nutrition-bmr-service-role",
            "name_prefix": "",
            "path": "/",
            "permissions_boundary": "",
            "tags": null,
            "tags_all": {},
            "unique_id": "AROASBGQLOOMSQ4YO3SKZ"
          },
          "sensitive_attributes": [],
          "private": "bnVsbA=="
        }
      ]
    },
    {
      "module": "module.bmr",
      "mode": "managed",
      "type": "aws_iam_role_policy",
      "name": "service_execution_role",
      "provider": "provider[\"registry.terraform.io/hashicorp/aws\"]",
      "instances": [
        {
          "schema_version": 0,
          "attributes": {
            "id": "linuxtips-ecs-cluster-nutrition-bmr-service-role:linuxtips-ecs-cluster-nutrition-bmr-service-policy",
            "name": "linuxtips-ecs-cluster-nutrition-bmr-service-policy",
            "name_prefix": "",
            "policy": "{\"Version\":\"2012-10-17\",\"Statement\":[{\"Action\":[\"elasticloadbalancing:DeregisterInstancesFromLoadBalancer\",\"elasticloadbalancing:DeregisterTargets\",\"elasticloadbalancing:Describe*\",\"elasticloadbalancing:RegisterInstancesWithLoadBalancer\",\"elasticloadbalancing:RegisterTargets\",\"ec2:Describe*\",\"ec2:AuthorizeSecurityGroupIngress\",\"ecr:GetAuthorizationToken\",\"ecr:BatchCheckLayerAvailability\",\"ecr:GetDownloadUrlForLayer\",\"ecr:BatchGetImage\",\"logs:CreateLogStream\",\"logs:PutLogEvents\",\"ssm:GetParameters\",\"secretsmanager:GetSecretValue\"],\"Effect\":\"Allow\",\"Resource\":\"*\"}]}",
            "role": "linuxtips-ecs-cluster-nutrition-bmr-service-role"
          },
          "sensitive_attributes": [],
          "private": "bnVsbA==",
          "dependencies": [
            "module.bmr.aws_iam_role.service_execution_role"
          ]
        }
      ]
    },
    {
      "module": "module.bmr",
      "mode": "managed",
      "type": "aws_security_group",
      "name": "main",
      "provider": "provider[\"registry.terraform.io/hashicorp/aws\"]",
      "instances": [
        {
          "schema_version": 1,
          "attributes": {
            "arn": "arn:aws:ec2:us-east-1:140023395225:security-group/sg-04a301f41acc77618",
            "description": "Managed by Terraform",
            "egress": [
              {
                "cidr_blocks": [
                  "0.0.0.0/0"
                ],
                "description": "",
                "from_port": 0,
                "ipv6_cidr_blocks": [],
                "prefix_list_ids": [],
                "protocol": "-1",
                "security_groups": [],
                "self": false,
                "to_port": 0
              }
            ],
            "id": "sg-04a301f41acc77618",
            "ingress": [
              {
                "cidr_blocks": [
                  "0.0.0.0/0"
                ],
                "description": "",
                "from_port": 0,
                "ipv6_cidr_blocks": [],
                "prefix_list_ids": [],
                "protocol": "tcp",
                "security_groups": [],
                "self": false,
                "to_port": 65535
              },
              {
                "cidr_blocks": [
                  "0.0.0.0/0"
                ],
                "description": "",
                "from_port": 30000,
                "ipv6_cidr_blocks": [],
                "prefix_list_ids": [],
                "protocol": "tcp",
                "security_groups": [],
                "self": false,
                "to_port": 30000
              }
            ],
            "name": "linuxtips-ecs-cluster-nutrition-bmr",
            "name_prefix": "",
            "owner_id": "140023395225",
            "revoke_rules_on_delete": false,
            "tags": null,
            "tags_all": {},
            "timeouts": null,
            "vpc_id": "vpc-0079a63c3659c593b"
          },
          "sensitive_attributes": [
            [
              {
                "type": "get_attr",
                "value": "vpc_id"
              }
            ]
          ],
          "private": "eyJlMmJmYjczMC1lY2FhLTExZTYtOGY4OC0zNDM2M2JjN2M0YzAiOnsiY3JlYXRlIjo2MDAwMDAwMDAwMDAsImRlbGV0ZSI6OTAwMDAwMDAwMDAwfSwic2NoZW1hX3ZlcnNpb24iOiIxIn0=",
          "dependencies": [
            "data.aws_ssm_parameter.vpc"
          ]
        }
      ]
    },
    {
      "module": "module.bmr",
      "mode": "managed",
      "type": "aws_service_discovery_service",
      "name": "main",
      "provider": "provider[\"registry.terraform.io/hashicorp/aws\"]",
      "instances": [
        {
          "index_key": 0,
          "schema_version": 0,
          "attributes": {
            "arn": "arn:aws:servicediscovery:us-east-1:140023395225:service/srv-puw5mqbp7vmoeihe",
            "description": "",
            "dns_config": [
              {
                "dns_records": [
                  {
                    "ttl": 10,
                    "type": "A"
                  }
                ],
                "namespace_id": "ns-fgeisworjwbr422k",
                "routing_policy": "MULTIVALUE"
              }
            ],
            "force_destroy": false,
            "health_check_config": [],
            "health_check_custom_config": [
              {
                "failure_threshold": 1
              }
            ],
            "id": "srv-puw5mqbp7vmoeihe",
            "name": "nutrition-bmr",
            "namespace_id": "ns-fgeisworjwbr422k",
            "tags": null,
            "tags_all": {},
            "type": "DNS_HTTP"
          },
          "sensitive_attributes": [
            [
              {
                "type": "get_attr",
                "value": "dns_config"
              },
              {
                "type": "index",
                "value": {
                  "value": 0,
                  "type": "number"
                }
              },
              {
                "type": "get_attr",
                "value": "namespace_id"
              }
            ]
          ],
          "private": "bnVsbA==",
          "dependencies": [
            "data.aws_ssm_parameter.service_discovery_namespace"
          ]
        }
      ]
    },
    {
      "module": "module.calories",
      "mode": "data",
      "type": "aws_alb",
      "name": "main",
      "provider": "provider[\"registry.terraform.io/hashicorp/aws\"]",
      "instances": [
        {
          "schema_version": 0,
          "attributes": {
            "access_logs": [
              {
                "bucket": "",
                "enabled": false,
                "prefix": ""
              }
            ],
            "arn": "arn:aws:elasticloadbalancing:us-east-1:140023395225:loadbalancer/app/linuxtips-ecs-cluster-internal/d71ffe1c2e9b64f1",
            "arn_suffix": "app/linuxtips-ecs-cluster-internal/d71ffe1c2e9b64f1",
            "client_keep_alive": 3600,
            "connection_logs": [
              {
                "bucket": "",
                "enabled": false,
                "prefix": ""
              }
            ],
            "customer_owned_ipv4_pool": "",
            "desync_mitigation_mode": "defensive",
            "dns_name": "internal-linuxtips-ecs-cluster-internal-508168171.us-east-1.elb.amazonaws.com",
            "dns_record_client_routing_policy": null,
            "drop_invalid_header_fields": false,
            "enable_cross_zone_load_balancing": true,
            "enable_deletion_protection": false,
            "enable_http2": true,
            "enable_tls_version_and_cipher_suite_headers": false,
            "enable_waf_fail_open": false,
            "enable_xff_client_port": false,
            "enable_zonal_shift": null,
            "enforce_security_group_inbound_rules_on_private_link_traffic": "",
            "id": "arn:aws:elasticloadbalancing:us-east-1:140023395225:loadbalancer/app/linuxtips-ecs-cluster-internal/d71ffe1c2e9b64f1",
            "idle_timeout": 60,
            "internal": true,
            "ip_address_type": "ipv4",
            "load_balancer_type": "application",
            "name": "linuxtips-ecs-cluster-internal",
            "preserve_host_header": false,
            "security_groups": [
              "sg-02e941a6098c78847"
            ],
            "subnet_mapping": [
              {
                "allocation_id": "",
                "ipv6_address": "",
                "outpost_id": "",
                "private_ipv4_address": "",
                "subnet_id": "subnet-08f2debe499751a08"
              },
              {
                "allocation_id": "",
                "ipv6_address": "",
                "outpost_id": "",
                "private_ipv4_address": "",
                "subnet_id": "subnet-0a38752b933399838"
              },
              {
                "allocation_id": "",
                "ipv6_address": "",
                "outpost_id": "",
                "private_ipv4_address": "",
                "subnet_id": "subnet-0f9d16dbdf4c5134f"
              }
            ],
            "subnets": [
              "subnet-08f2debe499751a08",
              "subnet-0a38752b933399838",
              "subnet-0f9d16dbdf4c5134f"
            ],
            "tags": {},
            "timeouts": null,
            "vpc_id": "vpc-0079a63c3659c593b",
            "xff_header_processing_mode": "append",
            "zone_id": "Z35SXDOTRQ7X7K"
          },
          "sensitive_attributes": [
            [
              {
                "type": "get_attr",
                "value": "arn"
              }
            ]
          ]
        }
      ]
    },
    {
      "module": "module.calories",
      "mode": "managed",
      "type": "aws_alb_listener_rule",
      "name": "main",
      "provider": "provider[\"registry.terraform.io/hashicorp/aws\"]",
      "instances": [
        {
          "schema_version": 0,
          "attributes": {
            "action": [
              {
                "authenticate_cognito": [],
                "authenticate_oidc": [],
                "fixed_response": [],
                "forward": [],
                "order": 1,
                "redirect": [],
                "target_group_arn": "arn:aws:elasticloadbalancing:us-east-1:140023395225:targetgroup/500f8c4aaa8cbcfc122786e70746402b/dad2851e8c68d762",
                "type": "forward"
              }
            ],
            "arn": "arn:aws:elasticloadbalancing:us-east-1:140023395225:listener-rule/app/linuxtips-ecs-cluster-internal/d71ffe1c2e9b64f1/c742af64abc41e40/2091bce581676927",
            "condition": [
              {
                "host_header": [
                  {
                    "values": [
                      "calories.linuxtips-ecs-cluster.internal.com"
                    ]
                  }
                ],
                "http_header": [],
                "http_request_method": [],
                "path_pattern": [],
                "query_string": [],
                "source_ip": []
              }
            ],
            "id": "arn:aws:elasticloadbalancing:us-east-1:140023395225:listener-rule/app/linuxtips-ecs-cluster-internal/d71ffe1c2e9b64f1/c742af64abc41e40/2091bce581676927",
            "listener_arn": "arn:aws:elasticloadbalancing:us-east-1:140023395225:listener/app/linuxtips-ecs-cluster-internal/d71ffe1c2e9b64f1/c742af64abc41e40",
            "priority": 3,
            "tags": null,
            "tags_all": {}
          },
          "sensitive_attributes": [
            [
              {
                "type": "get_attr",
                "value": "listener_arn"
              }
            ]
          ],
          "private": "bnVsbA==",
          "dependencies": [
            "data.aws_ssm_parameter.listener_internal",
            "data.aws_ssm_parameter.vpc",
            "module.calories.aws_alb_target_group.main"
          ]
        }
      ]
    },
    {
      "module": "module.calories",
      "mode": "managed",
      "type": "aws_alb_target_group",
      "name": "main",
      "provider": "provider[\"registry.terraform.io/hashicorp/aws\"]",
      "instances": [
        {
          "schema_version": 0,
          "attributes": {
            "arn": "arn:aws:elasticloadbalancing:us-east-1:140023395225:targetgroup/500f8c4aaa8cbcfc122786e70746402b/dad2851e8c68d762",
            "arn_suffix": "targetgroup/500f8c4aaa8cbcfc122786e70746402b/dad2851e8c68d762",
            "connection_termination": null,
            "deregistration_delay": "300",
            "health_check": [
              {
                "enabled": true,
                "healthy_threshold": 3,
                "interval": 60,
                "matcher": "200-399",
                "path": "/healthz",
                "port": "8080",
                "protocol": "HTTP",
                "timeout": 10,
                "unhealthy_threshold": 10
              }
            ],
            "id": "arn:aws:elasticloadbalancing:us-east-1:140023395225:targetgroup/500f8c4aaa8cbcfc122786e70746402b/dad2851e8c68d762",
            "ip_address_type": "ipv4",
            "lambda_multi_value_headers_enabled": false,
            "load_balancer_arns": [],
            "load_balancing_algorithm_type": "round_robin",
            "load_balancing_anomaly_mitigation": "off",
            "load_balancing_cross_zone_enabled": "use_load_balancer_configuration",
            "name": "500f8c4aaa8cbcfc122786e70746402b",
            "name_prefix": "500f8c",
            "port": 30000,
            "preserve_client_ip": null,
            "protocol": "HTTP",
            "protocol_version": "HTTP1",
            "proxy_protocol_v2": false,
            "slow_start": 0,
            "stickiness": [
              {
                "cookie_duration": 86400,
                "cookie_name": "",
                "enabled": false,
                "type": "lb_cookie"
              }
            ],
            "tags": null,
            "tags_all": {},
            "target_failover": [
              {
                "on_deregistration": null,
                "on_unhealthy": null
              }
            ],
            "target_group_health": [
              {
                "dns_failover": [
                  {
                    "minimum_healthy_targets_count": "1",
                    "minimum_healthy_targets_percentage": "off"
                  }
                ],
                "unhealthy_state_routing": [
                  {
                    "minimum_healthy_targets_count": 1,
                    "minimum_healthy_targets_percentage": "off"
                  }
                ]
              }
            ],
            "target_health_state": [
              {
                "enable_unhealthy_connection_termination": null,
                "unhealthy_draining_interval": null
              }
            ],
            "target_type": "ip",
            "vpc_id": "vpc-0079a63c3659c593b"
          },
          "sensitive_attributes": [
            [
              {
                "type": "get_attr",
                "value": "vpc_id"
              }
            ]
          ],
          "private": "bnVsbA==",
          "dependencies": [
            "data.aws_ssm_parameter.vpc"
          ]
        }
      ]
    },
    {
      "module": "module.calories",
      "mode": "managed",
      "type": "aws_appautoscaling_target",
      "name": "main",
      "provider": "provider[\"registry.terraform.io/hashicorp/aws\"]",
      "instances": [
        {
          "schema_version": 0,
          "attributes": {
            "arn": "arn:aws:application-autoscaling:us-east-1:140023395225:scalable-target/0ec573860489edc1420b816b773c09a7eb78",
            "id": "service/linuxtips-ecs-cluster/nutrition-calories",
            "max_capacity": 3,
            "min_capacity": 1,
            "resource_id": "service/linuxtips-ecs-cluster/nutrition-calories",
            "role_arn": "arn:aws:iam::140023395225:role/aws-service-role/ecs.application-autoscaling.amazonaws.com/AWSServiceRoleForApplicationAutoScaling_ECSService",
            "scalable_dimension": "ecs:service:DesiredCount",
            "service_namespace": "ecs",
            "suspended_state": [
              {
                "dynamic_scaling_in_suspended": false,
                "dynamic_scaling_out_suspended": false,
                "scheduled_scaling_suspended": false
              }
            ],
            "tags": null,
            "tags_all": {}
          },
          "sensitive_attributes": [],
          "private": "bnVsbA==",
          "dependencies": [
            "aws_iam_role.main",
            "data.aws_ssm_parameter.private_subnet_1",
            "data.aws_ssm_parameter.private_subnet_2",
            "data.aws_ssm_parameter.private_subnet_3",
            "data.aws_ssm_parameter.service_connect_name",
            "data.aws_ssm_parameter.service_discovery_namespace",
            "data.aws_ssm_parameter.vpc",
            "module.calories.aws_alb_target_group.main",
            "module.calories.aws_cloudwatch_log_group.main",
            "module.calories.aws_ecs_service.main",
            "module.calories.aws_ecs_task_definition.main",
            "module.calories.aws_iam_role.service_execution_role",
            "module.calories.aws_security_group.main",
            "module.calories.aws_service_discovery_service.main"
          ]
        }
      ]
    },
    {
      "module": "module.calories",
      "mode": "managed",
      "type": "aws_cloudwatch_log_group",
      "name": "main",
      "provider": "provider[\"registry.terraform.io/hashicorp/aws\"]",
      "instances": [
        {
          "schema_version": 0,
          "attributes": {
            "arn": "arn:aws:logs:us-east-1:140023395225:log-group:linuxtips-ecs-cluster/nutrition-calories/logs",
            "id": "linuxtips-ecs-cluster/nutrition-calories/logs",
            "kms_key_id": "",
            "log_group_class": "STANDARD",
            "name": "linuxtips-ecs-cluster/nutrition-calories/logs",
            "name_prefix": "",
            "retention_in_days": 0,
            "skip_destroy": false,
            "tags": null,
            "tags_all": {}
          },
          "sensitive_attributes": [],
          "private": "bnVsbA=="
        }
      ]
    },
    {
      "module": "module.calories",
      "mode": "managed",
      "type": "aws_ecs_service",
      "name": "main",
      "provider": "provider[\"registry.terraform.io/hashicorp/aws\"]",
      "instances": [
        {
          "schema_version": 1,
          "attributes": {
            "alarms": [],
            "capacity_provider_strategy": [
              {
                "base": null,
                "capacity_provider": "FARGATE_SPOT",
                "weight": 100
              }
            ],
            "cluster": "linuxtips-ecs-cluster",
            "deployment_circuit_breaker": [
              {
                "enable": true,
                "rollback": true
              }
            ],
            "deployment_controller": [
              {
                "type": "ECS"
              }
            ],
            "deployment_maximum_percent": 200,
            "deployment_minimum_healthy_percent": 100,
            "desired_count": 1,
            "enable_ecs_managed_tags": false,
            "enable_execute_command": false,
            "force_delete": null,
            "force_new_deployment": null,
            "health_check_grace_period_seconds": 0,
            "iam_role": "/aws-service-role/ecs.amazonaws.com/AWSServiceRoleForECS",
            "id": "arn:aws:ecs:us-east-1:140023395225:service/linuxtips-ecs-cluster/nutrition-calories",
            "launch_type": "",
            "load_balancer": [
              {
                "container_name": "nutrition-calories",
                "container_port": 30000,
                "elb_name": "",
                "target_group_arn": "arn:aws:elasticloadbalancing:us-east-1:140023395225:targetgroup/500f8c4aaa8cbcfc122786e70746402b/dad2851e8c68d762"
              }
            ],
            "name": "nutrition-calories",
            "network_configuration": [
              {
                "assign_public_ip": false,
                "security_groups": [
                  "sg-0c6baf6a4dee50c89"
                ],
                "subnets": [
                  "subnet-08f2debe499751a08",
                  "subnet-0a38752b933399838",
                  "subnet-0f9d16dbdf4c5134f"
                ]
              }
            ],
            "ordered_placement_strategy": [],
            "placement_constraints": [],
            "platform_version": "LATEST",
            "propagate_tags": "NONE",
            "scheduling_strategy": "REPLICA",
            "service_connect_configuration": [
              {
                "enabled": true,
                "log_configuration": [],
                "namespace": "linuxtips-ecs-cluster.local",
                "service": [
                  {
                    "client_alias": [
                      {
                        "dns_name": "nutrition-calories.linuxtips-ecs-cluster.local",
                        "port": 30000
                      }
                    ],
                    "discovery_name": "nutrition-calories",
                    "ingress_port_override": 0,
                    "port_name": "nutrition-calories",
                    "timeout": [],
                    "tls": []
                  }
                ]
              }
            ],
            "service_registries": [
              {
                "container_name": "nutrition-calories",
                "container_port": 0,
                "port": 0,
                "registry_arn": "arn:aws:servicediscovery:us-east-1:140023395225:service/srv-pbugum6pzynxitct"
              }
            ],
            "tags": null,
            "tags_all": {},
            "task_definition": "arn:aws:ecs:us-east-1:140023395225:task-definition/linuxtips-ecs-cluster-nutrition-calories:3",
            "timeouts": null,
            "triggers": {},
            "volume_configuration": [],
            "wait_for_steady_state": false
          },
          "sensitive_attributes": [
            [
              {
                "type": "get_attr",
                "value": "service_connect_configuration"
              },
              {
                "type": "index",
                "value": {
                  "value": 0,
                  "type": "number"
                }
              },
              {
                "type": "get_attr",
                "value": "namespace"
              }
            ],
            [
              {
                "type": "get_attr",
                "value": "service_connect_configuration"
              },
              {
                "type": "index",
                "value": {
                  "value": 0,
                  "type": "number"
                }
              },
              {
                "type": "get_attr",
                "value": "service"
              },
              {
                "type": "index",
                "value": {
                  "value": 0,
                  "type": "number"
                }
              },
              {
                "type": "get_attr",
                "value": "client_alias"
              },
              {
                "type": "index",
                "value": {
                  "value": 0,
                  "type": "number"
                }
              },
              {
                "type": "get_attr",
                "value": "dns_name"
              }
            ],
            [
              {
                "type": "get_attr",
                "value": "network_configuration"
              },
              {
                "type": "index",
                "value": {
                  "value": 0,
                  "type": "number"
                }
              },
              {
                "type": "get_attr",
                "value": "subnets"
              }
            ]
          ],
          "private": "eyJlMmJmYjczMC1lY2FhLTExZTYtOGY4OC0zNDM2M2JjN2M0YzAiOnsiY3JlYXRlIjoxMjAwMDAwMDAwMDAwLCJkZWxldGUiOjEyMDAwMDAwMDAwMDAsInVwZGF0ZSI6MTIwMDAwMDAwMDAwMH0sInNjaGVtYV92ZXJzaW9uIjoiMSJ9",
          "dependencies": [
            "aws_iam_role.main",
            "data.aws_ssm_parameter.private_subnet_1",
            "data.aws_ssm_parameter.private_subnet_2",
            "data.aws_ssm_parameter.private_subnet_3",
            "data.aws_ssm_parameter.service_connect_name",
            "data.aws_ssm_parameter.service_discovery_namespace",
            "data.aws_ssm_parameter.vpc",
            "module.calories.aws_alb_target_group.main",
            "module.calories.aws_cloudwatch_log_group.main",
            "module.calories.aws_ecs_task_definition.main",
            "module.calories.aws_iam_role.service_execution_role",
            "module.calories.aws_security_group.main",
            "module.calories.aws_service_discovery_service.main"
          ]
        }
      ]
    },
    {
      "module": "module.calories",
      "mode": "managed",
      "type": "aws_ecs_task_definition",
      "name": "main",
      "provider": "provider[\"registry.terraform.io/hashicorp/aws\"]",
      "instances": [
        {
          "schema_version": 1,
          "attributes": {
            "arn": "arn:aws:ecs:us-east-1:140023395225:task-definition/linuxtips-ecs-cluster-nutrition-calories:3",
            "arn_without_revision": "arn:aws:ecs:us-east-1:140023395225:task-definition/linuxtips-ecs-cluster-nutrition-calories",
            "container_definitions": "[{\"cpu\":256,\"environment\":[{\"name\":\"ZIPKIN_COLLECTOR_ENDPOINT\",\"value\":\"http://jaeger-collector.linuxtips-ecs-cluster.internal.com:80\"}],\"essential\":true,\"image\":\"fidelissauro/calories-grpc-service:latest\",\"logConfiguration\":{\"logDriver\":\"awslogs\",\"options\":{\"awslogs-stream-prefix\":\"nutrition-calories\",\"awslogs-group\":\"linuxtips-ecs-cluster/nutrition-calories/logs\",\"awslogs-region\":\"us-east-1\"}},\"memory\":512,\"mountPoints\":[],\"name\":\"nutrition-calories\",\"portMappings\":[{\"appProtocol\":\"grpc\",\"containerPort\":30000,\"hostPort\":30000,\"name\":\"nutrition-calories\",\"protocol\":\"tcp\"}],\"secrets\":[],\"systemControls\":[],\"volumesFrom\":[]}]",
            "cpu": "256",
            "ephemeral_storage": [],
            "execution_role_arn": "arn:aws:iam::140023395225:role/linuxtips-ecs-cluster-nutrition-calories-service-role",
            "family": "linuxtips-ecs-cluster-nutrition-calories",
            "id": "linuxtips-ecs-cluster-nutrition-calories",
            "inference_accelerator": [],
            "ipc_mode": "",
            "memory": "512",
            "network_mode": "awsvpc",
            "pid_mode": "",
            "placement_constraints": [],
            "proxy_configuration": [],
            "requires_compatibilities": null,
            "revision": 3,
            "runtime_platform": [],
            "skip_destroy": false,
            "tags": null,
            "tags_all": {},
            "task_role_arn": "arn:aws:iam::140023395225:role/nutrition-role",
            "track_latest": false,
            "volume": []
          },
          "sensitive_attributes": [],
          "private": "eyJzY2hlbWFfdmVyc2lvbiI6IjEifQ==",
          "dependencies": [
            "aws_iam_role.main",
            "module.calories.aws_cloudwatch_log_group.main",
            "module.calories.aws_iam_role.service_execution_role"
          ]
        }
      ]
    },
    {
      "module": "module.calories",
      "mode": "managed",
      "type": "aws_iam_role",
      "name": "service_execution_role",
      "provider": "provider[\"registry.terraform.io/hashicorp/aws\"]",
      "instances": [
        {
          "schema_version": 0,
          "attributes": {
            "arn": "arn:aws:iam::140023395225:role/linuxtips-ecs-cluster-nutrition-calories-service-role",
            "assume_role_policy": "{\"Statement\":[{\"Action\":\"sts:AssumeRole\",\"Effect\":\"Allow\",\"Principal\":{\"Service\":\"ecs-tasks.amazonaws.com\"},\"Sid\":\"\"}],\"Version\":\"2012-10-17\"}",
            "create_date": "2024-11-09T13:43:23Z",
            "description": "",
            "force_detach_policies": false,
            "id": "linuxtips-ecs-cluster-nutrition-calories-service-role",
            "inline_policy": [],
            "managed_policy_arns": [],
            "max_session_duration": 3600,
            "name": "linuxtips-ecs-cluster-nutrition-calories-service-role",
            "name_prefix": "",
            "path": "/",
            "permissions_boundary": "",
            "tags": null,
            "tags_all": {},
            "unique_id": "AROASBGQLOOMY6NX36C74"
          },
          "sensitive_attributes": [],
          "private": "bnVsbA=="
        }
      ]
    },
    {
      "module": "module.calories",
      "mode": "managed",
      "type": "aws_iam_role_policy",
      "name": "service_execution_role",
      "provider": "provider[\"registry.terraform.io/hashicorp/aws\"]",
      "instances": [
        {
          "schema_version": 0,
          "attributes": {
            "id": "linuxtips-ecs-cluster-nutrition-calories-service-role:linuxtips-ecs-cluster-nutrition-calories-service-policy",
            "name": "linuxtips-ecs-cluster-nutrition-calories-service-policy",
            "name_prefix": "",
            "policy": "{\"Version\":\"2012-10-17\",\"Statement\":[{\"Action\":[\"elasticloadbalancing:DeregisterInstancesFromLoadBalancer\",\"elasticloadbalancing:DeregisterTargets\",\"elasticloadbalancing:Describe*\",\"elasticloadbalancing:RegisterInstancesWithLoadBalancer\",\"elasticloadbalancing:RegisterTargets\",\"ec2:Describe*\",\"ec2:AuthorizeSecurityGroupIngress\",\"ecr:GetAuthorizationToken\",\"ecr:BatchCheckLayerAvailability\",\"ecr:GetDownloadUrlForLayer\",\"ecr:BatchGetImage\",\"logs:CreateLogStream\",\"logs:PutLogEvents\",\"ssm:GetParameters\",\"secretsmanager:GetSecretValue\"],\"Effect\":\"Allow\",\"Resource\":\"*\"}]}",
            "role": "linuxtips-ecs-cluster-nutrition-calories-service-role"
          },
          "sensitive_attributes": [],
          "private": "bnVsbA==",
          "dependencies": [
            "module.calories.aws_iam_role.service_execution_role"
          ]
        }
      ]
    },
    {
      "module": "module.calories",
      "mode": "managed",
      "type": "aws_security_group",
      "name": "main",
      "provider": "provider[\"registry.terraform.io/hashicorp/aws\"]",
      "instances": [
        {
          "schema_version": 1,
          "attributes": {
            "arn": "arn:aws:ec2:us-east-1:140023395225:security-group/sg-0c6baf6a4dee50c89",
            "description": "Managed by Terraform",
            "egress": [
              {
                "cidr_blocks": [
                  "0.0.0.0/0"
                ],
                "description": "",
                "from_port": 0,
                "ipv6_cidr_blocks": [],
                "prefix_list_ids": [],
                "protocol": "-1",
                "security_groups": [],
                "self": false,
                "to_port": 0
              }
            ],
            "id": "sg-0c6baf6a4dee50c89",
            "ingress": [
              {
                "cidr_blocks": [
                  "0.0.0.0/0"
                ],
                "description": "",
                "from_port": 0,
                "ipv6_cidr_blocks": [],
                "prefix_list_ids": [],
                "protocol": "tcp",
                "security_groups": [],
                "self": false,
                "to_port": 65535
              },
              {
                "cidr_blocks": [
                  "0.0.0.0/0"
                ],
                "description": "",
                "from_port": 30000,
                "ipv6_cidr_blocks": [],
                "prefix_list_ids": [],
                "protocol": "tcp",
                "security_groups": [],
                "self": false,
                "to_port": 30000
              }
            ],
            "name": "linuxtips-ecs-cluster-nutrition-calories",
            "name_prefix": "",
            "owner_id": "140023395225",
            "revoke_rules_on_delete": false,
            "tags": null,
            "tags_all": {},
            "timeouts": null,
            "vpc_id": "vpc-0079a63c3659c593b"
          },
          "sensitive_attributes": [
            [
              {
                "type": "get_attr",
                "value": "vpc_id"
              }
            ]
          ],
          "private": "eyJlMmJmYjczMC1lY2FhLTExZTYtOGY4OC0zNDM2M2JjN2M0YzAiOnsiY3JlYXRlIjo2MDAwMDAwMDAwMDAsImRlbGV0ZSI6OTAwMDAwMDAwMDAwfSwic2NoZW1hX3ZlcnNpb24iOiIxIn0=",
          "dependencies": [
            "data.aws_ssm_parameter.vpc"
          ]
        }
      ]
    },
    {
      "module": "module.calories",
      "mode": "managed",
      "type": "aws_service_discovery_service",
      "name": "main",
      "provider": "provider[\"registry.terraform.io/hashicorp/aws\"]",
      "instances": [
        {
          "index_key": 0,
          "schema_version": 0,
          "attributes": {
            "arn": "arn:aws:servicediscovery:us-east-1:140023395225:service/srv-pbugum6pzynxitct",
            "description": "",
            "dns_config": [
              {
                "dns_records": [
                  {
                    "ttl": 10,
                    "type": "A"
                  }
                ],
                "namespace_id": "ns-fgeisworjwbr422k",
                "routing_policy": "MULTIVALUE"
              }
            ],
            "force_destroy": false,
            "health_check_config": [],
            "health_check_custom_config": [
              {
                "failure_threshold": 1
              }
            ],
            "id": "srv-pbugum6pzynxitct",
            "name": "nutrition-calories",
            "namespace_id": "ns-fgeisworjwbr422k",
            "tags": null,
            "tags_all": {},
            "type": "DNS_HTTP"
          },
          "sensitive_attributes": [
            [
              {
                "type": "get_attr",
                "value": "dns_config"
              },
              {
                "type": "index",
                "value": {
                  "value": 0,
                  "type": "number"
                }
              },
              {
                "type": "get_attr",
                "value": "namespace_id"
              }
            ]
          ],
          "private": "bnVsbA==",
          "dependencies": [
            "data.aws_ssm_parameter.service_discovery_namespace"
          ]
        }
      ]
    },
    {
      "module": "module.health_api",
      "mode": "data",
      "type": "aws_alb",
      "name": "main",
      "provider": "provider[\"registry.terraform.io/hashicorp/aws\"]",
      "instances": [
        {
          "schema_version": 0,
          "attributes": {
            "access_logs": [
              {
                "bucket": "",
                "enabled": false,
                "prefix": ""
              }
            ],
            "arn": "arn:aws:elasticloadbalancing:us-east-1:140023395225:loadbalancer/app/linuxtips-ecs-cluster-ingress/bff8998db8598c76",
            "arn_suffix": "app/linuxtips-ecs-cluster-ingress/bff8998db8598c76",
            "client_keep_alive": 3600,
            "connection_logs": [
              {
                "bucket": "",
                "enabled": false,
                "prefix": ""
              }
            ],
            "customer_owned_ipv4_pool": "",
            "desync_mitigation_mode": "defensive",
            "dns_name": "linuxtips-ecs-cluster-ingress-760941443.us-east-1.elb.amazonaws.com",
            "dns_record_client_routing_policy": null,
            "drop_invalid_header_fields": false,
            "enable_cross_zone_load_balancing": true,
            "enable_deletion_protection": false,
            "enable_http2": true,
            "enable_tls_version_and_cipher_suite_headers": false,
            "enable_waf_fail_open": false,
            "enable_xff_client_port": false,
            "enable_zonal_shift": null,
            "enforce_security_group_inbound_rules_on_private_link_traffic": "",
            "id": "arn:aws:elasticloadbalancing:us-east-1:140023395225:loadbalancer/app/linuxtips-ecs-cluster-ingress/bff8998db8598c76",
            "idle_timeout": 60,
            "internal": false,
            "ip_address_type": "ipv4",
            "load_balancer_type": "application",
            "name": "linuxtips-ecs-cluster-ingress",
            "preserve_host_header": false,
            "security_groups": [
              "sg-09dd33949ddb14b80"
            ],
            "subnet_mapping": [
              {
                "allocation_id": "",
                "ipv6_address": "",
                "outpost_id": "",
                "private_ipv4_address": "",
                "subnet_id": "subnet-0195cdb098e3c9446"
              },
              {
                "allocation_id": "",
                "ipv6_address": "",
                "outpost_id": "",
                "private_ipv4_address": "",
                "subnet_id": "subnet-0bcb676b5ab6e96f7"
              },
              {
                "allocation_id": "",
                "ipv6_address": "",
                "outpost_id": "",
                "private_ipv4_address": "",
                "subnet_id": "subnet-0d37fa9221095e382"
              }
            ],
            "subnets": [
              "subnet-0195cdb098e3c9446",
              "subnet-0bcb676b5ab6e96f7",
              "subnet-0d37fa9221095e382"
            ],
            "tags": {},
            "timeouts": null,
            "vpc_id": "vpc-0079a63c3659c593b",
            "xff_header_processing_mode": "append",
            "zone_id": "Z35SXDOTRQ7X7K"
          },
          "sensitive_attributes": [
            [
              {
                "type": "get_attr",
                "value": "arn"
              }
            ]
          ]
        }
      ]
    },
    {
      "module": "module.health_api",
      "mode": "managed",
      "type": "aws_alb_listener_rule",
      "name": "main",
      "provider": "provider[\"registry.terraform.io/hashicorp/aws\"]",
      "instances": [
        {
          "schema_version": 0,
          "attributes": {
            "action": [
              {
                "authenticate_cognito": [],
                "authenticate_oidc": [],
                "fixed_response": [],
                "forward": [],
                "order": 1,
                "redirect": [],
                "target_group_arn": "arn:aws:elasticloadbalancing:us-east-1:140023395225:targetgroup/c41a254d3f112d69cd640000f891bd61/6d983d75393c2237",
                "type": "forward"
              }
            ],
            "arn": "arn:aws:elasticloadbalancing:us-east-1:140023395225:listener-rule/app/linuxtips-ecs-cluster-ingress/bff8998db8598c76/b51289923add9ca1/bec7335b013d5c56",
            "condition": [
              {
                "host_header": [
                  {
                    "values": [
                      "health.linuxtips.demo"
                    ]
                  }
                ],
                "http_header": [],
                "http_request_method": [],
                "path_pattern": [],
                "query_string": [],
                "source_ip": []
              }
            ],
            "id": "arn:aws:elasticloadbalancing:us-east-1:140023395225:listener-rule/app/linuxtips-ecs-cluster-ingress/bff8998db8598c76/b51289923add9ca1/bec7335b013d5c56",
            "listener_arn": "arn:aws:elasticloadbalancing:us-east-1:140023395225:listener/app/linuxtips-ecs-cluster-ingress/bff8998db8598c76/b51289923add9ca1",
            "priority": 1,
            "tags": null,
            "tags_all": {}
          },
          "sensitive_attributes": [
            [
              {
                "type": "get_attr",
                "value": "listener_arn"
              }
            ]
          ],
          "private": "bnVsbA==",
          "dependencies": [
            "data.aws_ssm_parameter.listener",
            "data.aws_ssm_parameter.vpc",
            "module.health_api.aws_alb_target_group.main"
          ]
        }
      ]
    },
    {
      "module": "module.health_api",
      "mode": "managed",
      "type": "aws_alb_target_group",
      "name": "main",
      "provider": "provider[\"registry.terraform.io/hashicorp/aws\"]",
      "instances": [
        {
          "schema_version": 0,
          "attributes": {
            "arn": "arn:aws:elasticloadbalancing:us-east-1:140023395225:targetgroup/c41a254d3f112d69cd640000f891bd61/6d983d75393c2237",
            "arn_suffix": "targetgroup/c41a254d3f112d69cd640000f891bd61/6d983d75393c2237",
            "connection_termination": null,
            "deregistration_delay": "300",
            "health_check": [
              {
                "enabled": true,
                "healthy_threshold": 3,
                "interval": 60,
                "matcher": "200-399",
                "path": "/healthcheck",
                "port": "8080",
                "protocol": "HTTP",
                "timeout": 10,
                "unhealthy_threshold": 10
              }
            ],
            "id": "arn:aws:elasticloadbalancing:us-east-1:140023395225:targetgroup/c41a254d3f112d69cd640000f891bd61/6d983d75393c2237",
            "ip_address_type": "ipv4",
            "lambda_multi_value_headers_enabled": false,
            "load_balancer_arns": [],
            "load_balancing_algorithm_type": "round_robin",
            "load_balancing_anomaly_mitigation": "off",
            "load_balancing_cross_zone_enabled": "use_load_balancer_configuration",
            "name": "c41a254d3f112d69cd640000f891bd61",
            "name_prefix": "c41a25",
            "port": 8080,
            "preserve_client_ip": null,
            "protocol": "HTTP",
            "protocol_version": "HTTP1",
            "proxy_protocol_v2": false,
            "slow_start": 0,
            "stickiness": [
              {
                "cookie_duration": 86400,
                "cookie_name": "",
                "enabled": false,
                "type": "lb_cookie"
              }
            ],
            "tags": null,
            "tags_all": {},
            "target_failover": [
              {
                "on_deregistration": null,
                "on_unhealthy": null
              }
            ],
            "target_group_health": [
              {
                "dns_failover": [
                  {
                    "minimum_healthy_targets_count": "1",
                    "minimum_healthy_targets_percentage": "off"
                  }
                ],
                "unhealthy_state_routing": [
                  {
                    "minimum_healthy_targets_count": 1,
                    "minimum_healthy_targets_percentage": "off"
                  }
                ]
              }
            ],
            "target_health_state": [
              {
                "enable_unhealthy_connection_termination": null,
                "unhealthy_draining_interval": null
              }
            ],
            "target_type": "ip",
            "vpc_id": "vpc-0079a63c3659c593b"
          },
          "sensitive_attributes": [
            [
              {
                "type": "get_attr",
                "value": "vpc_id"
              }
            ]
          ],
          "private": "bnVsbA==",
          "dependencies": [
            "data.aws_ssm_parameter.vpc"
          ]
        }
      ]
    },
    {
      "module": "module.health_api",
      "mode": "managed",
      "type": "aws_appautoscaling_target",
      "name": "main",
      "provider": "provider[\"registry.terraform.io/hashicorp/aws\"]",
      "instances": [
        {
          "schema_version": 0,
          "attributes": {
            "arn": "arn:aws:application-autoscaling:us-east-1:140023395225:scalable-target/0ec56407750697f843f69a2688d1df239596",
            "id": "service/linuxtips-ecs-cluster/nutrition-health-api",
            "max_capacity": 3,
            "min_capacity": 1,
            "resource_id": "service/linuxtips-ecs-cluster/nutrition-health-api",
            "role_arn": "arn:aws:iam::140023395225:role/aws-service-role/ecs.application-autoscaling.amazonaws.com/AWSServiceRoleForApplicationAutoScaling_ECSService",
            "scalable_dimension": "ecs:service:DesiredCount",
            "service_namespace": "ecs",
            "suspended_state": [
              {
                "dynamic_scaling_in_suspended": false,
                "dynamic_scaling_out_suspended": false,
                "scheduled_scaling_suspended": false
              }
            ],
            "tags": null,
            "tags_all": {}
          },
          "sensitive_attributes": [],
          "private": "bnVsbA==",
          "dependencies": [
            "aws_iam_role.main",
            "data.aws_ssm_parameter.private_subnet_1",
            "data.aws_ssm_parameter.private_subnet_2",
            "data.aws_ssm_parameter.private_subnet_3",
            "data.aws_ssm_parameter.service_connect_name",
            "data.aws_ssm_parameter.service_discovery_namespace",
            "data.aws_ssm_parameter.vpc",
            "module.health_api.aws_alb_target_group.main",
            "module.health_api.aws_cloudwatch_log_group.main",
            "module.health_api.aws_ecs_service.main",
            "module.health_api.aws_ecs_task_definition.main",
            "module.health_api.aws_iam_role.service_execution_role",
            "module.health_api.aws_security_group.main",
            "module.health_api.aws_service_discovery_service.main"
          ]
        }
      ]
    },
    {
      "module": "module.health_api",
      "mode": "managed",
      "type": "aws_cloudwatch_log_group",
      "name": "main",
      "provider": "provider[\"registry.terraform.io/hashicorp/aws\"]",
      "instances": [
        {
          "schema_version": 0,
          "attributes": {
            "arn": "arn:aws:logs:us-east-1:140023395225:log-group:linuxtips-ecs-cluster/nutrition-health-api/logs",
            "id": "linuxtips-ecs-cluster/nutrition-health-api/logs",
            "kms_key_id": "",
            "log_group_class": "STANDARD",
            "name": "linuxtips-ecs-cluster/nutrition-health-api/logs",
            "name_prefix": "",
            "retention_in_days": 0,
            "skip_destroy": false,
            "tags": null,
            "tags_all": {}
          },
          "sensitive_attributes": [],
          "private": "bnVsbA=="
        }
      ]
    },
    {
      "module": "module.health_api",
      "mode": "managed",
      "type": "aws_ecs_service",
      "name": "main",
      "provider": "provider[\"registry.terraform.io/hashicorp/aws\"]",
      "instances": [
        {
          "schema_version": 1,
          "attributes": {
            "alarms": [],
            "capacity_provider_strategy": [
              {
                "base": null,
                "capacity_provider": "FARGATE_SPOT",
                "weight": 100
              }
            ],
            "cluster": "linuxtips-ecs-cluster",
            "deployment_circuit_breaker": [
              {
                "enable": true,
                "rollback": true
              }
            ],
            "deployment_controller": [
              {
                "type": "ECS"
              }
            ],
            "deployment_maximum_percent": 200,
            "deployment_minimum_healthy_percent": 100,
            "desired_count": 1,
            "enable_ecs_managed_tags": false,
            "enable_execute_command": false,
            "force_delete": null,
            "force_new_deployment": null,
            "health_check_grace_period_seconds": 0,
            "iam_role": "/aws-service-role/ecs.amazonaws.com/AWSServiceRoleForECS",
            "id": "arn:aws:ecs:us-east-1:140023395225:service/linuxtips-ecs-cluster/nutrition-health-api",
            "launch_type": "",
            "load_balancer": [
              {
                "container_name": "nutrition-health-api",
                "container_port": 8080,
                "elb_name": "",
                "target_group_arn": "arn:aws:elasticloadbalancing:us-east-1:140023395225:targetgroup/c41a254d3f112d69cd640000f891bd61/6d983d75393c2237"
              }
            ],
            "name": "nutrition-health-api",
            "network_configuration": [
              {
                "assign_public_ip": false,
                "security_groups": [
                  "sg-0d2b6181193cc1d07"
                ],
                "subnets": [
                  "subnet-08f2debe499751a08",
                  "subnet-0a38752b933399838",
                  "subnet-0f9d16dbdf4c5134f"
                ]
              }
            ],
            "ordered_placement_strategy": [],
            "placement_constraints": [],
            "platform_version": "LATEST",
            "propagate_tags": "NONE",
            "scheduling_strategy": "REPLICA",
            "service_connect_configuration": [
              {
                "enabled": true,
                "log_configuration": [],
                "namespace": "linuxtips-ecs-cluster.local",
                "service": [
                  {
                    "client_alias": [
                      {
                        "dns_name": "nutrition-health-api.linuxtips-ecs-cluster.local",
                        "port": 8080
                      }
                    ],
                    "discovery_name": "nutrition-health-api",
                    "ingress_port_override": 0,
                    "port_name": "nutrition-health-api",
                    "timeout": [],
                    "tls": []
                  }
                ]
              }
            ],
            "service_registries": [
              {
                "container_name": "nutrition-health-api",
                "container_port": 0,
                "port": 0,
                "registry_arn": "arn:aws:servicediscovery:us-east-1:140023395225:service/srv-swwke5vinw3ihadd"
              }
            ],
            "tags": null,
            "tags_all": {},
            "task_definition": "arn:aws:ecs:us-east-1:140023395225:task-definition/linuxtips-ecs-cluster-nutrition-health-api:3",
            "timeouts": null,
            "triggers": {},
            "volume_configuration": [],
            "wait_for_steady_state": false
          },
          "sensitive_attributes": [
            [
              {
                "type": "get_attr",
                "value": "service_connect_configuration"
              },
              {
                "type": "index",
                "value": {
                  "value": 0,
                  "type": "number"
                }
              },
              {
                "type": "get_attr",
                "value": "namespace"
              }
            ],
            [
              {
                "type": "get_attr",
                "value": "service_connect_configuration"
              },
              {
                "type": "index",
                "value": {
                  "value": 0,
                  "type": "number"
                }
              },
              {
                "type": "get_attr",
                "value": "service"
              },
              {
                "type": "index",
                "value": {
                  "value": 0,
                  "type": "number"
                }
              },
              {
                "type": "get_attr",
                "value": "client_alias"
              },
              {
                "type": "index",
                "value": {
                  "value": 0,
                  "type": "number"
                }
              },
              {
                "type": "get_attr",
                "value": "dns_name"
              }
            ],
            [
              {
                "type": "get_attr",
                "value": "network_configuration"
              },
              {
                "type": "index",
                "value": {
                  "value": 0,
                  "type": "number"
                }
              },
              {
                "type": "get_attr",
                "value": "subnets"
              }
            ]
          ],
          "private": "eyJlMmJmYjczMC1lY2FhLTExZTYtOGY4OC0zNDM2M2JjN2M0YzAiOnsiY3JlYXRlIjoxMjAwMDAwMDAwMDAwLCJkZWxldGUiOjEyMDAwMDAwMDAwMDAsInVwZGF0ZSI6MTIwMDAwMDAwMDAwMH0sInNjaGVtYV92ZXJzaW9uIjoiMSJ9",
          "dependencies": [
            "aws_iam_role.main",
            "data.aws_ssm_parameter.private_subnet_1",
            "data.aws_ssm_parameter.private_subnet_2",
            "data.aws_ssm_parameter.private_subnet_3",
            "data.aws_ssm_parameter.service_connect_name",
            "data.aws_ssm_parameter.service_discovery_namespace",
            "data.aws_ssm_parameter.vpc",
            "module.health_api.aws_alb_target_group.main",
            "module.health_api.aws_cloudwatch_log_group.main",
            "module.health_api.aws_ecs_task_definition.main",
            "module.health_api.aws_iam_role.service_execution_role",
            "module.health_api.aws_security_group.main",
            "module.health_api.aws_service_discovery_service.main"
          ]
        }
      ]
    },
    {
      "module": "module.health_api",
      "mode": "managed",
      "type": "aws_ecs_task_definition",
      "name": "main",
      "provider": "provider[\"registry.terraform.io/hashicorp/aws\"]",
      "instances": [
        {
          "schema_version": 1,
          "attributes": {
            "arn": "arn:aws:ecs:us-east-1:140023395225:task-definition/linuxtips-ecs-cluster-nutrition-health-api:3",
            "arn_without_revision": "arn:aws:ecs:us-east-1:140023395225:task-definition/linuxtips-ecs-cluster-nutrition-health-api",
            "container_definitions": "[{\"cpu\":256,\"environment\":[{\"name\":\"BMR_SERVICE_ENDPOINT\",\"value\":\"nutrition-bmr.linuxtips-ecs-cluster.discovery.com:30000\"},{\"name\":\"IMC_SERVICE_ENDPOINT\",\"value\":\"nutrition-imc.linuxtips-ecs-cluster.discovery.com:30000\"},{\"name\":\"RECOMMENDATIONS_SERVICE_ENDPOINT\",\"value\":\"nutrition-recommendations.linuxtips-ecs-cluster.discovery.com:30000\"},{\"name\":\"ZIPKIN_COLLECTOR_ENDPOINT\",\"value\":\"http://jaeger-collector.linuxtips-ecs-cluster.internal.com:80\"}],\"essential\":true,\"image\":\"fidelissauro/health-api:latest\",\"logConfiguration\":{\"logDriver\":\"awslogs\",\"options\":{\"awslogs-group\":\"linuxtips-ecs-cluster/nutrition-health-api/logs\",\"awslogs-region\":\"us-east-1\",\"awslogs-stream-prefix\":\"nutrition-health-api\"}},\"memory\":512,\"mountPoints\":[],\"name\":\"nutrition-health-api\",\"portMappings\":[{\"appProtocol\":\"http\",\"containerPort\":8080,\"hostPort\":8080,\"name\":\"nutrition-health-api\",\"protocol\":\"tcp\"}],\"secrets\":[],\"systemControls\":[],\"volumesFrom\":[]}]",
            "cpu": "256",
            "ephemeral_storage": [],
            "execution_role_arn": "arn:aws:iam::140023395225:role/linuxtips-ecs-cluster-nutrition-health-api-service-role",
            "family": "linuxtips-ecs-cluster-nutrition-health-api",
            "id": "linuxtips-ecs-cluster-nutrition-health-api",
            "inference_accelerator": [],
            "ipc_mode": "",
            "memory": "512",
            "network_mode": "awsvpc",
            "pid_mode": "",
            "placement_constraints": [],
            "proxy_configuration": [],
            "requires_compatibilities": null,
            "revision": 3,
            "runtime_platform": [],
            "skip_destroy": false,
            "tags": null,
            "tags_all": {},
            "task_role_arn": "arn:aws:iam::140023395225:role/nutrition-role",
            "track_latest": false,
            "volume": []
          },
          "sensitive_attributes": [],
          "private": "eyJzY2hlbWFfdmVyc2lvbiI6IjEifQ==",
          "dependencies": [
            "aws_iam_role.main",
            "module.health_api.aws_cloudwatch_log_group.main",
            "module.health_api.aws_iam_role.service_execution_role"
          ]
        }
      ]
    },
    {
      "module": "module.health_api",
      "mode": "managed",
      "type": "aws_iam_role",
      "name": "service_execution_role",
      "provider": "provider[\"registry.terraform.io/hashicorp/aws\"]",
      "instances": [
        {
          "schema_version": 0,
          "attributes": {
            "arn": "arn:aws:iam::140023395225:role/linuxtips-ecs-cluster-nutrition-health-api-service-role",
            "assume_role_policy": "{\"Statement\":[{\"Action\":\"sts:AssumeRole\",\"Effect\":\"Allow\",\"Principal\":{\"Service\":\"ecs-tasks.amazonaws.com\"},\"Sid\":\"\"}],\"Version\":\"2012-10-17\"}",
            "create_date": "2024-11-09T13:43:23Z",
            "description": "",
            "force_detach_policies": false,
            "id": "linuxtips-ecs-cluster-nutrition-health-api-service-role",
            "inline_policy": [],
            "managed_policy_arns": [],
            "max_session_duration": 3600,
            "name": "linuxtips-ecs-cluster-nutrition-health-api-service-role",
            "name_prefix": "",
            "path": "/",
            "permissions_boundary": "",
            "tags": null,
            "tags_all": {},
            "unique_id": "AROASBGQLOOM55NJRWCLP"
          },
          "sensitive_attributes": [],
          "private": "bnVsbA=="
        }
      ]
    },
    {
      "module": "module.health_api",
      "mode": "managed",
      "type": "aws_iam_role_policy",
      "name": "service_execution_role",
      "provider": "provider[\"registry.terraform.io/hashicorp/aws\"]",
      "instances": [
        {
          "schema_version": 0,
          "attributes": {
            "id": "linuxtips-ecs-cluster-nutrition-health-api-service-role:linuxtips-ecs-cluster-nutrition-health-api-service-policy",
            "name": "linuxtips-ecs-cluster-nutrition-health-api-service-policy",
            "name_prefix": "",
            "policy": "{\"Version\":\"2012-10-17\",\"Statement\":[{\"Action\":[\"elasticloadbalancing:DeregisterInstancesFromLoadBalancer\",\"elasticloadbalancing:DeregisterTargets\",\"elasticloadbalancing:Describe*\",\"elasticloadbalancing:RegisterInstancesWithLoadBalancer\",\"elasticloadbalancing:RegisterTargets\",\"ec2:Describe*\",\"ec2:AuthorizeSecurityGroupIngress\",\"ecr:GetAuthorizationToken\",\"ecr:BatchCheckLayerAvailability\",\"ecr:GetDownloadUrlForLayer\",\"ecr:BatchGetImage\",\"logs:CreateLogStream\",\"logs:PutLogEvents\",\"ssm:GetParameters\",\"secretsmanager:GetSecretValue\"],\"Effect\":\"Allow\",\"Resource\":\"*\"}]}",
            "role": "linuxtips-ecs-cluster-nutrition-health-api-service-role"
          },
          "sensitive_attributes": [],
          "private": "bnVsbA==",
          "dependencies": [
            "module.health_api.aws_iam_role.service_execution_role"
          ]
        }
      ]
    },
    {
      "module": "module.health_api",
      "mode": "managed",
      "type": "aws_security_group",
      "name": "main",
      "provider": "provider[\"registry.terraform.io/hashicorp/aws\"]",
      "instances": [
        {
          "schema_version": 1,
          "attributes": {
            "arn": "arn:aws:ec2:us-east-1:140023395225:security-group/sg-0d2b6181193cc1d07",
            "description": "Managed by Terraform",
            "egress": [
              {
                "cidr_blocks": [
                  "0.0.0.0/0"
                ],
                "description": "",
                "from_port": 0,
                "ipv6_cidr_blocks": [],
                "prefix_list_ids": [],
                "protocol": "-1",
                "security_groups": [],
                "self": false,
                "to_port": 0
              }
            ],
            "id": "sg-0d2b6181193cc1d07",
            "ingress": [
              {
                "cidr_blocks": [
                  "0.0.0.0/0"
                ],
                "description": "",
                "from_port": 0,
                "ipv6_cidr_blocks": [],
                "prefix_list_ids": [],
                "protocol": "tcp",
                "security_groups": [],
                "self": false,
                "to_port": 65535
              },
              {
                "cidr_blocks": [
                  "0.0.0.0/0"
                ],
                "description": "",
                "from_port": 8080,
                "ipv6_cidr_blocks": [],
                "prefix_list_ids": [],
                "protocol": "tcp",
                "security_groups": [],
                "self": false,
                "to_port": 8080
              }
            ],
            "name": "linuxtips-ecs-cluster-nutrition-health-api",
            "name_prefix": "",
            "owner_id": "140023395225",
            "revoke_rules_on_delete": false,
            "tags": null,
            "tags_all": {},
            "timeouts": null,
            "vpc_id": "vpc-0079a63c3659c593b"
          },
          "sensitive_attributes": [
            [
              {
                "type": "get_attr",
                "value": "vpc_id"
              }
            ]
          ],
          "private": "eyJlMmJmYjczMC1lY2FhLTExZTYtOGY4OC0zNDM2M2JjN2M0YzAiOnsiY3JlYXRlIjo2MDAwMDAwMDAwMDAsImRlbGV0ZSI6OTAwMDAwMDAwMDAwfSwic2NoZW1hX3ZlcnNpb24iOiIxIn0=",
          "dependencies": [
            "data.aws_ssm_parameter.vpc"
          ]
        }
      ]
    },
    {
      "module": "module.health_api",
      "mode": "managed",
      "type": "aws_service_discovery_service",
      "name": "main",
      "provider": "provider[\"registry.terraform.io/hashicorp/aws\"]",
      "instances": [
        {
          "index_key": 0,
          "schema_version": 0,
          "attributes": {
            "arn": "arn:aws:servicediscovery:us-east-1:140023395225:service/srv-swwke5vinw3ihadd",
            "description": "",
            "dns_config": [
              {
                "dns_records": [
                  {
                    "ttl": 10,
                    "type": "A"
                  }
                ],
                "namespace_id": "ns-fgeisworjwbr422k",
                "routing_policy": "MULTIVALUE"
              }
            ],
            "force_destroy": false,
            "health_check_config": [],
            "health_check_custom_config": [
              {
                "failure_threshold": 1
              }
            ],
            "id": "srv-swwke5vinw3ihadd",
            "name": "nutrition-health-api",
            "namespace_id": "ns-fgeisworjwbr422k",
            "tags": null,
            "tags_all": {},
            "type": "DNS_HTTP"
          },
          "sensitive_attributes": [
            [
              {
                "type": "get_attr",
                "value": "dns_config"
              },
              {
                "type": "index",
                "value": {
                  "value": 0,
                  "type": "number"
                }
              },
              {
                "type": "get_attr",
                "value": "namespace_id"
              }
            ]
          ],
          "private": "bnVsbA==",
          "dependencies": [
            "data.aws_ssm_parameter.service_discovery_namespace"
          ]
        }
      ]
    },
    {
      "module": "module.imc",
      "mode": "data",
      "type": "aws_alb",
      "name": "main",
      "provider": "provider[\"registry.terraform.io/hashicorp/aws\"]",
      "instances": [
        {
          "schema_version": 0,
          "attributes": {
            "access_logs": [
              {
                "bucket": "",
                "enabled": false,
                "prefix": ""
              }
            ],
            "arn": "arn:aws:elasticloadbalancing:us-east-1:140023395225:loadbalancer/app/linuxtips-ecs-cluster-internal/d71ffe1c2e9b64f1",
            "arn_suffix": "app/linuxtips-ecs-cluster-internal/d71ffe1c2e9b64f1",
            "client_keep_alive": 3600,
            "connection_logs": [
              {
                "bucket": "",
                "enabled": false,
                "prefix": ""
              }
            ],
            "customer_owned_ipv4_pool": "",
            "desync_mitigation_mode": "defensive",
            "dns_name": "internal-linuxtips-ecs-cluster-internal-508168171.us-east-1.elb.amazonaws.com",
            "dns_record_client_routing_policy": null,
            "drop_invalid_header_fields": false,
            "enable_cross_zone_load_balancing": true,
            "enable_deletion_protection": false,
            "enable_http2": true,
            "enable_tls_version_and_cipher_suite_headers": false,
            "enable_waf_fail_open": false,
            "enable_xff_client_port": false,
            "enable_zonal_shift": null,
            "enforce_security_group_inbound_rules_on_private_link_traffic": "",
            "id": "arn:aws:elasticloadbalancing:us-east-1:140023395225:loadbalancer/app/linuxtips-ecs-cluster-internal/d71ffe1c2e9b64f1",
            "idle_timeout": 60,
            "internal": true,
            "ip_address_type": "ipv4",
            "load_balancer_type": "application",
            "name": "linuxtips-ecs-cluster-internal",
            "preserve_host_header": false,
            "security_groups": [
              "sg-02e941a6098c78847"
            ],
            "subnet_mapping": [
              {
                "allocation_id": "",
                "ipv6_address": "",
                "outpost_id": "",
                "private_ipv4_address": "",
                "subnet_id": "subnet-08f2debe499751a08"
              },
              {
                "allocation_id": "",
                "ipv6_address": "",
                "outpost_id": "",
                "private_ipv4_address": "",
                "subnet_id": "subnet-0a38752b933399838"
              },
              {
                "allocation_id": "",
                "ipv6_address": "",
                "outpost_id": "",
                "private_ipv4_address": "",
                "subnet_id": "subnet-0f9d16dbdf4c5134f"
              }
            ],
            "subnets": [
              "subnet-08f2debe499751a08",
              "subnet-0a38752b933399838",
              "subnet-0f9d16dbdf4c5134f"
            ],
            "tags": {},
            "timeouts": null,
            "vpc_id": "vpc-0079a63c3659c593b",
            "xff_header_processing_mode": "append",
            "zone_id": "Z35SXDOTRQ7X7K"
          },
          "sensitive_attributes": [
            [
              {
                "type": "get_attr",
                "value": "arn"
              }
            ]
          ]
        }
      ]
    },
    {
      "module": "module.imc",
      "mode": "managed",
      "type": "aws_alb_listener_rule",
      "name": "main",
      "provider": "provider[\"registry.terraform.io/hashicorp/aws\"]",
      "instances": [
        {
          "schema_version": 0,
          "attributes": {
            "action": [
              {
                "authenticate_cognito": [],
                "authenticate_oidc": [],
                "fixed_response": [],
                "forward": [],
                "order": 1,
                "redirect": [],
                "target_group_arn": "arn:aws:elasticloadbalancing:us-east-1:140023395225:targetgroup/684b92c41e980e6dd04913ca09501860/e755bf61ede14150",
                "type": "forward"
              }
            ],
            "arn": "arn:aws:elasticloadbalancing:us-east-1:140023395225:listener-rule/app/linuxtips-ecs-cluster-internal/d71ffe1c2e9b64f1/c742af64abc41e40/af50d472dfff1600",
            "condition": [
              {
                "host_header": [
                  {
                    "values": [
                      "imc.linuxtips-ecs-cluster.internal.com"
                    ]
                  }
                ],
                "http_header": [],
                "http_request_method": [],
                "path_pattern": [],
                "query_string": [],
                "source_ip": []
              }
            ],
            "id": "arn:aws:elasticloadbalancing:us-east-1:140023395225:listener-rule/app/linuxtips-ecs-cluster-internal/d71ffe1c2e9b64f1/c742af64abc41e40/af50d472dfff1600",
            "listener_arn": "arn:aws:elasticloadbalancing:us-east-1:140023395225:listener/app/linuxtips-ecs-cluster-internal/d71ffe1c2e9b64f1/c742af64abc41e40",
            "priority": 5,
            "tags": null,
            "tags_all": {}
          },
          "sensitive_attributes": [
            [
              {
                "type": "get_attr",
                "value": "listener_arn"
              }
            ]
          ],
          "private": "bnVsbA==",
          "dependencies": [
            "data.aws_ssm_parameter.listener_internal",
            "data.aws_ssm_parameter.vpc",
            "module.imc.aws_alb_target_group.main"
          ]
        }
      ]
    },
    {
      "module": "module.imc",
      "mode": "managed",
      "type": "aws_alb_target_group",
      "name": "main",
      "provider": "provider[\"registry.terraform.io/hashicorp/aws\"]",
      "instances": [
        {
          "schema_version": 0,
          "attributes": {
            "arn": "arn:aws:elasticloadbalancing:us-east-1:140023395225:targetgroup/684b92c41e980e6dd04913ca09501860/e755bf61ede14150",
            "arn_suffix": "targetgroup/684b92c41e980e6dd04913ca09501860/e755bf61ede14150",
            "connection_termination": null,
            "deregistration_delay": "300",
            "health_check": [
              {
                "enabled": true,
                "healthy_threshold": 3,
                "interval": 60,
                "matcher": "200-399",
                "path": "/healthz",
                "port": "8080",
                "protocol": "HTTP",
                "timeout": 10,
                "unhealthy_threshold": 10
              }
            ],
            "id": "arn:aws:elasticloadbalancing:us-east-1:140023395225:targetgroup/684b92c41e980e6dd04913ca09501860/e755bf61ede14150",
            "ip_address_type": "ipv4",
            "lambda_multi_value_headers_enabled": false,
            "load_balancer_arns": [],
            "load_balancing_algorithm_type": "round_robin",
            "load_balancing_anomaly_mitigation": "off",
            "load_balancing_cross_zone_enabled": "use_load_balancer_configuration",
            "name": "684b92c41e980e6dd04913ca09501860",
            "name_prefix": "684b92",
            "port": 30000,
            "preserve_client_ip": null,
            "protocol": "HTTP",
            "protocol_version": "HTTP1",
            "proxy_protocol_v2": false,
            "slow_start": 0,
            "stickiness": [
              {
                "cookie_duration": 86400,
                "cookie_name": "",
                "enabled": false,
                "type": "lb_cookie"
              }
            ],
            "tags": null,
            "tags_all": {},
            "target_failover": [
              {
                "on_deregistration": null,
                "on_unhealthy": null
              }
            ],
            "target_group_health": [
              {
                "dns_failover": [
                  {
                    "minimum_healthy_targets_count": "1",
                    "minimum_healthy_targets_percentage": "off"
                  }
                ],
                "unhealthy_state_routing": [
                  {
                    "minimum_healthy_targets_count": 1,
                    "minimum_healthy_targets_percentage": "off"
                  }
                ]
              }
            ],
            "target_health_state": [
              {
                "enable_unhealthy_connection_termination": null,
                "unhealthy_draining_interval": null
              }
            ],
            "target_type": "ip",
            "vpc_id": "vpc-0079a63c3659c593b"
          },
          "sensitive_attributes": [
            [
              {
                "type": "get_attr",
                "value": "vpc_id"
              }
            ]
          ],
          "private": "bnVsbA==",
          "dependencies": [
            "data.aws_ssm_parameter.vpc"
          ]
        }
      ]
    },
    {
      "module": "module.imc",
      "mode": "managed",
      "type": "aws_appautoscaling_target",
      "name": "main",
      "provider": "provider[\"registry.terraform.io/hashicorp/aws\"]",
      "instances": [
        {
          "schema_version": 0,
          "attributes": {
            "arn": "arn:aws:application-autoscaling:us-east-1:140023395225:scalable-target/0ec54ec8616fa3e141c29da94d375e766fd3",
            "id": "service/linuxtips-ecs-cluster/nutrition-imc",
            "max_capacity": 3,
            "min_capacity": 1,
            "resource_id": "service/linuxtips-ecs-cluster/nutrition-imc",
            "role_arn": "arn:aws:iam::140023395225:role/aws-service-role/ecs.application-autoscaling.amazonaws.com/AWSServiceRoleForApplicationAutoScaling_ECSService",
            "scalable_dimension": "ecs:service:DesiredCount",
            "service_namespace": "ecs",
            "suspended_state": [
              {
                "dynamic_scaling_in_suspended": false,
                "dynamic_scaling_out_suspended": false,
                "scheduled_scaling_suspended": false
              }
            ],
            "tags": null,
            "tags_all": {}
          },
          "sensitive_attributes": [],
          "private": "bnVsbA==",
          "dependencies": [
            "aws_iam_role.main",
            "data.aws_ssm_parameter.private_subnet_1",
            "data.aws_ssm_parameter.private_subnet_2",
            "data.aws_ssm_parameter.private_subnet_3",
            "data.aws_ssm_parameter.service_connect_name",
            "data.aws_ssm_parameter.service_discovery_namespace",
            "data.aws_ssm_parameter.vpc",
            "module.imc.aws_alb_target_group.main",
            "module.imc.aws_cloudwatch_log_group.main",
            "module.imc.aws_ecs_service.main",
            "module.imc.aws_ecs_task_definition.main",
            "module.imc.aws_iam_role.service_execution_role",
            "module.imc.aws_security_group.main",
            "module.imc.aws_service_discovery_service.main"
          ]
        }
      ]
    },
    {
      "module": "module.imc",
      "mode": "managed",
      "type": "aws_cloudwatch_log_group",
      "name": "main",
      "provider": "provider[\"registry.terraform.io/hashicorp/aws\"]",
      "instances": [
        {
          "schema_version": 0,
          "attributes": {
            "arn": "arn:aws:logs:us-east-1:140023395225:log-group:linuxtips-ecs-cluster/nutrition-imc/logs",
            "id": "linuxtips-ecs-cluster/nutrition-imc/logs",
            "kms_key_id": "",
            "log_group_class": "STANDARD",
            "name": "linuxtips-ecs-cluster/nutrition-imc/logs",
            "name_prefix": "",
            "retention_in_days": 0,
            "skip_destroy": false,
            "tags": null,
            "tags_all": {}
          },
          "sensitive_attributes": [],
          "private": "bnVsbA=="
        }
      ]
    },
    {
      "module": "module.imc",
      "mode": "managed",
      "type": "aws_ecs_service",
      "name": "main",
      "provider": "provider[\"registry.terraform.io/hashicorp/aws\"]",
      "instances": [
        {
          "schema_version": 1,
          "attributes": {
            "alarms": [],
            "capacity_provider_strategy": [
              {
                "base": null,
                "capacity_provider": "FARGATE_SPOT",
                "weight": 100
              }
            ],
            "cluster": "linuxtips-ecs-cluster",
            "deployment_circuit_breaker": [
              {
                "enable": true,
                "rollback": true
              }
            ],
            "deployment_controller": [
              {
                "type": "ECS"
              }
            ],
            "deployment_maximum_percent": 200,
            "deployment_minimum_healthy_percent": 100,
            "desired_count": 1,
            "enable_ecs_managed_tags": false,
            "enable_execute_command": false,
            "force_delete": null,
            "force_new_deployment": null,
            "health_check_grace_period_seconds": 0,
            "iam_role": "/aws-service-role/ecs.amazonaws.com/AWSServiceRoleForECS",
            "id": "arn:aws:ecs:us-east-1:140023395225:service/linuxtips-ecs-cluster/nutrition-imc",
            "launch_type": "",
            "load_balancer": [
              {
                "container_name": "nutrition-imc",
                "container_port": 30000,
                "elb_name": "",
                "target_group_arn": "arn:aws:elasticloadbalancing:us-east-1:140023395225:targetgroup/684b92c41e980e6dd04913ca09501860/e755bf61ede14150"
              }
            ],
            "name": "nutrition-imc",
            "network_configuration": [
              {
                "assign_public_ip": false,
                "security_groups": [
                  "sg-0e952d57bb329a3a9"
                ],
                "subnets": [
                  "subnet-08f2debe499751a08",
                  "subnet-0a38752b933399838",
                  "subnet-0f9d16dbdf4c5134f"
                ]
              }
            ],
            "ordered_placement_strategy": [],
            "placement_constraints": [],
            "platform_version": "LATEST",
            "propagate_tags": "NONE",
            "scheduling_strategy": "REPLICA",
            "service_connect_configuration": [
              {
                "enabled": true,
                "log_configuration": [],
                "namespace": "linuxtips-ecs-cluster.local",
                "service": [
                  {
                    "client_alias": [
                      {
                        "dns_name": "nutrition-imc.linuxtips-ecs-cluster.local",
                        "port": 30000
                      }
                    ],
                    "discovery_name": "nutrition-imc",
                    "ingress_port_override": 0,
                    "port_name": "nutrition-imc",
                    "timeout": [],
                    "tls": []
                  }
                ]
              }
            ],
            "service_registries": [
              {
                "container_name": "nutrition-imc",
                "container_port": 0,
                "port": 0,
                "registry_arn": "arn:aws:servicediscovery:us-east-1:140023395225:service/srv-rruhj5xshjatpr4e"
              }
            ],
            "tags": null,
            "tags_all": {},
            "task_definition": "arn:aws:ecs:us-east-1:140023395225:task-definition/linuxtips-ecs-cluster-nutrition-imc:3",
            "timeouts": null,
            "triggers": {},
            "volume_configuration": [],
            "wait_for_steady_state": false
          },
          "sensitive_attributes": [
            [
              {
                "type": "get_attr",
                "value": "service_connect_configuration"
              },
              {
                "type": "index",
                "value": {
                  "value": 0,
                  "type": "number"
                }
              },
              {
                "type": "get_attr",
                "value": "namespace"
              }
            ],
            [
              {
                "type": "get_attr",
                "value": "service_connect_configuration"
              },
              {
                "type": "index",
                "value": {
                  "value": 0,
                  "type": "number"
                }
              },
              {
                "type": "get_attr",
                "value": "service"
              },
              {
                "type": "index",
                "value": {
                  "value": 0,
                  "type": "number"
                }
              },
              {
                "type": "get_attr",
                "value": "client_alias"
              },
              {
                "type": "index",
                "value": {
                  "value": 0,
                  "type": "number"
                }
              },
              {
                "type": "get_attr",
                "value": "dns_name"
              }
            ],
            [
              {
                "type": "get_attr",
                "value": "network_configuration"
              },
              {
                "type": "index",
                "value": {
                  "value": 0,
                  "type": "number"
                }
              },
              {
                "type": "get_attr",
                "value": "subnets"
              }
            ]
          ],
          "private": "eyJlMmJmYjczMC1lY2FhLTExZTYtOGY4OC0zNDM2M2JjN2M0YzAiOnsiY3JlYXRlIjoxMjAwMDAwMDAwMDAwLCJkZWxldGUiOjEyMDAwMDAwMDAwMDAsInVwZGF0ZSI6MTIwMDAwMDAwMDAwMH0sInNjaGVtYV92ZXJzaW9uIjoiMSJ9",
          "dependencies": [
            "aws_iam_role.main",
            "data.aws_ssm_parameter.private_subnet_1",
            "data.aws_ssm_parameter.private_subnet_2",
            "data.aws_ssm_parameter.private_subnet_3",
            "data.aws_ssm_parameter.service_connect_name",
            "data.aws_ssm_parameter.service_discovery_namespace",
            "data.aws_ssm_parameter.vpc",
            "module.imc.aws_alb_target_group.main",
            "module.imc.aws_cloudwatch_log_group.main",
            "module.imc.aws_ecs_task_definition.main",
            "module.imc.aws_iam_role.service_execution_role",
            "module.imc.aws_security_group.main",
            "module.imc.aws_service_discovery_service.main"
          ]
        }
      ]
    },
    {
      "module": "module.imc",
      "mode": "managed",
      "type": "aws_ecs_task_definition",
      "name": "main",
      "provider": "provider[\"registry.terraform.io/hashicorp/aws\"]",
      "instances": [
        {
          "schema_version": 1,
          "attributes": {
            "arn": "arn:aws:ecs:us-east-1:140023395225:task-definition/linuxtips-ecs-cluster-nutrition-imc:3",
            "arn_without_revision": "arn:aws:ecs:us-east-1:140023395225:task-definition/linuxtips-ecs-cluster-nutrition-imc",
            "container_definitions": "[{\"cpu\":256,\"environment\":[{\"name\":\"ZIPKIN_COLLECTOR_ENDPOINT\",\"value\":\"http://jaeger-collector.linuxtips-ecs-cluster.internal.com:80\"}],\"essential\":true,\"image\":\"fidelissauro/imc-grpc-service:latest\",\"logConfiguration\":{\"logDriver\":\"awslogs\",\"options\":{\"awslogs-group\":\"linuxtips-ecs-cluster/nutrition-imc/logs\",\"awslogs-region\":\"us-east-1\",\"awslogs-stream-prefix\":\"nutrition-imc\"}},\"memory\":512,\"mountPoints\":[],\"name\":\"nutrition-imc\",\"portMappings\":[{\"appProtocol\":\"grpc\",\"containerPort\":30000,\"hostPort\":30000,\"name\":\"nutrition-imc\",\"protocol\":\"tcp\"}],\"secrets\":[],\"systemControls\":[],\"volumesFrom\":[]}]",
            "cpu": "256",
            "ephemeral_storage": [],
            "execution_role_arn": "arn:aws:iam::140023395225:role/linuxtips-ecs-cluster-nutrition-imc-service-role",
            "family": "linuxtips-ecs-cluster-nutrition-imc",
            "id": "linuxtips-ecs-cluster-nutrition-imc",
            "inference_accelerator": [],
            "ipc_mode": "",
            "memory": "512",
            "network_mode": "awsvpc",
            "pid_mode": "",
            "placement_constraints": [],
            "proxy_configuration": [],
            "requires_compatibilities": null,
            "revision": 3,
            "runtime_platform": [],
            "skip_destroy": false,
            "tags": null,
            "tags_all": {},
            "task_role_arn": "arn:aws:iam::140023395225:role/nutrition-role",
            "track_latest": false,
            "volume": []
          },
          "sensitive_attributes": [],
          "private": "eyJzY2hlbWFfdmVyc2lvbiI6IjEifQ==",
          "dependencies": [
            "aws_iam_role.main",
            "module.imc.aws_cloudwatch_log_group.main",
            "module.imc.aws_iam_role.service_execution_role"
          ]
        }
      ]
    },
    {
      "module": "module.imc",
      "mode": "managed",
      "type": "aws_iam_role",
      "name": "service_execution_role",
      "provider": "provider[\"registry.terraform.io/hashicorp/aws\"]",
      "instances": [
        {
          "schema_version": 0,
          "attributes": {
            "arn": "arn:aws:iam::140023395225:role/linuxtips-ecs-cluster-nutrition-imc-service-role",
            "assume_role_policy": "{\"Statement\":[{\"Action\":\"sts:AssumeRole\",\"Effect\":\"Allow\",\"Principal\":{\"Service\":\"ecs-tasks.amazonaws.com\"},\"Sid\":\"\"}],\"Version\":\"2012-10-17\"}",
            "create_date": "2024-11-09T13:43:23Z",
            "description": "",
            "force_detach_policies": false,
            "id": "linuxtips-ecs-cluster-nutrition-imc-service-role",
            "inline_policy": [],
            "managed_policy_arns": [],
            "max_session_duration": 3600,
            "name": "linuxtips-ecs-cluster-nutrition-imc-service-role",
            "name_prefix": "",
            "path": "/",
            "permissions_boundary": "",
            "tags": null,
            "tags_all": {},
            "unique_id": "AROASBGQLOOM5H2CMT6N4"
          },
          "sensitive_attributes": [],
          "private": "bnVsbA=="
        }
      ]
    },
    {
      "module": "module.imc",
      "mode": "managed",
      "type": "aws_iam_role_policy",
      "name": "service_execution_role",
      "provider": "provider[\"registry.terraform.io/hashicorp/aws\"]",
      "instances": [
        {
          "schema_version": 0,
          "attributes": {
            "id": "linuxtips-ecs-cluster-nutrition-imc-service-role:linuxtips-ecs-cluster-nutrition-imc-service-policy",
            "name": "linuxtips-ecs-cluster-nutrition-imc-service-policy",
            "name_prefix": "",
            "policy": "{\"Version\":\"2012-10-17\",\"Statement\":[{\"Action\":[\"elasticloadbalancing:DeregisterInstancesFromLoadBalancer\",\"elasticloadbalancing:DeregisterTargets\",\"elasticloadbalancing:Describe*\",\"elasticloadbalancing:RegisterInstancesWithLoadBalancer\",\"elasticloadbalancing:RegisterTargets\",\"ec2:Describe*\",\"ec2:AuthorizeSecurityGroupIngress\",\"ecr:GetAuthorizationToken\",\"ecr:BatchCheckLayerAvailability\",\"ecr:GetDownloadUrlForLayer\",\"ecr:BatchGetImage\",\"logs:CreateLogStream\",\"logs:PutLogEvents\",\"ssm:GetParameters\",\"secretsmanager:GetSecretValue\"],\"Effect\":\"Allow\",\"Resource\":\"*\"}]}",
            "role": "linuxtips-ecs-cluster-nutrition-imc-service-role"
          },
          "sensitive_attributes": [],
          "private": "bnVsbA==",
          "dependencies": [
            "module.imc.aws_iam_role.service_execution_role"
          ]
        }
      ]
    },
    {
      "module": "module.imc",
      "mode": "managed",
      "type": "aws_security_group",
      "name": "main",
      "provider": "provider[\"registry.terraform.io/hashicorp/aws\"]",
      "instances": [
        {
          "schema_version": 1,
          "attributes": {
            "arn": "arn:aws:ec2:us-east-1:140023395225:security-group/sg-0e952d57bb329a3a9",
            "description": "Managed by Terraform",
            "egress": [
              {
                "cidr_blocks": [
                  "0.0.0.0/0"
                ],
                "description": "",
                "from_port": 0,
                "ipv6_cidr_blocks": [],
                "prefix_list_ids": [],
                "protocol": "-1",
                "security_groups": [],
                "self": false,
                "to_port": 0
              }
            ],
            "id": "sg-0e952d57bb329a3a9",
            "ingress": [
              {
                "cidr_blocks": [
                  "0.0.0.0/0"
                ],
                "description": "",
                "from_port": 0,
                "ipv6_cidr_blocks": [],
                "prefix_list_ids": [],
                "protocol": "tcp",
                "security_groups": [],
                "self": false,
                "to_port": 65535
              },
              {
                "cidr_blocks": [
                  "0.0.0.0/0"
                ],
                "description": "",
                "from_port": 30000,
                "ipv6_cidr_blocks": [],
                "prefix_list_ids": [],
                "protocol": "tcp",
                "security_groups": [],
                "self": false,
                "to_port": 30000
              }
            ],
            "name": "linuxtips-ecs-cluster-nutrition-imc",
            "name_prefix": "",
            "owner_id": "140023395225",
            "revoke_rules_on_delete": false,
            "tags": null,
            "tags_all": {},
            "timeouts": null,
            "vpc_id": "vpc-0079a63c3659c593b"
          },
          "sensitive_attributes": [
            [
              {
                "type": "get_attr",
                "value": "vpc_id"
              }
            ]
          ],
          "private": "eyJlMmJmYjczMC1lY2FhLTExZTYtOGY4OC0zNDM2M2JjN2M0YzAiOnsiY3JlYXRlIjo2MDAwMDAwMDAwMDAsImRlbGV0ZSI6OTAwMDAwMDAwMDAwfSwic2NoZW1hX3ZlcnNpb24iOiIxIn0=",
          "dependencies": [
            "data.aws_ssm_parameter.vpc"
          ]
        }
      ]
    },
    {
      "module": "module.imc",
      "mode": "managed",
      "type": "aws_service_discovery_service",
      "name": "main",
      "provider": "provider[\"registry.terraform.io/hashicorp/aws\"]",
      "instances": [
        {
          "index_key": 0,
          "schema_version": 0,
          "attributes": {
            "arn": "arn:aws:servicediscovery:us-east-1:140023395225:service/srv-rruhj5xshjatpr4e",
            "description": "",
            "dns_config": [
              {
                "dns_records": [
                  {
                    "ttl": 10,
                    "type": "A"
                  }
                ],
                "namespace_id": "ns-fgeisworjwbr422k",
                "routing_policy": "MULTIVALUE"
              }
            ],
            "force_destroy": false,
            "health_check_config": [],
            "health_check_custom_config": [
              {
                "failure_threshold": 1
              }
            ],
            "id": "srv-rruhj5xshjatpr4e",
            "name": "nutrition-imc",
            "namespace_id": "ns-fgeisworjwbr422k",
            "tags": null,
            "tags_all": {},
            "type": "DNS_HTTP"
          },
          "sensitive_attributes": [
            [
              {
                "type": "get_attr",
                "value": "dns_config"
              },
              {
                "type": "index",
                "value": {
                  "value": 0,
                  "type": "number"
                }
              },
              {
                "type": "get_attr",
                "value": "namespace_id"
              }
            ]
          ],
          "private": "bnVsbA==",
          "dependencies": [
            "data.aws_ssm_parameter.service_discovery_namespace"
          ]
        }
      ]
    },
    {
      "module": "module.jaeger-collector",
      "mode": "data",
      "type": "aws_alb",
      "name": "main",
      "provider": "provider[\"registry.terraform.io/hashicorp/aws\"]",
      "instances": [
        {
          "schema_version": 0,
          "attributes": {
            "access_logs": [
              {
                "bucket": "",
                "enabled": false,
                "prefix": ""
              }
            ],
            "arn": "arn:aws:elasticloadbalancing:us-east-1:140023395225:loadbalancer/app/linuxtips-ecs-cluster-internal/d71ffe1c2e9b64f1",
            "arn_suffix": "app/linuxtips-ecs-cluster-internal/d71ffe1c2e9b64f1",
            "client_keep_alive": 3600,
            "connection_logs": [
              {
                "bucket": "",
                "enabled": false,
                "prefix": ""
              }
            ],
            "customer_owned_ipv4_pool": "",
            "desync_mitigation_mode": "defensive",
            "dns_name": "internal-linuxtips-ecs-cluster-internal-508168171.us-east-1.elb.amazonaws.com",
            "dns_record_client_routing_policy": null,
            "drop_invalid_header_fields": false,
            "enable_cross_zone_load_balancing": true,
            "enable_deletion_protection": false,
            "enable_http2": true,
            "enable_tls_version_and_cipher_suite_headers": false,
            "enable_waf_fail_open": false,
            "enable_xff_client_port": false,
            "enable_zonal_shift": null,
            "enforce_security_group_inbound_rules_on_private_link_traffic": "",
            "id": "arn:aws:elasticloadbalancing:us-east-1:140023395225:loadbalancer/app/linuxtips-ecs-cluster-internal/d71ffe1c2e9b64f1",
            "idle_timeout": 60,
            "internal": true,
            "ip_address_type": "ipv4",
            "load_balancer_type": "application",
            "name": "linuxtips-ecs-cluster-internal",
            "preserve_host_header": false,
            "security_groups": [
              "sg-02e941a6098c78847"
            ],
            "subnet_mapping": [
              {
                "allocation_id": "",
                "ipv6_address": "",
                "outpost_id": "",
                "private_ipv4_address": "",
                "subnet_id": "subnet-08f2debe499751a08"
              },
              {
                "allocation_id": "",
                "ipv6_address": "",
                "outpost_id": "",
                "private_ipv4_address": "",
                "subnet_id": "subnet-0a38752b933399838"
              },
              {
                "allocation_id": "",
                "ipv6_address": "",
                "outpost_id": "",
                "private_ipv4_address": "",
                "subnet_id": "subnet-0f9d16dbdf4c5134f"
              }
            ],
            "subnets": [
              "subnet-08f2debe499751a08",
              "subnet-0a38752b933399838",
              "subnet-0f9d16dbdf4c5134f"
            ],
            "tags": {},
            "timeouts": null,
            "vpc_id": "vpc-0079a63c3659c593b",
            "xff_header_processing_mode": "append",
            "zone_id": "Z35SXDOTRQ7X7K"
          },
          "sensitive_attributes": [
            [
              {
                "type": "get_attr",
                "value": "arn"
              }
            ]
          ]
        }
      ]
    },
    {
      "module": "module.jaeger-collector",
      "mode": "managed",
      "type": "aws_alb_listener_rule",
      "name": "main",
      "provider": "provider[\"registry.terraform.io/hashicorp/aws\"]",
      "instances": [
        {
          "schema_version": 0,
          "attributes": {
            "action": [
              {
                "authenticate_cognito": [],
                "authenticate_oidc": [],
                "fixed_response": [],
                "forward": [],
                "order": 1,
                "redirect": [],
                "target_group_arn": "arn:aws:elasticloadbalancing:us-east-1:140023395225:targetgroup/f98a882d68c3bd02d61cbeed06f6a3d2/5cd00d9d44fc3474",
                "type": "forward"
              }
            ],
            "arn": "arn:aws:elasticloadbalancing:us-east-1:140023395225:listener-rule/app/linuxtips-ecs-cluster-internal/d71ffe1c2e9b64f1/c742af64abc41e40/acc7dfe596e63ede",
            "condition": [
              {
                "host_header": [
                  {
                    "values": [
                      "jaeger-collector.linuxtips-ecs-cluster.internal.com"
                    ]
                  }
                ],
                "http_header": [],
                "http_request_method": [],
                "path_pattern": [],
                "query_string": [],
                "source_ip": []
              }
            ],
            "id": "arn:aws:elasticloadbalancing:us-east-1:140023395225:listener-rule/app/linuxtips-ecs-cluster-internal/d71ffe1c2e9b64f1/c742af64abc41e40/acc7dfe596e63ede",
            "listener_arn": "arn:aws:elasticloadbalancing:us-east-1:140023395225:listener/app/linuxtips-ecs-cluster-internal/d71ffe1c2e9b64f1/c742af64abc41e40",
            "priority": 1,
            "tags": null,
            "tags_all": {}
          },
          "sensitive_attributes": [
            [
              {
                "type": "get_attr",
                "value": "listener_arn"
              }
            ]
          ],
          "private": "bnVsbA==",
          "dependencies": [
            "data.aws_ssm_parameter.listener_internal",
            "data.aws_ssm_parameter.vpc",
            "module.jaeger-collector.aws_alb_target_group.main"
          ]
        }
      ]
    },
    {
      "module": "module.jaeger-collector",
      "mode": "managed",
      "type": "aws_alb_target_group",
      "name": "main",
      "provider": "provider[\"registry.terraform.io/hashicorp/aws\"]",
      "instances": [
        {
          "schema_version": 0,
          "attributes": {
            "arn": "arn:aws:elasticloadbalancing:us-east-1:140023395225:targetgroup/f98a882d68c3bd02d61cbeed06f6a3d2/5cd00d9d44fc3474",
            "arn_suffix": "targetgroup/f98a882d68c3bd02d61cbeed06f6a3d2/5cd00d9d44fc3474",
            "connection_termination": null,
            "deregistration_delay": "300",
            "health_check": [
              {
                "enabled": true,
                "healthy_threshold": 3,
                "interval": 60,
                "matcher": "200-399",
                "path": "/",
                "port": "14269",
                "protocol": "HTTP",
                "timeout": 10,
                "unhealthy_threshold": 10
              }
            ],
            "id": "arn:aws:elasticloadbalancing:us-east-1:140023395225:targetgroup/f98a882d68c3bd02d61cbeed06f6a3d2/5cd00d9d44fc3474",
            "ip_address_type": "ipv4",
            "lambda_multi_value_headers_enabled": false,
            "load_balancer_arns": [],
            "load_balancing_algorithm_type": "round_robin",
            "load_balancing_anomaly_mitigation": "off",
            "load_balancing_cross_zone_enabled": "use_load_balancer_configuration",
            "name": "f98a882d68c3bd02d61cbeed06f6a3d2",
            "name_prefix": "f98a88",
            "port": 9411,
            "preserve_client_ip": null,
            "protocol": "HTTP",
            "protocol_version": "HTTP1",
            "proxy_protocol_v2": false,
            "slow_start": 0,
            "stickiness": [
              {
                "cookie_duration": 86400,
                "cookie_name": "",
                "enabled": false,
                "type": "lb_cookie"
              }
            ],
            "tags": null,
            "tags_all": {},
            "target_failover": [
              {
                "on_deregistration": null,
                "on_unhealthy": null
              }
            ],
            "target_group_health": [
              {
                "dns_failover": [
                  {
                    "minimum_healthy_targets_count": "1",
                    "minimum_healthy_targets_percentage": "off"
                  }
                ],
                "unhealthy_state_routing": [
                  {
                    "minimum_healthy_targets_count": 1,
                    "minimum_healthy_targets_percentage": "off"
                  }
                ]
              }
            ],
            "target_health_state": [
              {
                "enable_unhealthy_connection_termination": null,
                "unhealthy_draining_interval": null
              }
            ],
            "target_type": "ip",
            "vpc_id": "vpc-0079a63c3659c593b"
          },
          "sensitive_attributes": [
            [
              {
                "type": "get_attr",
                "value": "vpc_id"
              }
            ]
          ],
          "private": "bnVsbA==",
          "dependencies": [
            "data.aws_ssm_parameter.vpc"
          ]
        }
      ]
    },
    {
      "module": "module.jaeger-collector",
      "mode": "managed",
      "type": "aws_appautoscaling_target",
      "name": "main",
      "provider": "provider[\"registry.terraform.io/hashicorp/aws\"]",
      "instances": [
        {
          "schema_version": 0,
          "attributes": {
            "arn": "arn:aws:application-autoscaling:us-east-1:140023395225:scalable-target/0ec5411e056fde09473b8c70f2bf9aea01c8",
            "id": "service/linuxtips-ecs-cluster/nutrition-jaeger-collector",
            "max_capacity": 1,
            "min_capacity": 1,
            "resource_id": "service/linuxtips-ecs-cluster/nutrition-jaeger-collector",
            "role_arn": "arn:aws:iam::140023395225:role/aws-service-role/ecs.application-autoscaling.amazonaws.com/AWSServiceRoleForApplicationAutoScaling_ECSService",
            "scalable_dimension": "ecs:service:DesiredCount",
            "service_namespace": "ecs",
            "suspended_state": [
              {
                "dynamic_scaling_in_suspended": false,
                "dynamic_scaling_out_suspended": false,
                "scheduled_scaling_suspended": false
              }
            ],
            "tags": null,
            "tags_all": {}
          },
          "sensitive_attributes": [],
          "private": "bnVsbA==",
          "dependencies": [
            "aws_iam_role.main",
            "data.aws_ssm_parameter.private_subnet_1",
            "data.aws_ssm_parameter.private_subnet_2",
            "data.aws_ssm_parameter.private_subnet_3",
            "data.aws_ssm_parameter.service_connect_name",
            "data.aws_ssm_parameter.service_discovery_namespace",
            "data.aws_ssm_parameter.vpc",
            "module.jaeger-collector.aws_alb_target_group.main",
            "module.jaeger-collector.aws_cloudwatch_log_group.main",
            "module.jaeger-collector.aws_ecs_service.main",
            "module.jaeger-collector.aws_ecs_task_definition.main",
            "module.jaeger-collector.aws_iam_role.service_execution_role",
            "module.jaeger-collector.aws_security_group.main",
            "module.jaeger-collector.aws_service_discovery_service.main"
          ]
        }
      ]
    },
    {
      "module": "module.jaeger-collector",
      "mode": "managed",
      "type": "aws_cloudwatch_log_group",
      "name": "main",
      "provider": "provider[\"registry.terraform.io/hashicorp/aws\"]",
      "instances": [
        {
          "schema_version": 0,
          "attributes": {
            "arn": "arn:aws:logs:us-east-1:140023395225:log-group:linuxtips-ecs-cluster/nutrition-jaeger-collector/logs",
            "id": "linuxtips-ecs-cluster/nutrition-jaeger-collector/logs",
            "kms_key_id": "",
            "log_group_class": "STANDARD",
            "name": "linuxtips-ecs-cluster/nutrition-jaeger-collector/logs",
            "name_prefix": "",
            "retention_in_days": 0,
            "skip_destroy": false,
            "tags": null,
            "tags_all": {}
          },
          "sensitive_attributes": [],
          "private": "bnVsbA=="
        }
      ]
    },
    {
      "module": "module.jaeger-collector",
      "mode": "managed",
      "type": "aws_ecs_service",
      "name": "main",
      "provider": "provider[\"registry.terraform.io/hashicorp/aws\"]",
      "instances": [
        {
          "schema_version": 1,
          "attributes": {
            "alarms": [],
            "capacity_provider_strategy": [
              {
                "base": null,
                "capacity_provider": "FARGATE_SPOT",
                "weight": 100
              }
            ],
            "cluster": "linuxtips-ecs-cluster",
            "deployment_circuit_breaker": [
              {
                "enable": true,
                "rollback": true
              }
            ],
            "deployment_controller": [
              {
                "type": "ECS"
              }
            ],
            "deployment_maximum_percent": 200,
            "deployment_minimum_healthy_percent": 100,
            "desired_count": 1,
            "enable_ecs_managed_tags": false,
            "enable_execute_command": false,
            "force_delete": null,
            "force_new_deployment": null,
            "health_check_grace_period_seconds": 0,
            "iam_role": "/aws-service-role/ecs.amazonaws.com/AWSServiceRoleForECS",
            "id": "arn:aws:ecs:us-east-1:140023395225:service/linuxtips-ecs-cluster/nutrition-jaeger-collector",
            "launch_type": "",
            "load_balancer": [
              {
                "container_name": "nutrition-jaeger-collector",
                "container_port": 9411,
                "elb_name": "",
                "target_group_arn": "arn:aws:elasticloadbalancing:us-east-1:140023395225:targetgroup/f98a882d68c3bd02d61cbeed06f6a3d2/5cd00d9d44fc3474"
              }
            ],
            "name": "nutrition-jaeger-collector",
            "network_configuration": [
              {
                "assign_public_ip": false,
                "security_groups": [
                  "sg-00ce58171eea49b3e"
                ],
                "subnets": [
                  "subnet-08f2debe499751a08",
                  "subnet-0a38752b933399838",
                  "subnet-0f9d16dbdf4c5134f"
                ]
              }
            ],
            "ordered_placement_strategy": [],
            "placement_constraints": [],
            "platform_version": "LATEST",
            "propagate_tags": "NONE",
            "scheduling_strategy": "REPLICA",
            "service_connect_configuration": [
              {
                "enabled": true,
                "log_configuration": [],
                "namespace": "linuxtips-ecs-cluster.local",
                "service": [
                  {
                    "client_alias": [
                      {
                        "dns_name": "nutrition-jaeger-collector.linuxtips-ecs-cluster.local",
                        "port": 9411
                      }
                    ],
                    "discovery_name": "nutrition-jaeger-collector",
                    "ingress_port_override": 0,
                    "port_name": "nutrition-jaeger-collector",
                    "timeout": [],
                    "tls": []
                  }
                ]
              }
            ],
            "service_registries": [
              {
                "container_name": "nutrition-jaeger-collector",
                "container_port": 0,
                "port": 0,
                "registry_arn": "arn:aws:servicediscovery:us-east-1:140023395225:service/srv-4xeiznfwozh4x3rb"
              }
            ],
            "tags": null,
            "tags_all": {},
            "task_definition": "arn:aws:ecs:us-east-1:140023395225:task-definition/linuxtips-ecs-cluster-nutrition-jaeger-collector:3",
            "timeouts": null,
            "triggers": {},
            "volume_configuration": [],
            "wait_for_steady_state": false
          },
          "sensitive_attributes": [
            [
              {
                "type": "get_attr",
                "value": "network_configuration"
              },
              {
                "type": "index",
                "value": {
                  "value": 0,
                  "type": "number"
                }
              },
              {
                "type": "get_attr",
                "value": "subnets"
              }
            ],
            [
              {
                "type": "get_attr",
                "value": "service_connect_configuration"
              },
              {
                "type": "index",
                "value": {
                  "value": 0,
                  "type": "number"
                }
              },
              {
                "type": "get_attr",
                "value": "namespace"
              }
            ],
            [
              {
                "type": "get_attr",
                "value": "service_connect_configuration"
              },
              {
                "type": "index",
                "value": {
                  "value": 0,
                  "type": "number"
                }
              },
              {
                "type": "get_attr",
                "value": "service"
              },
              {
                "type": "index",
                "value": {
                  "value": 0,
                  "type": "number"
                }
              },
              {
                "type": "get_attr",
                "value": "client_alias"
              },
              {
                "type": "index",
                "value": {
                  "value": 0,
                  "type": "number"
                }
              },
              {
                "type": "get_attr",
                "value": "dns_name"
              }
            ]
          ],
          "private": "eyJlMmJmYjczMC1lY2FhLTExZTYtOGY4OC0zNDM2M2JjN2M0YzAiOnsiY3JlYXRlIjoxMjAwMDAwMDAwMDAwLCJkZWxldGUiOjEyMDAwMDAwMDAwMDAsInVwZGF0ZSI6MTIwMDAwMDAwMDAwMH0sInNjaGVtYV92ZXJzaW9uIjoiMSJ9",
          "dependencies": [
            "aws_iam_role.main",
            "data.aws_ssm_parameter.private_subnet_1",
            "data.aws_ssm_parameter.private_subnet_2",
            "data.aws_ssm_parameter.private_subnet_3",
            "data.aws_ssm_parameter.service_connect_name",
            "data.aws_ssm_parameter.service_discovery_namespace",
            "data.aws_ssm_parameter.vpc",
            "module.jaeger-collector.aws_alb_target_group.main",
            "module.jaeger-collector.aws_cloudwatch_log_group.main",
            "module.jaeger-collector.aws_ecs_task_definition.main",
            "module.jaeger-collector.aws_iam_role.service_execution_role",
            "module.jaeger-collector.aws_security_group.main",
            "module.jaeger-collector.aws_service_discovery_service.main"
          ]
        }
      ]
    },
    {
      "module": "module.jaeger-collector",
      "mode": "managed",
      "type": "aws_ecs_task_definition",
      "name": "main",
      "provider": "provider[\"registry.terraform.io/hashicorp/aws\"]",
      "instances": [
        {
          "schema_version": 1,
          "attributes": {
            "arn": "arn:aws:ecs:us-east-1:140023395225:task-definition/linuxtips-ecs-cluster-nutrition-jaeger-collector:3",
            "arn_without_revision": "arn:aws:ecs:us-east-1:140023395225:task-definition/linuxtips-ecs-cluster-nutrition-jaeger-collector",
            "container_definitions": "[{\"cpu\":512,\"environment\":[{\"name\":\"COLLECTOR_ZIPKIN_HOST_PORT\",\"value\":\":9411\"}],\"essential\":true,\"image\":\"jaegertracing/all-in-one:1.57\",\"logConfiguration\":{\"logDriver\":\"awslogs\",\"options\":{\"awslogs-region\":\"us-east-1\",\"awslogs-stream-prefix\":\"nutrition-jaeger-collector\",\"awslogs-group\":\"linuxtips-ecs-cluster/nutrition-jaeger-collector/logs\"}},\"memory\":1024,\"mountPoints\":[],\"name\":\"nutrition-jaeger-collector\",\"portMappings\":[{\"appProtocol\":\"http\",\"containerPort\":9411,\"hostPort\":9411,\"name\":\"nutrition-jaeger-collector\",\"protocol\":\"tcp\"}],\"secrets\":[],\"systemControls\":[],\"volumesFrom\":[]}]",
            "cpu": "512",
            "ephemeral_storage": [],
            "execution_role_arn": "arn:aws:iam::140023395225:role/linuxtips-ecs-cluster-nutrition-jaeger-collector-service-role",
            "family": "linuxtips-ecs-cluster-nutrition-jaeger-collector",
            "id": "linuxtips-ecs-cluster-nutrition-jaeger-collector",
            "inference_accelerator": [],
            "ipc_mode": "",
            "memory": "1024",
            "network_mode": "awsvpc",
            "pid_mode": "",
            "placement_constraints": [],
            "proxy_configuration": [],
            "requires_compatibilities": null,
            "revision": 3,
            "runtime_platform": [],
            "skip_destroy": false,
            "tags": null,
            "tags_all": {},
            "task_role_arn": "arn:aws:iam::140023395225:role/nutrition-role",
            "track_latest": false,
            "volume": []
          },
          "sensitive_attributes": [],
          "private": "eyJzY2hlbWFfdmVyc2lvbiI6IjEifQ==",
          "dependencies": [
            "aws_iam_role.main",
            "module.jaeger-collector.aws_cloudwatch_log_group.main",
            "module.jaeger-collector.aws_iam_role.service_execution_role"
          ]
        }
      ]
    },
    {
      "module": "module.jaeger-collector",
      "mode": "managed",
      "type": "aws_iam_role",
      "name": "service_execution_role",
      "provider": "provider[\"registry.terraform.io/hashicorp/aws\"]",
      "instances": [
        {
          "schema_version": 0,
          "attributes": {
            "arn": "arn:aws:iam::140023395225:role/linuxtips-ecs-cluster-nutrition-jaeger-collector-service-role",
            "assume_role_policy": "{\"Statement\":[{\"Action\":\"sts:AssumeRole\",\"Effect\":\"Allow\",\"Principal\":{\"Service\":\"ecs-tasks.amazonaws.com\"},\"Sid\":\"\"}],\"Version\":\"2012-10-17\"}",
            "create_date": "2024-11-09T13:43:24Z",
            "description": "",
            "force_detach_policies": false,
            "id": "linuxtips-ecs-cluster-nutrition-jaeger-collector-service-role",
            "inline_policy": [],
            "managed_policy_arns": [],
            "max_session_duration": 3600,
            "name": "linuxtips-ecs-cluster-nutrition-jaeger-collector-service-role",
            "name_prefix": "",
            "path": "/",
            "permissions_boundary": "",
            "tags": null,
            "tags_all": {},
            "unique_id": "AROASBGQLOOMUSTIS72OT"
          },
          "sensitive_attributes": [],
          "private": "bnVsbA=="
        }
      ]
    },
    {
      "module": "module.jaeger-collector",
      "mode": "managed",
      "type": "aws_iam_role_policy",
      "name": "service_execution_role",
      "provider": "provider[\"registry.terraform.io/hashicorp/aws\"]",
      "instances": [
        {
          "schema_version": 0,
          "attributes": {
            "id": "linuxtips-ecs-cluster-nutrition-jaeger-collector-service-role:linuxtips-ecs-cluster-nutrition-jaeger-collector-service-policy",
            "name": "linuxtips-ecs-cluster-nutrition-jaeger-collector-service-policy",
            "name_prefix": "",
            "policy": "{\"Version\":\"2012-10-17\",\"Statement\":[{\"Action\":[\"elasticloadbalancing:DeregisterInstancesFromLoadBalancer\",\"elasticloadbalancing:DeregisterTargets\",\"elasticloadbalancing:Describe*\",\"elasticloadbalancing:RegisterInstancesWithLoadBalancer\",\"elasticloadbalancing:RegisterTargets\",\"ec2:Describe*\",\"ec2:AuthorizeSecurityGroupIngress\",\"ecr:GetAuthorizationToken\",\"ecr:BatchCheckLayerAvailability\",\"ecr:GetDownloadUrlForLayer\",\"ecr:BatchGetImage\",\"logs:CreateLogStream\",\"logs:PutLogEvents\",\"ssm:GetParameters\",\"secretsmanager:GetSecretValue\"],\"Effect\":\"Allow\",\"Resource\":\"*\"}]}",
            "role": "linuxtips-ecs-cluster-nutrition-jaeger-collector-service-role"
          },
          "sensitive_attributes": [],
          "private": "bnVsbA==",
          "dependencies": [
            "module.jaeger-collector.aws_iam_role.service_execution_role"
          ]
        }
      ]
    },
    {
      "module": "module.jaeger-collector",
      "mode": "managed",
      "type": "aws_security_group",
      "name": "main",
      "provider": "provider[\"registry.terraform.io/hashicorp/aws\"]",
      "instances": [
        {
          "schema_version": 1,
          "attributes": {
            "arn": "arn:aws:ec2:us-east-1:140023395225:security-group/sg-00ce58171eea49b3e",
            "description": "Managed by Terraform",
            "egress": [
              {
                "cidr_blocks": [
                  "0.0.0.0/0"
                ],
                "description": "",
                "from_port": 0,
                "ipv6_cidr_blocks": [],
                "prefix_list_ids": [],
                "protocol": "-1",
                "security_groups": [],
                "self": false,
                "to_port": 0
              }
            ],
            "id": "sg-00ce58171eea49b3e",
            "ingress": [
              {
                "cidr_blocks": [
                  "0.0.0.0/0"
                ],
                "description": "",
                "from_port": 0,
                "ipv6_cidr_blocks": [],
                "prefix_list_ids": [],
                "protocol": "tcp",
                "security_groups": [],
                "self": false,
                "to_port": 65535
              },
              {
                "cidr_blocks": [
                  "0.0.0.0/0"
                ],
                "description": "",
                "from_port": 9411,
                "ipv6_cidr_blocks": [],
                "prefix_list_ids": [],
                "protocol": "tcp",
                "security_groups": [],
                "self": false,
                "to_port": 9411
              }
            ],
            "name": "linuxtips-ecs-cluster-nutrition-jaeger-collector",
            "name_prefix": "",
            "owner_id": "140023395225",
            "revoke_rules_on_delete": false,
            "tags": null,
            "tags_all": {},
            "timeouts": null,
            "vpc_id": "vpc-0079a63c3659c593b"
          },
          "sensitive_attributes": [
            [
              {
                "type": "get_attr",
                "value": "vpc_id"
              }
            ]
          ],
          "private": "eyJlMmJmYjczMC1lY2FhLTExZTYtOGY4OC0zNDM2M2JjN2M0YzAiOnsiY3JlYXRlIjo2MDAwMDAwMDAwMDAsImRlbGV0ZSI6OTAwMDAwMDAwMDAwfSwic2NoZW1hX3ZlcnNpb24iOiIxIn0=",
          "dependencies": [
            "data.aws_ssm_parameter.vpc"
          ]
        }
      ]
    },
    {
      "module": "module.jaeger-collector",
      "mode": "managed",
      "type": "aws_service_discovery_service",
      "name": "main",
      "provider": "provider[\"registry.terraform.io/hashicorp/aws\"]",
      "instances": [
        {
          "index_key": 0,
          "schema_version": 0,
          "attributes": {
            "arn": "arn:aws:servicediscovery:us-east-1:140023395225:service/srv-4xeiznfwozh4x3rb",
            "description": "",
            "dns_config": [
              {
                "dns_records": [
                  {
                    "ttl": 10,
                    "type": "A"
                  }
                ],
                "namespace_id": "ns-fgeisworjwbr422k",
                "routing_policy": "MULTIVALUE"
              }
            ],
            "force_destroy": false,
            "health_check_config": [],
            "health_check_custom_config": [
              {
                "failure_threshold": 1
              }
            ],
            "id": "srv-4xeiznfwozh4x3rb",
            "name": "nutrition-jaeger-collector",
            "namespace_id": "ns-fgeisworjwbr422k",
            "tags": null,
            "tags_all": {},
            "type": "DNS_HTTP"
          },
          "sensitive_attributes": [
            [
              {
                "type": "get_attr",
                "value": "dns_config"
              },
              {
                "type": "index",
                "value": {
                  "value": 0,
                  "type": "number"
                }
              },
              {
                "type": "get_attr",
                "value": "namespace_id"
              }
            ]
          ],
          "private": "bnVsbA==",
          "dependencies": [
            "data.aws_ssm_parameter.service_discovery_namespace"
          ]
        }
      ]
    },
    {
      "module": "module.proteins",
      "mode": "data",
      "type": "aws_alb",
      "name": "main",
      "provider": "provider[\"registry.terraform.io/hashicorp/aws\"]",
      "instances": [
        {
          "schema_version": 0,
          "attributes": {
            "access_logs": [
              {
                "bucket": "",
                "enabled": false,
                "prefix": ""
              }
            ],
            "arn": "arn:aws:elasticloadbalancing:us-east-1:140023395225:loadbalancer/app/linuxtips-ecs-cluster-internal/d71ffe1c2e9b64f1",
            "arn_suffix": "app/linuxtips-ecs-cluster-internal/d71ffe1c2e9b64f1",
            "client_keep_alive": 3600,
            "connection_logs": [
              {
                "bucket": "",
                "enabled": false,
                "prefix": ""
              }
            ],
            "customer_owned_ipv4_pool": "",
            "desync_mitigation_mode": "defensive",
            "dns_name": "internal-linuxtips-ecs-cluster-internal-508168171.us-east-1.elb.amazonaws.com",
            "dns_record_client_routing_policy": null,
            "drop_invalid_header_fields": false,
            "enable_cross_zone_load_balancing": true,
            "enable_deletion_protection": false,
            "enable_http2": true,
            "enable_tls_version_and_cipher_suite_headers": false,
            "enable_waf_fail_open": false,
            "enable_xff_client_port": false,
            "enable_zonal_shift": null,
            "enforce_security_group_inbound_rules_on_private_link_traffic": "",
            "id": "arn:aws:elasticloadbalancing:us-east-1:140023395225:loadbalancer/app/linuxtips-ecs-cluster-internal/d71ffe1c2e9b64f1",
            "idle_timeout": 60,
            "internal": true,
            "ip_address_type": "ipv4",
            "load_balancer_type": "application",
            "name": "linuxtips-ecs-cluster-internal",
            "preserve_host_header": false,
            "security_groups": [
              "sg-02e941a6098c78847"
            ],
            "subnet_mapping": [
              {
                "allocation_id": "",
                "ipv6_address": "",
                "outpost_id": "",
                "private_ipv4_address": "",
                "subnet_id": "subnet-08f2debe499751a08"
              },
              {
                "allocation_id": "",
                "ipv6_address": "",
                "outpost_id": "",
                "private_ipv4_address": "",
                "subnet_id": "subnet-0a38752b933399838"
              },
              {
                "allocation_id": "",
                "ipv6_address": "",
                "outpost_id": "",
                "private_ipv4_address": "",
                "subnet_id": "subnet-0f9d16dbdf4c5134f"
              }
            ],
            "subnets": [
              "subnet-08f2debe499751a08",
              "subnet-0a38752b933399838",
              "subnet-0f9d16dbdf4c5134f"
            ],
            "tags": {},
            "timeouts": null,
            "vpc_id": "vpc-0079a63c3659c593b",
            "xff_header_processing_mode": "append",
            "zone_id": "Z35SXDOTRQ7X7K"
          },
          "sensitive_attributes": [
            [
              {
                "type": "get_attr",
                "value": "arn"
              }
            ]
          ]
        }
      ]
    },
    {
      "module": "module.proteins",
      "mode": "managed",
      "type": "aws_alb_listener_rule",
      "name": "main",
      "provider": "provider[\"registry.terraform.io/hashicorp/aws\"]",
      "instances": [
        {
          "schema_version": 0,
          "attributes": {
            "action": [
              {
                "authenticate_cognito": [],
                "authenticate_oidc": [],
                "fixed_response": [],
                "forward": [],
                "order": 1,
                "redirect": [],
                "target_group_arn": "arn:aws:elasticloadbalancing:us-east-1:140023395225:targetgroup/319d74f0a6f7645ddcfe8410ece1cd28/5d63f5c3008133ed",
                "type": "forward"
              }
            ],
            "arn": "arn:aws:elasticloadbalancing:us-east-1:140023395225:listener-rule/app/linuxtips-ecs-cluster-internal/d71ffe1c2e9b64f1/c742af64abc41e40/37d66e97362165e2",
            "condition": [
              {
                "host_header": [
                  {
                    "values": [
                      "proteins.linuxtips-ecs-cluster.internal.com"
                    ]
                  }
                ],
                "http_header": [],
                "http_request_method": [],
                "path_pattern": [],
                "query_string": [],
                "source_ip": []
              }
            ],
            "id": "arn:aws:elasticloadbalancing:us-east-1:140023395225:listener-rule/app/linuxtips-ecs-cluster-internal/d71ffe1c2e9b64f1/c742af64abc41e40/37d66e97362165e2",
            "listener_arn": "arn:aws:elasticloadbalancing:us-east-1:140023395225:listener/app/linuxtips-ecs-cluster-internal/d71ffe1c2e9b64f1/c742af64abc41e40",
            "priority": 2,
            "tags": null,
            "tags_all": {}
          },
          "sensitive_attributes": [
            [
              {
                "type": "get_attr",
                "value": "listener_arn"
              }
            ]
          ],
          "private": "bnVsbA==",
          "dependencies": [
            "data.aws_ssm_parameter.listener_internal",
            "data.aws_ssm_parameter.vpc",
            "module.proteins.aws_alb_target_group.main"
          ]
        }
      ]
    },
    {
      "module": "module.proteins",
      "mode": "managed",
      "type": "aws_alb_target_group",
      "name": "main",
      "provider": "provider[\"registry.terraform.io/hashicorp/aws\"]",
      "instances": [
        {
          "schema_version": 0,
          "attributes": {
            "arn": "arn:aws:elasticloadbalancing:us-east-1:140023395225:targetgroup/319d74f0a6f7645ddcfe8410ece1cd28/5d63f5c3008133ed",
            "arn_suffix": "targetgroup/319d74f0a6f7645ddcfe8410ece1cd28/5d63f5c3008133ed",
            "connection_termination": null,
            "deregistration_delay": "300",
            "health_check": [
              {
                "enabled": true,
                "healthy_threshold": 3,
                "interval": 60,
                "matcher": "200-399",
                "path": "/healthz",
                "port": "8080",
                "protocol": "HTTP",
                "timeout": 10,
                "unhealthy_threshold": 10
              }
            ],
            "id": "arn:aws:elasticloadbalancing:us-east-1:140023395225:targetgroup/319d74f0a6f7645ddcfe8410ece1cd28/5d63f5c3008133ed",
            "ip_address_type": "ipv4",
            "lambda_multi_value_headers_enabled": false,
            "load_balancer_arns": [],
            "load_balancing_algorithm_type": "round_robin",
            "load_balancing_anomaly_mitigation": "off",
            "load_balancing_cross_zone_enabled": "use_load_balancer_configuration",
            "name": "319d74f0a6f7645ddcfe8410ece1cd28",
            "name_prefix": "319d74",
            "port": 30000,
            "preserve_client_ip": null,
            "protocol": "HTTP",
            "protocol_version": "HTTP1",
            "proxy_protocol_v2": false,
            "slow_start": 0,
            "stickiness": [
              {
                "cookie_duration": 86400,
                "cookie_name": "",
                "enabled": false,
                "type": "lb_cookie"
              }
            ],
            "tags": null,
            "tags_all": {},
            "target_failover": [
              {
                "on_deregistration": null,
                "on_unhealthy": null
              }
            ],
            "target_group_health": [
              {
                "dns_failover": [
                  {
                    "minimum_healthy_targets_count": "1",
                    "minimum_healthy_targets_percentage": "off"
                  }
                ],
                "unhealthy_state_routing": [
                  {
                    "minimum_healthy_targets_count": 1,
                    "minimum_healthy_targets_percentage": "off"
                  }
                ]
              }
            ],
            "target_health_state": [
              {
                "enable_unhealthy_connection_termination": null,
                "unhealthy_draining_interval": null
              }
            ],
            "target_type": "ip",
            "vpc_id": "vpc-0079a63c3659c593b"
          },
          "sensitive_attributes": [
            [
              {
                "type": "get_attr",
                "value": "vpc_id"
              }
            ]
          ],
          "private": "bnVsbA==",
          "dependencies": [
            "data.aws_ssm_parameter.vpc"
          ]
        }
      ]
    },
    {
      "module": "module.proteins",
      "mode": "managed",
      "type": "aws_appautoscaling_target",
      "name": "main",
      "provider": "provider[\"registry.terraform.io/hashicorp/aws\"]",
      "instances": [
        {
          "schema_version": 0,
          "attributes": {
            "arn": "arn:aws:application-autoscaling:us-east-1:140023395225:scalable-target/0ec51a650992cb32454aa774755085e51850",
            "id": "service/linuxtips-ecs-cluster/nutrition-proteins",
            "max_capacity": 3,
            "min_capacity": 1,
            "resource_id": "service/linuxtips-ecs-cluster/nutrition-proteins",
            "role_arn": "arn:aws:iam::140023395225:role/aws-service-role/ecs.application-autoscaling.amazonaws.com/AWSServiceRoleForApplicationAutoScaling_ECSService",
            "scalable_dimension": "ecs:service:DesiredCount",
            "service_namespace": "ecs",
            "suspended_state": [
              {
                "dynamic_scaling_in_suspended": false,
                "dynamic_scaling_out_suspended": false,
                "scheduled_scaling_suspended": false
              }
            ],
            "tags": null,
            "tags_all": {}
          },
          "sensitive_attributes": [],
          "private": "bnVsbA==",
          "dependencies": [
            "aws_iam_role.main",
            "data.aws_ssm_parameter.private_subnet_1",
            "data.aws_ssm_parameter.private_subnet_2",
            "data.aws_ssm_parameter.private_subnet_3",
            "data.aws_ssm_parameter.service_connect_name",
            "data.aws_ssm_parameter.service_discovery_namespace",
            "data.aws_ssm_parameter.vpc",
            "module.proteins.aws_alb_target_group.main",
            "module.proteins.aws_cloudwatch_log_group.main",
            "module.proteins.aws_ecs_service.main",
            "module.proteins.aws_ecs_task_definition.main",
            "module.proteins.aws_iam_role.service_execution_role",
            "module.proteins.aws_security_group.main",
            "module.proteins.aws_service_discovery_service.main"
          ]
        }
      ]
    },
    {
      "module": "module.proteins",
      "mode": "managed",
      "type": "aws_cloudwatch_log_group",
      "name": "main",
      "provider": "provider[\"registry.terraform.io/hashicorp/aws\"]",
      "instances": [
        {
          "schema_version": 0,
          "attributes": {
            "arn": "arn:aws:logs:us-east-1:140023395225:log-group:linuxtips-ecs-cluster/nutrition-proteins/logs",
            "id": "linuxtips-ecs-cluster/nutrition-proteins/logs",
            "kms_key_id": "",
            "log_group_class": "STANDARD",
            "name": "linuxtips-ecs-cluster/nutrition-proteins/logs",
            "name_prefix": "",
            "retention_in_days": 0,
            "skip_destroy": false,
            "tags": null,
            "tags_all": {}
          },
          "sensitive_attributes": [],
          "private": "bnVsbA=="
        }
      ]
    },
    {
      "module": "module.proteins",
      "mode": "managed",
      "type": "aws_ecs_service",
      "name": "main",
      "provider": "provider[\"registry.terraform.io/hashicorp/aws\"]",
      "instances": [
        {
          "schema_version": 1,
          "attributes": {
            "alarms": [],
            "capacity_provider_strategy": [
              {
                "base": null,
                "capacity_provider": "FARGATE_SPOT",
                "weight": 100
              }
            ],
            "cluster": "linuxtips-ecs-cluster",
            "deployment_circuit_breaker": [
              {
                "enable": true,
                "rollback": true
              }
            ],
            "deployment_controller": [
              {
                "type": "ECS"
              }
            ],
            "deployment_maximum_percent": 200,
            "deployment_minimum_healthy_percent": 100,
            "desired_count": 1,
            "enable_ecs_managed_tags": false,
            "enable_execute_command": false,
            "force_delete": null,
            "force_new_deployment": null,
            "health_check_grace_period_seconds": 0,
            "iam_role": "/aws-service-role/ecs.amazonaws.com/AWSServiceRoleForECS",
            "id": "arn:aws:ecs:us-east-1:140023395225:service/linuxtips-ecs-cluster/nutrition-proteins",
            "launch_type": "",
            "load_balancer": [
              {
                "container_name": "nutrition-proteins",
                "container_port": 30000,
                "elb_name": "",
                "target_group_arn": "arn:aws:elasticloadbalancing:us-east-1:140023395225:targetgroup/319d74f0a6f7645ddcfe8410ece1cd28/5d63f5c3008133ed"
              }
            ],
            "name": "nutrition-proteins",
            "network_configuration": [
              {
                "assign_public_ip": false,
                "security_groups": [
                  "sg-06c6c0c77b50d39e8"
                ],
                "subnets": [
                  "subnet-08f2debe499751a08",
                  "subnet-0a38752b933399838",
                  "subnet-0f9d16dbdf4c5134f"
                ]
              }
            ],
            "ordered_placement_strategy": [],
            "placement_constraints": [],
            "platform_version": "LATEST",
            "propagate_tags": "NONE",
            "scheduling_strategy": "REPLICA",
            "service_connect_configuration": [
              {
                "enabled": true,
                "log_configuration": [],
                "namespace": "linuxtips-ecs-cluster.local",
                "service": [
                  {
                    "client_alias": [
                      {
                        "dns_name": "nutrition-proteins.linuxtips-ecs-cluster.local",
                        "port": 30000
                      }
                    ],
                    "discovery_name": "nutrition-proteins",
                    "ingress_port_override": 0,
                    "port_name": "nutrition-proteins",
                    "timeout": [],
                    "tls": []
                  }
                ]
              }
            ],
            "service_registries": [
              {
                "container_name": "nutrition-proteins",
                "container_port": 0,
                "port": 0,
                "registry_arn": "arn:aws:servicediscovery:us-east-1:140023395225:service/srv-dhtrteezolmmk5pi"
              }
            ],
            "tags": null,
            "tags_all": {},
            "task_definition": "arn:aws:ecs:us-east-1:140023395225:task-definition/linuxtips-ecs-cluster-nutrition-proteins:3",
            "timeouts": null,
            "triggers": {},
            "volume_configuration": [],
            "wait_for_steady_state": false
          },
          "sensitive_attributes": [
            [
              {
                "type": "get_attr",
                "value": "network_configuration"
              },
              {
                "type": "index",
                "value": {
                  "value": 0,
                  "type": "number"
                }
              },
              {
                "type": "get_attr",
                "value": "subnets"
              }
            ],
            [
              {
                "type": "get_attr",
                "value": "service_connect_configuration"
              },
              {
                "type": "index",
                "value": {
                  "value": 0,
                  "type": "number"
                }
              },
              {
                "type": "get_attr",
                "value": "namespace"
              }
            ],
            [
              {
                "type": "get_attr",
                "value": "service_connect_configuration"
              },
              {
                "type": "index",
                "value": {
                  "value": 0,
                  "type": "number"
                }
              },
              {
                "type": "get_attr",
                "value": "service"
              },
              {
                "type": "index",
                "value": {
                  "value": 0,
                  "type": "number"
                }
              },
              {
                "type": "get_attr",
                "value": "client_alias"
              },
              {
                "type": "index",
                "value": {
                  "value": 0,
                  "type": "number"
                }
              },
              {
                "type": "get_attr",
                "value": "dns_name"
              }
            ]
          ],
          "private": "eyJlMmJmYjczMC1lY2FhLTExZTYtOGY4OC0zNDM2M2JjN2M0YzAiOnsiY3JlYXRlIjoxMjAwMDAwMDAwMDAwLCJkZWxldGUiOjEyMDAwMDAwMDAwMDAsInVwZGF0ZSI6MTIwMDAwMDAwMDAwMH0sInNjaGVtYV92ZXJzaW9uIjoiMSJ9",
          "dependencies": [
            "aws_iam_role.main",
            "data.aws_ssm_parameter.private_subnet_1",
            "data.aws_ssm_parameter.private_subnet_2",
            "data.aws_ssm_parameter.private_subnet_3",
            "data.aws_ssm_parameter.service_connect_name",
            "data.aws_ssm_parameter.service_discovery_namespace",
            "data.aws_ssm_parameter.vpc",
            "module.proteins.aws_alb_target_group.main",
            "module.proteins.aws_cloudwatch_log_group.main",
            "module.proteins.aws_ecs_task_definition.main",
            "module.proteins.aws_iam_role.service_execution_role",
            "module.proteins.aws_security_group.main",
            "module.proteins.aws_service_discovery_service.main"
          ]
        }
      ]
    },
    {
      "module": "module.proteins",
      "mode": "managed",
      "type": "aws_ecs_task_definition",
      "name": "main",
      "provider": "provider[\"registry.terraform.io/hashicorp/aws\"]",
      "instances": [
        {
          "schema_version": 1,
          "attributes": {
            "arn": "arn:aws:ecs:us-east-1:140023395225:task-definition/linuxtips-ecs-cluster-nutrition-proteins:3",
            "arn_without_revision": "arn:aws:ecs:us-east-1:140023395225:task-definition/linuxtips-ecs-cluster-nutrition-proteins",
            "container_definitions": "[{\"cpu\":256,\"environment\":[{\"name\":\"ZIPKIN_COLLECTOR_ENDPOINT\",\"value\":\"http://jaeger-collector.linuxtips-ecs-cluster.internal.com:80\"}],\"essential\":true,\"image\":\"fidelissauro/proteins-grpc-service:latest\",\"logConfiguration\":{\"logDriver\":\"awslogs\",\"options\":{\"awslogs-group\":\"linuxtips-ecs-cluster/nutrition-proteins/logs\",\"awslogs-region\":\"us-east-1\",\"awslogs-stream-prefix\":\"nutrition-proteins\"}},\"memory\":512,\"mountPoints\":[],\"name\":\"nutrition-proteins\",\"portMappings\":[{\"appProtocol\":\"grpc\",\"containerPort\":30000,\"hostPort\":30000,\"name\":\"nutrition-proteins\",\"protocol\":\"tcp\"}],\"secrets\":[],\"systemControls\":[],\"volumesFrom\":[]}]",
            "cpu": "256",
            "ephemeral_storage": [],
            "execution_role_arn": "arn:aws:iam::140023395225:role/linuxtips-ecs-cluster-nutrition-proteins-service-role",
            "family": "linuxtips-ecs-cluster-nutrition-proteins",
            "id": "linuxtips-ecs-cluster-nutrition-proteins",
            "inference_accelerator": [],
            "ipc_mode": "",
            "memory": "512",
            "network_mode": "awsvpc",
            "pid_mode": "",
            "placement_constraints": [],
            "proxy_configuration": [],
            "requires_compatibilities": null,
            "revision": 3,
            "runtime_platform": [],
            "skip_destroy": false,
            "tags": null,
            "tags_all": {},
            "task_role_arn": "arn:aws:iam::140023395225:role/nutrition-role",
            "track_latest": false,
            "volume": []
          },
          "sensitive_attributes": [],
          "private": "eyJzY2hlbWFfdmVyc2lvbiI6IjEifQ==",
          "dependencies": [
            "aws_iam_role.main",
            "module.proteins.aws_cloudwatch_log_group.main",
            "module.proteins.aws_iam_role.service_execution_role"
          ]
        }
      ]
    },
    {
      "module": "module.proteins",
      "mode": "managed",
      "type": "aws_iam_role",
      "name": "service_execution_role",
      "provider": "provider[\"registry.terraform.io/hashicorp/aws\"]",
      "instances": [
        {
          "schema_version": 0,
          "attributes": {
            "arn": "arn:aws:iam::140023395225:role/linuxtips-ecs-cluster-nutrition-proteins-service-role",
            "assume_role_policy": "{\"Statement\":[{\"Action\":\"sts:AssumeRole\",\"Effect\":\"Allow\",\"Principal\":{\"Service\":\"ecs-tasks.amazonaws.com\"},\"Sid\":\"\"}],\"Version\":\"2012-10-17\"}",
            "create_date": "2024-11-09T13:43:23Z",
            "description": "",
            "force_detach_policies": false,
            "id": "linuxtips-ecs-cluster-nutrition-proteins-service-role",
            "inline_policy": [],
            "managed_policy_arns": [],
            "max_session_duration": 3600,
            "name": "linuxtips-ecs-cluster-nutrition-proteins-service-role",
            "name_prefix": "",
            "path": "/",
            "permissions_boundary": "",
            "tags": null,
            "tags_all": {},
            "unique_id": "AROASBGQLOOMY6CLSTL5W"
          },
          "sensitive_attributes": [],
          "private": "bnVsbA=="
        }
      ]
    },
    {
      "module": "module.proteins",
      "mode": "managed",
      "type": "aws_iam_role_policy",
      "name": "service_execution_role",
      "provider": "provider[\"registry.terraform.io/hashicorp/aws\"]",
      "instances": [
        {
          "schema_version": 0,
          "attributes": {
            "id": "linuxtips-ecs-cluster-nutrition-proteins-service-role:linuxtips-ecs-cluster-nutrition-proteins-service-policy",
            "name": "linuxtips-ecs-cluster-nutrition-proteins-service-policy",
            "name_prefix": "",
            "policy": "{\"Version\":\"2012-10-17\",\"Statement\":[{\"Action\":[\"elasticloadbalancing:DeregisterInstancesFromLoadBalancer\",\"elasticloadbalancing:DeregisterTargets\",\"elasticloadbalancing:Describe*\",\"elasticloadbalancing:RegisterInstancesWithLoadBalancer\",\"elasticloadbalancing:RegisterTargets\",\"ec2:Describe*\",\"ec2:AuthorizeSecurityGroupIngress\",\"ecr:GetAuthorizationToken\",\"ecr:BatchCheckLayerAvailability\",\"ecr:GetDownloadUrlForLayer\",\"ecr:BatchGetImage\",\"logs:CreateLogStream\",\"logs:PutLogEvents\",\"ssm:GetParameters\",\"secretsmanager:GetSecretValue\"],\"Effect\":\"Allow\",\"Resource\":\"*\"}]}",
            "role": "linuxtips-ecs-cluster-nutrition-proteins-service-role"
          },
          "sensitive_attributes": [],
          "private": "bnVsbA==",
          "dependencies": [
            "module.proteins.aws_iam_role.service_execution_role"
          ]
        }
      ]
    },
    {
      "module": "module.proteins",
      "mode": "managed",
      "type": "aws_security_group",
      "name": "main",
      "provider": "provider[\"registry.terraform.io/hashicorp/aws\"]",
      "instances": [
        {
          "schema_version": 1,
          "attributes": {
            "arn": "arn:aws:ec2:us-east-1:140023395225:security-group/sg-06c6c0c77b50d39e8",
            "description": "Managed by Terraform",
            "egress": [
              {
                "cidr_blocks": [
                  "0.0.0.0/0"
                ],
                "description": "",
                "from_port": 0,
                "ipv6_cidr_blocks": [],
                "prefix_list_ids": [],
                "protocol": "-1",
                "security_groups": [],
                "self": false,
                "to_port": 0
              }
            ],
            "id": "sg-06c6c0c77b50d39e8",
            "ingress": [
              {
                "cidr_blocks": [
                  "0.0.0.0/0"
                ],
                "description": "",
                "from_port": 0,
                "ipv6_cidr_blocks": [],
                "prefix_list_ids": [],
                "protocol": "tcp",
                "security_groups": [],
                "self": false,
                "to_port": 65535
              },
              {
                "cidr_blocks": [
                  "0.0.0.0/0"
                ],
                "description": "",
                "from_port": 30000,
                "ipv6_cidr_blocks": [],
                "prefix_list_ids": [],
                "protocol": "tcp",
                "security_groups": [],
                "self": false,
                "to_port": 30000
              }
            ],
            "name": "linuxtips-ecs-cluster-nutrition-proteins",
            "name_prefix": "",
            "owner_id": "140023395225",
            "revoke_rules_on_delete": false,
            "tags": null,
            "tags_all": {},
            "timeouts": null,
            "vpc_id": "vpc-0079a63c3659c593b"
          },
          "sensitive_attributes": [
            [
              {
                "type": "get_attr",
                "value": "vpc_id"
              }
            ]
          ],
          "private": "eyJlMmJmYjczMC1lY2FhLTExZTYtOGY4OC0zNDM2M2JjN2M0YzAiOnsiY3JlYXRlIjo2MDAwMDAwMDAwMDAsImRlbGV0ZSI6OTAwMDAwMDAwMDAwfSwic2NoZW1hX3ZlcnNpb24iOiIxIn0=",
          "dependencies": [
            "data.aws_ssm_parameter.vpc"
          ]
        }
      ]
    },
    {
      "module": "module.proteins",
      "mode": "managed",
      "type": "aws_service_discovery_service",
      "name": "main",
      "provider": "provider[\"registry.terraform.io/hashicorp/aws\"]",
      "instances": [
        {
          "index_key": 0,
          "schema_version": 0,
          "attributes": {
            "arn": "arn:aws:servicediscovery:us-east-1:140023395225:service/srv-dhtrteezolmmk5pi",
            "description": "",
            "dns_config": [
              {
                "dns_records": [
                  {
                    "ttl": 10,
                    "type": "A"
                  }
                ],
                "namespace_id": "ns-fgeisworjwbr422k",
                "routing_policy": "MULTIVALUE"
              }
            ],
            "force_destroy": false,
            "health_check_config": [],
            "health_check_custom_config": [
              {
                "failure_threshold": 1
              }
            ],
            "id": "srv-dhtrteezolmmk5pi",
            "name": "nutrition-proteins",
            "namespace_id": "ns-fgeisworjwbr422k",
            "tags": null,
            "tags_all": {},
            "type": "DNS_HTTP"
          },
          "sensitive_attributes": [
            [
              {
                "type": "get_attr",
                "value": "dns_config"
              },
              {
                "type": "index",
                "value": {
                  "value": 0,
                  "type": "number"
                }
              },
              {
                "type": "get_attr",
                "value": "namespace_id"
              }
            ]
          ],
          "private": "bnVsbA==",
          "dependencies": [
            "data.aws_ssm_parameter.service_discovery_namespace"
          ]
        }
      ]
    },
    {
      "module": "module.recommendations",
      "mode": "data",
      "type": "aws_alb",
      "name": "main",
      "provider": "provider[\"registry.terraform.io/hashicorp/aws\"]",
      "instances": [
        {
          "schema_version": 0,
          "attributes": {
            "access_logs": [
              {
                "bucket": "",
                "enabled": false,
                "prefix": ""
              }
            ],
            "arn": "arn:aws:elasticloadbalancing:us-east-1:140023395225:loadbalancer/app/linuxtips-ecs-cluster-internal/d71ffe1c2e9b64f1",
            "arn_suffix": "app/linuxtips-ecs-cluster-internal/d71ffe1c2e9b64f1",
            "client_keep_alive": 3600,
            "connection_logs": [
              {
                "bucket": "",
                "enabled": false,
                "prefix": ""
              }
            ],
            "customer_owned_ipv4_pool": "",
            "desync_mitigation_mode": "defensive",
            "dns_name": "internal-linuxtips-ecs-cluster-internal-508168171.us-east-1.elb.amazonaws.com",
            "dns_record_client_routing_policy": null,
            "drop_invalid_header_fields": false,
            "enable_cross_zone_load_balancing": true,
            "enable_deletion_protection": false,
            "enable_http2": true,
            "enable_tls_version_and_cipher_suite_headers": false,
            "enable_waf_fail_open": false,
            "enable_xff_client_port": false,
            "enable_zonal_shift": null,
            "enforce_security_group_inbound_rules_on_private_link_traffic": "",
            "id": "arn:aws:elasticloadbalancing:us-east-1:140023395225:loadbalancer/app/linuxtips-ecs-cluster-internal/d71ffe1c2e9b64f1",
            "idle_timeout": 60,
            "internal": true,
            "ip_address_type": "ipv4",
            "load_balancer_type": "application",
            "name": "linuxtips-ecs-cluster-internal",
            "preserve_host_header": false,
            "security_groups": [
              "sg-02e941a6098c78847"
            ],
            "subnet_mapping": [
              {
                "allocation_id": "",
                "ipv6_address": "",
                "outpost_id": "",
                "private_ipv4_address": "",
                "subnet_id": "subnet-08f2debe499751a08"
              },
              {
                "allocation_id": "",
                "ipv6_address": "",
                "outpost_id": "",
                "private_ipv4_address": "",
                "subnet_id": "subnet-0a38752b933399838"
              },
              {
                "allocation_id": "",
                "ipv6_address": "",
                "outpost_id": "",
                "private_ipv4_address": "",
                "subnet_id": "subnet-0f9d16dbdf4c5134f"
              }
            ],
            "subnets": [
              "subnet-08f2debe499751a08",
              "subnet-0a38752b933399838",
              "subnet-0f9d16dbdf4c5134f"
            ],
            "tags": {},
            "timeouts": null,
            "vpc_id": "vpc-0079a63c3659c593b",
            "xff_header_processing_mode": "append",
            "zone_id": "Z35SXDOTRQ7X7K"
          },
          "sensitive_attributes": [
            [
              {
                "type": "get_attr",
                "value": "arn"
              }
            ]
          ]
        }
      ]
    },
    {
      "module": "module.recommendations",
      "mode": "managed",
      "type": "aws_alb_listener_rule",
      "name": "main",
      "provider": "provider[\"registry.terraform.io/hashicorp/aws\"]",
      "instances": [
        {
          "schema_version": 0,
          "attributes": {
            "action": [
              {
                "authenticate_cognito": [],
                "authenticate_oidc": [],
                "fixed_response": [],
                "forward": [],
                "order": 1,
                "redirect": [],
                "target_group_arn": "arn:aws:elasticloadbalancing:us-east-1:140023395225:targetgroup/58e022da9cf6235b33bec04f938177f4/9d5cbb659206120d",
                "type": "forward"
              }
            ],
            "arn": "arn:aws:elasticloadbalancing:us-east-1:140023395225:listener-rule/app/linuxtips-ecs-cluster-internal/d71ffe1c2e9b64f1/c742af64abc41e40/400a3ebee7000882",
            "condition": [
              {
                "host_header": [
                  {
                    "values": [
                      "recommendations.linuxtips-ecs-cluster.internal.com"
                    ]
                  }
                ],
                "http_header": [],
                "http_request_method": [],
                "path_pattern": [],
                "query_string": [],
                "source_ip": []
              }
            ],
            "id": "arn:aws:elasticloadbalancing:us-east-1:140023395225:listener-rule/app/linuxtips-ecs-cluster-internal/d71ffe1c2e9b64f1/c742af64abc41e40/400a3ebee7000882",
            "listener_arn": "arn:aws:elasticloadbalancing:us-east-1:140023395225:listener/app/linuxtips-ecs-cluster-internal/d71ffe1c2e9b64f1/c742af64abc41e40",
            "priority": 6,
            "tags": null,
            "tags_all": {}
          },
          "sensitive_attributes": [
            [
              {
                "type": "get_attr",
                "value": "listener_arn"
              }
            ]
          ],
          "private": "bnVsbA==",
          "dependencies": [
            "data.aws_ssm_parameter.listener_internal",
            "data.aws_ssm_parameter.vpc",
            "module.recommendations.aws_alb_target_group.main"
          ]
        }
      ]
    },
    {
      "module": "module.recommendations",
      "mode": "managed",
      "type": "aws_alb_target_group",
      "name": "main",
      "provider": "provider[\"registry.terraform.io/hashicorp/aws\"]",
      "instances": [
        {
          "schema_version": 0,
          "attributes": {
            "arn": "arn:aws:elasticloadbalancing:us-east-1:140023395225:targetgroup/58e022da9cf6235b33bec04f938177f4/9d5cbb659206120d",
            "arn_suffix": "targetgroup/58e022da9cf6235b33bec04f938177f4/9d5cbb659206120d",
            "connection_termination": null,
            "deregistration_delay": "300",
            "health_check": [
              {
                "enabled": true,
                "healthy_threshold": 3,
                "interval": 60,
                "matcher": "200-399",
                "path": "/healthz",
                "port": "8080",
                "protocol": "HTTP",
                "timeout": 10,
                "unhealthy_threshold": 10
              }
            ],
            "id": "arn:aws:elasticloadbalancing:us-east-1:140023395225:targetgroup/58e022da9cf6235b33bec04f938177f4/9d5cbb659206120d",
            "ip_address_type": "ipv4",
            "lambda_multi_value_headers_enabled": false,
            "load_balancer_arns": [],
            "load_balancing_algorithm_type": "round_robin",
            "load_balancing_anomaly_mitigation": "off",
            "load_balancing_cross_zone_enabled": "use_load_balancer_configuration",
            "name": "58e022da9cf6235b33bec04f938177f4",
            "name_prefix": "58e022",
            "port": 30000,
            "preserve_client_ip": null,
            "protocol": "HTTP",
            "protocol_version": "HTTP1",
            "proxy_protocol_v2": false,
            "slow_start": 0,
            "stickiness": [
              {
                "cookie_duration": 86400,
                "cookie_name": "",
                "enabled": false,
                "type": "lb_cookie"
              }
            ],
            "tags": null,
            "tags_all": {},
            "target_failover": [
              {
                "on_deregistration": null,
                "on_unhealthy": null
              }
            ],
            "target_group_health": [
              {
                "dns_failover": [
                  {
                    "minimum_healthy_targets_count": "1",
                    "minimum_healthy_targets_percentage": "off"
                  }
                ],
                "unhealthy_state_routing": [
                  {
                    "minimum_healthy_targets_count": 1,
                    "minimum_healthy_targets_percentage": "off"
                  }
                ]
              }
            ],
            "target_health_state": [
              {
                "enable_unhealthy_connection_termination": null,
                "unhealthy_draining_interval": null
              }
            ],
            "target_type": "ip",
            "vpc_id": "vpc-0079a63c3659c593b"
          },
          "sensitive_attributes": [
            [
              {
                "type": "get_attr",
                "value": "vpc_id"
              }
            ]
          ],
          "private": "bnVsbA==",
          "dependencies": [
            "data.aws_ssm_parameter.vpc"
          ]
        }
      ]
    },
    {
      "module": "module.recommendations",
      "mode": "managed",
      "type": "aws_appautoscaling_target",
      "name": "main",
      "provider": "provider[\"registry.terraform.io/hashicorp/aws\"]",
      "instances": [
        {
          "schema_version": 0,
          "attributes": {
            "arn": "arn:aws:application-autoscaling:us-east-1:140023395225:scalable-target/0ec598feb7a90f314b0ca00ce6d4893d4ced",
            "id": "service/linuxtips-ecs-cluster/nutrition-recommendations",
            "max_capacity": 3,
            "min_capacity": 1,
            "resource_id": "service/linuxtips-ecs-cluster/nutrition-recommendations",
            "role_arn": "arn:aws:iam::140023395225:role/aws-service-role/ecs.application-autoscaling.amazonaws.com/AWSServiceRoleForApplicationAutoScaling_ECSService",
            "scalable_dimension": "ecs:service:DesiredCount",
            "service_namespace": "ecs",
            "suspended_state": [
              {
                "dynamic_scaling_in_suspended": false,
                "dynamic_scaling_out_suspended": false,
                "scheduled_scaling_suspended": false
              }
            ],
            "tags": null,
            "tags_all": {}
          },
          "sensitive_attributes": [],
          "private": "bnVsbA==",
          "dependencies": [
            "aws_iam_role.main",
            "data.aws_ssm_parameter.private_subnet_1",
            "data.aws_ssm_parameter.private_subnet_2",
            "data.aws_ssm_parameter.private_subnet_3",
            "data.aws_ssm_parameter.service_connect_name",
            "data.aws_ssm_parameter.service_discovery_namespace",
            "data.aws_ssm_parameter.vpc",
            "module.recommendations.aws_alb_target_group.main",
            "module.recommendations.aws_cloudwatch_log_group.main",
            "module.recommendations.aws_ecs_service.main",
            "module.recommendations.aws_ecs_task_definition.main",
            "module.recommendations.aws_iam_role.service_execution_role",
            "module.recommendations.aws_security_group.main",
            "module.recommendations.aws_service_discovery_service.main"
          ]
        }
      ]
    },
    {
      "module": "module.recommendations",
      "mode": "managed",
      "type": "aws_cloudwatch_log_group",
      "name": "main",
      "provider": "provider[\"registry.terraform.io/hashicorp/aws\"]",
      "instances": [
        {
          "schema_version": 0,
          "attributes": {
            "arn": "arn:aws:logs:us-east-1:140023395225:log-group:linuxtips-ecs-cluster/nutrition-recommendations/logs",
            "id": "linuxtips-ecs-cluster/nutrition-recommendations/logs",
            "kms_key_id": "",
            "log_group_class": "STANDARD",
            "name": "linuxtips-ecs-cluster/nutrition-recommendations/logs",
            "name_prefix": "",
            "retention_in_days": 0,
            "skip_destroy": false,
            "tags": null,
            "tags_all": {}
          },
          "sensitive_attributes": [],
          "private": "bnVsbA=="
        }
      ]
    },
    {
      "module": "module.recommendations",
      "mode": "managed",
      "type": "aws_ecs_service",
      "name": "main",
      "provider": "provider[\"registry.terraform.io/hashicorp/aws\"]",
      "instances": [
        {
          "schema_version": 1,
          "attributes": {
            "alarms": [],
            "capacity_provider_strategy": [
              {
                "base": null,
                "capacity_provider": "FARGATE_SPOT",
                "weight": 100
              }
            ],
            "cluster": "linuxtips-ecs-cluster",
            "deployment_circuit_breaker": [
              {
                "enable": true,
                "rollback": true
              }
            ],
            "deployment_controller": [
              {
                "type": "ECS"
              }
            ],
            "deployment_maximum_percent": 200,
            "deployment_minimum_healthy_percent": 100,
            "desired_count": 1,
            "enable_ecs_managed_tags": false,
            "enable_execute_command": false,
            "force_delete": null,
            "force_new_deployment": null,
            "health_check_grace_period_seconds": 0,
            "iam_role": "/aws-service-role/ecs.amazonaws.com/AWSServiceRoleForECS",
            "id": "arn:aws:ecs:us-east-1:140023395225:service/linuxtips-ecs-cluster/nutrition-recommendations",
            "launch_type": "",
            "load_balancer": [
              {
                "container_name": "nutrition-recommendations",
                "container_port": 30000,
                "elb_name": "",
                "target_group_arn": "arn:aws:elasticloadbalancing:us-east-1:140023395225:targetgroup/58e022da9cf6235b33bec04f938177f4/9d5cbb659206120d"
              }
            ],
            "name": "nutrition-recommendations",
            "network_configuration": [
              {
                "assign_public_ip": false,
                "security_groups": [
                  "sg-0be7724f2d8ca9e5e"
                ],
                "subnets": [
                  "subnet-08f2debe499751a08",
                  "subnet-0a38752b933399838",
                  "subnet-0f9d16dbdf4c5134f"
                ]
              }
            ],
            "ordered_placement_strategy": [],
            "placement_constraints": [],
            "platform_version": "LATEST",
            "propagate_tags": "NONE",
            "scheduling_strategy": "REPLICA",
            "service_connect_configuration": [
              {
                "enabled": true,
                "log_configuration": [],
                "namespace": "linuxtips-ecs-cluster.local",
                "service": [
                  {
                    "client_alias": [
                      {
                        "dns_name": "nutrition-recommendations.linuxtips-ecs-cluster.local",
                        "port": 30000
                      }
                    ],
                    "discovery_name": "nutrition-recommendations",
                    "ingress_port_override": 0,
                    "port_name": "nutrition-recommendations",
                    "timeout": [],
                    "tls": []
                  }
                ]
              }
            ],
            "service_registries": [
              {
                "container_name": "nutrition-recommendations",
                "container_port": 0,
                "port": 0,
                "registry_arn": "arn:aws:servicediscovery:us-east-1:140023395225:service/srv-5ngyrtdcwo6ye3pj"
              }
            ],
            "tags": null,
            "tags_all": {},
            "task_definition": "arn:aws:ecs:us-east-1:140023395225:task-definition/linuxtips-ecs-cluster-nutrition-recommendations:3",
            "timeouts": null,
            "triggers": {},
            "volume_configuration": [],
            "wait_for_steady_state": false
          },
          "sensitive_attributes": [
            [
              {
                "type": "get_attr",
                "value": "network_configuration"
              },
              {
                "type": "index",
                "value": {
                  "value": 0,
                  "type": "number"
                }
              },
              {
                "type": "get_attr",
                "value": "subnets"
              }
            ],
            [
              {
                "type": "get_attr",
                "value": "service_connect_configuration"
              },
              {
                "type": "index",
                "value": {
                  "value": 0,
                  "type": "number"
                }
              },
              {
                "type": "get_attr",
                "value": "namespace"
              }
            ],
            [
              {
                "type": "get_attr",
                "value": "service_connect_configuration"
              },
              {
                "type": "index",
                "value": {
                  "value": 0,
                  "type": "number"
                }
              },
              {
                "type": "get_attr",
                "value": "service"
              },
              {
                "type": "index",
                "value": {
                  "value": 0,
                  "type": "number"
                }
              },
              {
                "type": "get_attr",
                "value": "client_alias"
              },
              {
                "type": "index",
                "value": {
                  "value": 0,
                  "type": "number"
                }
              },
              {
                "type": "get_attr",
                "value": "dns_name"
              }
            ]
          ],
          "private": "eyJlMmJmYjczMC1lY2FhLTExZTYtOGY4OC0zNDM2M2JjN2M0YzAiOnsiY3JlYXRlIjoxMjAwMDAwMDAwMDAwLCJkZWxldGUiOjEyMDAwMDAwMDAwMDAsInVwZGF0ZSI6MTIwMDAwMDAwMDAwMH0sInNjaGVtYV92ZXJzaW9uIjoiMSJ9",
          "dependencies": [
            "aws_iam_role.main",
            "data.aws_ssm_parameter.private_subnet_1",
            "data.aws_ssm_parameter.private_subnet_2",
            "data.aws_ssm_parameter.private_subnet_3",
            "data.aws_ssm_parameter.service_connect_name",
            "data.aws_ssm_parameter.service_discovery_namespace",
            "data.aws_ssm_parameter.vpc",
            "module.recommendations.aws_alb_target_group.main",
            "module.recommendations.aws_cloudwatch_log_group.main",
            "module.recommendations.aws_ecs_task_definition.main",
            "module.recommendations.aws_iam_role.service_execution_role",
            "module.recommendations.aws_security_group.main",
            "module.recommendations.aws_service_discovery_service.main"
          ]
        }
      ]
    },
    {
      "module": "module.recommendations",
      "mode": "managed",
      "type": "aws_ecs_task_definition",
      "name": "main",
      "provider": "provider[\"registry.terraform.io/hashicorp/aws\"]",
      "instances": [
        {
          "schema_version": 1,
          "attributes": {
            "arn": "arn:aws:ecs:us-east-1:140023395225:task-definition/linuxtips-ecs-cluster-nutrition-recommendations:3",
            "arn_without_revision": "arn:aws:ecs:us-east-1:140023395225:task-definition/linuxtips-ecs-cluster-nutrition-recommendations",
            "container_definitions": "[{\"cpu\":256,\"environment\":[{\"name\":\"CALORIES_SERVICE_ENDPOINT\",\"value\":\"nutrition-calories.linuxtips-ecs-cluster.discovery.com:30000\"},{\"name\":\"PROTEINS_SERVICE_ENDPOINT\",\"value\":\"nutrition-proteins.linuxtips-ecs-cluster.discovery.com:30000\"},{\"name\":\"WATER_SERVICE_ENDPOINT\",\"value\":\"nutrition-water.linuxtips-ecs-cluster.discovery.com:30000\"},{\"name\":\"ZIPKIN_COLLECTOR_ENDPOINT\",\"value\":\"http://jaeger-collector.linuxtips-ecs-cluster.internal.com:80\"}],\"essential\":true,\"image\":\"fidelissauro/recommendations-grpc-service:latest\",\"logConfiguration\":{\"logDriver\":\"awslogs\",\"options\":{\"awslogs-group\":\"linuxtips-ecs-cluster/nutrition-recommendations/logs\",\"awslogs-region\":\"us-east-1\",\"awslogs-stream-prefix\":\"nutrition-recommendations\"}},\"memory\":512,\"mountPoints\":[],\"name\":\"nutrition-recommendations\",\"portMappings\":[{\"appProtocol\":\"grpc\",\"containerPort\":30000,\"hostPort\":30000,\"name\":\"nutrition-recommendations\",\"protocol\":\"tcp\"}],\"secrets\":[],\"systemControls\":[],\"volumesFrom\":[]}]",
            "cpu": "256",
            "ephemeral_storage": [],
            "execution_role_arn": "arn:aws:iam::140023395225:role/linuxtips-ecs-cluster-nutrition-recommendations-service-role",
            "family": "linuxtips-ecs-cluster-nutrition-recommendations",
            "id": "linuxtips-ecs-cluster-nutrition-recommendations",
            "inference_accelerator": [],
            "ipc_mode": "",
            "memory": "512",
            "network_mode": "awsvpc",
            "pid_mode": "",
            "placement_constraints": [],
            "proxy_configuration": [],
            "requires_compatibilities": null,
            "revision": 3,
            "runtime_platform": [],
            "skip_destroy": false,
            "tags": null,
            "tags_all": {},
            "task_role_arn": "arn:aws:iam::140023395225:role/nutrition-role",
            "track_latest": false,
            "volume": []
          },
          "sensitive_attributes": [],
          "private": "eyJzY2hlbWFfdmVyc2lvbiI6IjEifQ==",
          "dependencies": [
            "aws_iam_role.main",
            "module.recommendations.aws_cloudwatch_log_group.main",
            "module.recommendations.aws_iam_role.service_execution_role"
          ]
        }
      ]
    },
    {
      "module": "module.recommendations",
      "mode": "managed",
      "type": "aws_iam_role",
      "name": "service_execution_role",
      "provider": "provider[\"registry.terraform.io/hashicorp/aws\"]",
      "instances": [
        {
          "schema_version": 0,
          "attributes": {
            "arn": "arn:aws:iam::140023395225:role/linuxtips-ecs-cluster-nutrition-recommendations-service-role",
            "assume_role_policy": "{\"Statement\":[{\"Action\":\"sts:AssumeRole\",\"Effect\":\"Allow\",\"Principal\":{\"Service\":\"ecs-tasks.amazonaws.com\"},\"Sid\":\"\"}],\"Version\":\"2012-10-17\"}",
            "create_date": "2024-11-09T13:43:24Z",
            "description": "",
            "force_detach_policies": false,
            "id": "linuxtips-ecs-cluster-nutrition-recommendations-service-role",
            "inline_policy": [],
            "managed_policy_arns": [],
            "max_session_duration": 3600,
            "name": "linuxtips-ecs-cluster-nutrition-recommendations-service-role",
            "name_prefix": "",
            "path": "/",
            "permissions_boundary": "",
            "tags": null,
            "tags_all": {},
            "unique_id": "AROASBGQLOOM4ZIMXNDNH"
          },
          "sensitive_attributes": [],
          "private": "bnVsbA=="
        }
      ]
    },
    {
      "module": "module.recommendations",
      "mode": "managed",
      "type": "aws_iam_role_policy",
      "name": "service_execution_role",
      "provider": "provider[\"registry.terraform.io/hashicorp/aws\"]",
      "instances": [
        {
          "schema_version": 0,
          "attributes": {
            "id": "linuxtips-ecs-cluster-nutrition-recommendations-service-role:linuxtips-ecs-cluster-nutrition-recommendations-service-policy",
            "name": "linuxtips-ecs-cluster-nutrition-recommendations-service-policy",
            "name_prefix": "",
            "policy": "{\"Version\":\"2012-10-17\",\"Statement\":[{\"Action\":[\"elasticloadbalancing:DeregisterInstancesFromLoadBalancer\",\"elasticloadbalancing:DeregisterTargets\",\"elasticloadbalancing:Describe*\",\"elasticloadbalancing:RegisterInstancesWithLoadBalancer\",\"elasticloadbalancing:RegisterTargets\",\"ec2:Describe*\",\"ec2:AuthorizeSecurityGroupIngress\",\"ecr:GetAuthorizationToken\",\"ecr:BatchCheckLayerAvailability\",\"ecr:GetDownloadUrlForLayer\",\"ecr:BatchGetImage\",\"logs:CreateLogStream\",\"logs:PutLogEvents\",\"ssm:GetParameters\",\"secretsmanager:GetSecretValue\"],\"Effect\":\"Allow\",\"Resource\":\"*\"}]}",
            "role": "linuxtips-ecs-cluster-nutrition-recommendations-service-role"
          },
          "sensitive_attributes": [],
          "private": "bnVsbA==",
          "dependencies": [
            "module.recommendations.aws_iam_role.service_execution_role"
          ]
        }
      ]
    },
    {
      "module": "module.recommendations",
      "mode": "managed",
      "type": "aws_security_group",
      "name": "main",
      "provider": "provider[\"registry.terraform.io/hashicorp/aws\"]",
      "instances": [
        {
          "schema_version": 1,
          "attributes": {
            "arn": "arn:aws:ec2:us-east-1:140023395225:security-group/sg-0be7724f2d8ca9e5e",
            "description": "Managed by Terraform",
            "egress": [
              {
                "cidr_blocks": [
                  "0.0.0.0/0"
                ],
                "description": "",
                "from_port": 0,
                "ipv6_cidr_blocks": [],
                "prefix_list_ids": [],
                "protocol": "-1",
                "security_groups": [],
                "self": false,
                "to_port": 0
              }
            ],
            "id": "sg-0be7724f2d8ca9e5e",
            "ingress": [
              {
                "cidr_blocks": [
                  "0.0.0.0/0"
                ],
                "description": "",
                "from_port": 0,
                "ipv6_cidr_blocks": [],
                "prefix_list_ids": [],
                "protocol": "tcp",
                "security_groups": [],
                "self": false,
                "to_port": 65535
              },
              {
                "cidr_blocks": [
                  "0.0.0.0/0"
                ],
                "description": "",
                "from_port": 30000,
                "ipv6_cidr_blocks": [],
                "prefix_list_ids": [],
                "protocol": "tcp",
                "security_groups": [],
                "self": false,
                "to_port": 30000
              }
            ],
            "name": "linuxtips-ecs-cluster-nutrition-recommendations",
            "name_prefix": "",
            "owner_id": "140023395225",
            "revoke_rules_on_delete": false,
            "tags": null,
            "tags_all": {},
            "timeouts": null,
            "vpc_id": "vpc-0079a63c3659c593b"
          },
          "sensitive_attributes": [
            [
              {
                "type": "get_attr",
                "value": "vpc_id"
              }
            ]
          ],
          "private": "eyJlMmJmYjczMC1lY2FhLTExZTYtOGY4OC0zNDM2M2JjN2M0YzAiOnsiY3JlYXRlIjo2MDAwMDAwMDAwMDAsImRlbGV0ZSI6OTAwMDAwMDAwMDAwfSwic2NoZW1hX3ZlcnNpb24iOiIxIn0=",
          "dependencies": [
            "data.aws_ssm_parameter.vpc"
          ]
        }
      ]
    },
    {
      "module": "module.recommendations",
      "mode": "managed",
      "type": "aws_service_discovery_service",
      "name": "main",
      "provider": "provider[\"registry.terraform.io/hashicorp/aws\"]",
      "instances": [
        {
          "index_key": 0,
          "schema_version": 0,
          "attributes": {
            "arn": "arn:aws:servicediscovery:us-east-1:140023395225:service/srv-5ngyrtdcwo6ye3pj",
            "description": "",
            "dns_config": [
              {
                "dns_records": [
                  {
                    "ttl": 10,
                    "type": "A"
                  }
                ],
                "namespace_id": "ns-fgeisworjwbr422k",
                "routing_policy": "MULTIVALUE"
              }
            ],
            "force_destroy": false,
            "health_check_config": [],
            "health_check_custom_config": [
              {
                "failure_threshold": 1
              }
            ],
            "id": "srv-5ngyrtdcwo6ye3pj",
            "name": "nutrition-recommendations",
            "namespace_id": "ns-fgeisworjwbr422k",
            "tags": null,
            "tags_all": {},
            "type": "DNS_HTTP"
          },
          "sensitive_attributes": [
            [
              {
                "type": "get_attr",
                "value": "dns_config"
              },
              {
                "type": "index",
                "value": {
                  "value": 0,
                  "type": "number"
                }
              },
              {
                "type": "get_attr",
                "value": "namespace_id"
              }
            ]
          ],
          "private": "bnVsbA==",
          "dependencies": [
            "data.aws_ssm_parameter.service_discovery_namespace"
          ]
        }
      ]
    },
    {
      "module": "module.water",
      "mode": "data",
      "type": "aws_alb",
      "name": "main",
      "provider": "provider[\"registry.terraform.io/hashicorp/aws\"]",
      "instances": [
        {
          "schema_version": 0,
          "attributes": {
            "access_logs": [
              {
                "bucket": "",
                "enabled": false,
                "prefix": ""
              }
            ],
            "arn": "arn:aws:elasticloadbalancing:us-east-1:140023395225:loadbalancer/app/linuxtips-ecs-cluster-internal/d71ffe1c2e9b64f1",
            "arn_suffix": "app/linuxtips-ecs-cluster-internal/d71ffe1c2e9b64f1",
            "client_keep_alive": 3600,
            "connection_logs": [
              {
                "bucket": "",
                "enabled": false,
                "prefix": ""
              }
            ],
            "customer_owned_ipv4_pool": "",
            "desync_mitigation_mode": "defensive",
            "dns_name": "internal-linuxtips-ecs-cluster-internal-508168171.us-east-1.elb.amazonaws.com",
            "dns_record_client_routing_policy": null,
            "drop_invalid_header_fields": false,
            "enable_cross_zone_load_balancing": true,
            "enable_deletion_protection": false,
            "enable_http2": true,
            "enable_tls_version_and_cipher_suite_headers": false,
            "enable_waf_fail_open": false,
            "enable_xff_client_port": false,
            "enable_zonal_shift": null,
            "enforce_security_group_inbound_rules_on_private_link_traffic": "",
            "id": "arn:aws:elasticloadbalancing:us-east-1:140023395225:loadbalancer/app/linuxtips-ecs-cluster-internal/d71ffe1c2e9b64f1",
            "idle_timeout": 60,
            "internal": true,
            "ip_address_type": "ipv4",
            "load_balancer_type": "application",
            "name": "linuxtips-ecs-cluster-internal",
            "preserve_host_header": false,
            "security_groups": [
              "sg-02e941a6098c78847"
            ],
            "subnet_mapping": [
              {
                "allocation_id": "",
                "ipv6_address": "",
                "outpost_id": "",
                "private_ipv4_address": "",
                "subnet_id": "subnet-08f2debe499751a08"
              },
              {
                "allocation_id": "",
                "ipv6_address": "",
                "outpost_id": "",
                "private_ipv4_address": "",
                "subnet_id": "subnet-0a38752b933399838"
              },
              {
                "allocation_id": "",
                "ipv6_address": "",
                "outpost_id": "",
                "private_ipv4_address": "",
                "subnet_id": "subnet-0f9d16dbdf4c5134f"
              }
            ],
            "subnets": [
              "subnet-08f2debe499751a08",
              "subnet-0a38752b933399838",
              "subnet-0f9d16dbdf4c5134f"
            ],
            "tags": {},
            "timeouts": null,
            "vpc_id": "vpc-0079a63c3659c593b",
            "xff_header_processing_mode": "append",
            "zone_id": "Z35SXDOTRQ7X7K"
          },
          "sensitive_attributes": [
            [
              {
                "type": "get_attr",
                "value": "arn"
              }
            ]
          ]
        }
      ]
    },
    {
      "module": "module.water",
      "mode": "managed",
      "type": "aws_alb_listener_rule",
      "name": "main",
      "provider": "provider[\"registry.terraform.io/hashicorp/aws\"]",
      "instances": [
        {
          "schema_version": 0,
          "attributes": {
            "action": [
              {
                "authenticate_cognito": [],
                "authenticate_oidc": [],
                "fixed_response": [],
                "forward": [],
                "order": 1,
                "redirect": [],
                "target_group_arn": "arn:aws:elasticloadbalancing:us-east-1:140023395225:targetgroup/b8144f1cf116129e1ed117181cbd0805/69842f4e258ff6f5",
                "type": "forward"
              }
            ],
            "arn": "arn:aws:elasticloadbalancing:us-east-1:140023395225:listener-rule/app/linuxtips-ecs-cluster-internal/d71ffe1c2e9b64f1/c742af64abc41e40/cef9948d68fa2950",
            "condition": [
              {
                "host_header": [
                  {
                    "values": [
                      "water.linuxtips-ecs-cluster.internal.com"
                    ]
                  }
                ],
                "http_header": [],
                "http_request_method": [],
                "path_pattern": [],
                "query_string": [],
                "source_ip": []
              }
            ],
            "id": "arn:aws:elasticloadbalancing:us-east-1:140023395225:listener-rule/app/linuxtips-ecs-cluster-internal/d71ffe1c2e9b64f1/c742af64abc41e40/cef9948d68fa2950",
            "listener_arn": "arn:aws:elasticloadbalancing:us-east-1:140023395225:listener/app/linuxtips-ecs-cluster-internal/d71ffe1c2e9b64f1/c742af64abc41e40",
            "priority": 4,
            "tags": null,
            "tags_all": {}
          },
          "sensitive_attributes": [
            [
              {
                "type": "get_attr",
                "value": "listener_arn"
              }
            ]
          ],
          "private": "bnVsbA==",
          "dependencies": [
            "data.aws_ssm_parameter.listener_internal",
            "data.aws_ssm_parameter.vpc",
            "module.water.aws_alb_target_group.main"
          ]
        }
      ]
    },
    {
      "module": "module.water",
      "mode": "managed",
      "type": "aws_alb_target_group",
      "name": "main",
      "provider": "provider[\"registry.terraform.io/hashicorp/aws\"]",
      "instances": [
        {
          "schema_version": 0,
          "attributes": {
            "arn": "arn:aws:elasticloadbalancing:us-east-1:140023395225:targetgroup/b8144f1cf116129e1ed117181cbd0805/69842f4e258ff6f5",
            "arn_suffix": "targetgroup/b8144f1cf116129e1ed117181cbd0805/69842f4e258ff6f5",
            "connection_termination": null,
            "deregistration_delay": "300",
            "health_check": [
              {
                "enabled": true,
                "healthy_threshold": 3,
                "interval": 60,
                "matcher": "200-399",
                "path": "/healthz",
                "port": "8080",
                "protocol": "HTTP",
                "timeout": 10,
                "unhealthy_threshold": 10
              }
            ],
            "id": "arn:aws:elasticloadbalancing:us-east-1:140023395225:targetgroup/b8144f1cf116129e1ed117181cbd0805/69842f4e258ff6f5",
            "ip_address_type": "ipv4",
            "lambda_multi_value_headers_enabled": false,
            "load_balancer_arns": [],
            "load_balancing_algorithm_type": "round_robin",
            "load_balancing_anomaly_mitigation": "off",
            "load_balancing_cross_zone_enabled": "use_load_balancer_configuration",
            "name": "b8144f1cf116129e1ed117181cbd0805",
            "name_prefix": "b8144f",
            "port": 30000,
            "preserve_client_ip": null,
            "protocol": "HTTP",
            "protocol_version": "HTTP1",
            "proxy_protocol_v2": false,
            "slow_start": 0,
            "stickiness": [
              {
                "cookie_duration": 86400,
                "cookie_name": "",
                "enabled": false,
                "type": "lb_cookie"
              }
            ],
            "tags": null,
            "tags_all": {},
            "target_failover": [
              {
                "on_deregistration": null,
                "on_unhealthy": null
              }
            ],
            "target_group_health": [
              {
                "dns_failover": [
                  {
                    "minimum_healthy_targets_count": "1",
                    "minimum_healthy_targets_percentage": "off"
                  }
                ],
                "unhealthy_state_routing": [
                  {
                    "minimum_healthy_targets_count": 1,
                    "minimum_healthy_targets_percentage": "off"
                  }
                ]
              }
            ],
            "target_health_state": [
              {
                "enable_unhealthy_connection_termination": null,
                "unhealthy_draining_interval": null
              }
            ],
            "target_type": "ip",
            "vpc_id": "vpc-0079a63c3659c593b"
          },
          "sensitive_attributes": [
            [
              {
                "type": "get_attr",
                "value": "vpc_id"
              }
            ]
          ],
          "private": "bnVsbA==",
          "dependencies": [
            "data.aws_ssm_parameter.vpc"
          ]
        }
      ]
    },
    {
      "module": "module.water",
      "mode": "managed",
      "type": "aws_appautoscaling_target",
      "name": "main",
      "provider": "provider[\"registry.terraform.io/hashicorp/aws\"]",
      "instances": [
        {
          "schema_version": 0,
          "attributes": {
            "arn": "arn:aws:application-autoscaling:us-east-1:140023395225:scalable-target/0ec5db0a27d154f84fb9b8374230239ff926",
            "id": "service/linuxtips-ecs-cluster/nutrition-water",
            "max_capacity": 3,
            "min_capacity": 1,
            "resource_id": "service/linuxtips-ecs-cluster/nutrition-water",
            "role_arn": "arn:aws:iam::140023395225:role/aws-service-role/ecs.application-autoscaling.amazonaws.com/AWSServiceRoleForApplicationAutoScaling_ECSService",
            "scalable_dimension": "ecs:service:DesiredCount",
            "service_namespace": "ecs",
            "suspended_state": [
              {
                "dynamic_scaling_in_suspended": false,
                "dynamic_scaling_out_suspended": false,
                "scheduled_scaling_suspended": false
              }
            ],
            "tags": null,
            "tags_all": {}
          },
          "sensitive_attributes": [],
          "private": "bnVsbA==",
          "dependencies": [
            "aws_iam_role.main",
            "data.aws_ssm_parameter.private_subnet_1",
            "data.aws_ssm_parameter.private_subnet_2",
            "data.aws_ssm_parameter.private_subnet_3",
            "data.aws_ssm_parameter.service_connect_name",
            "data.aws_ssm_parameter.service_discovery_namespace",
            "data.aws_ssm_parameter.vpc",
            "module.water.aws_alb_target_group.main",
            "module.water.aws_cloudwatch_log_group.main",
            "module.water.aws_ecs_service.main",
            "module.water.aws_ecs_task_definition.main",
            "module.water.aws_iam_role.service_execution_role",
            "module.water.aws_security_group.main",
            "module.water.aws_service_discovery_service.main"
          ]
        }
      ]
    },
    {
      "module": "module.water",
      "mode": "managed",
      "type": "aws_cloudwatch_log_group",
      "name": "main",
      "provider": "provider[\"registry.terraform.io/hashicorp/aws\"]",
      "instances": [
        {
          "schema_version": 0,
          "attributes": {
            "arn": "arn:aws:logs:us-east-1:140023395225:log-group:linuxtips-ecs-cluster/nutrition-water/logs",
            "id": "linuxtips-ecs-cluster/nutrition-water/logs",
            "kms_key_id": "",
            "log_group_class": "STANDARD",
            "name": "linuxtips-ecs-cluster/nutrition-water/logs",
            "name_prefix": "",
            "retention_in_days": 0,
            "skip_destroy": false,
            "tags": null,
            "tags_all": {}
          },
          "sensitive_attributes": [],
          "private": "bnVsbA=="
        }
      ]
    },
    {
      "module": "module.water",
      "mode": "managed",
      "type": "aws_ecs_service",
      "name": "main",
      "provider": "provider[\"registry.terraform.io/hashicorp/aws\"]",
      "instances": [
        {
          "schema_version": 1,
          "attributes": {
            "alarms": [],
            "capacity_provider_strategy": [
              {
                "base": null,
                "capacity_provider": "FARGATE_SPOT",
                "weight": 100
              }
            ],
            "cluster": "linuxtips-ecs-cluster",
            "deployment_circuit_breaker": [
              {
                "enable": true,
                "rollback": true
              }
            ],
            "deployment_controller": [
              {
                "type": "ECS"
              }
            ],
            "deployment_maximum_percent": 200,
            "deployment_minimum_healthy_percent": 100,
            "desired_count": 1,
            "enable_ecs_managed_tags": false,
            "enable_execute_command": false,
            "force_delete": null,
            "force_new_deployment": null,
            "health_check_grace_period_seconds": 0,
            "iam_role": "/aws-service-role/ecs.amazonaws.com/AWSServiceRoleForECS",
            "id": "arn:aws:ecs:us-east-1:140023395225:service/linuxtips-ecs-cluster/nutrition-water",
            "launch_type": "",
            "load_balancer": [
              {
                "container_name": "nutrition-water",
                "container_port": 30000,
                "elb_name": "",
                "target_group_arn": "arn:aws:elasticloadbalancing:us-east-1:140023395225:targetgroup/b8144f1cf116129e1ed117181cbd0805/69842f4e258ff6f5"
              }
            ],
            "name": "nutrition-water",
            "network_configuration": [
              {
                "assign_public_ip": false,
                "security_groups": [
                  "sg-06cc96c0f71bb6fd1"
                ],
                "subnets": [
                  "subnet-08f2debe499751a08",
                  "subnet-0a38752b933399838",
                  "subnet-0f9d16dbdf4c5134f"
                ]
              }
            ],
            "ordered_placement_strategy": [],
            "placement_constraints": [],
            "platform_version": "LATEST",
            "propagate_tags": "NONE",
            "scheduling_strategy": "REPLICA",
            "service_connect_configuration": [
              {
                "enabled": true,
                "log_configuration": [],
                "namespace": "linuxtips-ecs-cluster.local",
                "service": [
                  {
                    "client_alias": [
                      {
                        "dns_name": "nutrition-water.linuxtips-ecs-cluster.local",
                        "port": 30000
                      }
                    ],
                    "discovery_name": "nutrition-water",
                    "ingress_port_override": 0,
                    "port_name": "nutrition-water",
                    "timeout": [],
                    "tls": []
                  }
                ]
              }
            ],
            "service_registries": [
              {
                "container_name": "nutrition-water",
                "container_port": 0,
                "port": 0,
                "registry_arn": "arn:aws:servicediscovery:us-east-1:140023395225:service/srv-fw4vr7m3g2uwd63o"
              }
            ],
            "tags": null,
            "tags_all": {},
            "task_definition": "arn:aws:ecs:us-east-1:140023395225:task-definition/linuxtips-ecs-cluster-nutrition-water:3",
            "timeouts": null,
            "triggers": {},
            "volume_configuration": [],
            "wait_for_steady_state": false
          },
          "sensitive_attributes": [
            [
              {
                "type": "get_attr",
                "value": "service_connect_configuration"
              },
              {
                "type": "index",
                "value": {
                  "value": 0,
                  "type": "number"
                }
              },
              {
                "type": "get_attr",
                "value": "namespace"
              }
            ],
            [
              {
                "type": "get_attr",
                "value": "service_connect_configuration"
              },
              {
                "type": "index",
                "value": {
                  "value": 0,
                  "type": "number"
                }
              },
              {
                "type": "get_attr",
                "value": "service"
              },
              {
                "type": "index",
                "value": {
                  "value": 0,
                  "type": "number"
                }
              },
              {
                "type": "get_attr",
                "value": "client_alias"
              },
              {
                "type": "index",
                "value": {
                  "value": 0,
                  "type": "number"
                }
              },
              {
                "type": "get_attr",
                "value": "dns_name"
              }
            ],
            [
              {
                "type": "get_attr",
                "value": "network_configuration"
              },
              {
                "type": "index",
                "value": {
                  "value": 0,
                  "type": "number"
                }
              },
              {
                "type": "get_attr",
                "value": "subnets"
              }
            ]
          ],
          "private": "eyJlMmJmYjczMC1lY2FhLTExZTYtOGY4OC0zNDM2M2JjN2M0YzAiOnsiY3JlYXRlIjoxMjAwMDAwMDAwMDAwLCJkZWxldGUiOjEyMDAwMDAwMDAwMDAsInVwZGF0ZSI6MTIwMDAwMDAwMDAwMH0sInNjaGVtYV92ZXJzaW9uIjoiMSJ9",
          "dependencies": [
            "aws_iam_role.main",
            "data.aws_ssm_parameter.private_subnet_1",
            "data.aws_ssm_parameter.private_subnet_2",
            "data.aws_ssm_parameter.private_subnet_3",
            "data.aws_ssm_parameter.service_connect_name",
            "data.aws_ssm_parameter.service_discovery_namespace",
            "data.aws_ssm_parameter.vpc",
            "module.water.aws_alb_target_group.main",
            "module.water.aws_cloudwatch_log_group.main",
            "module.water.aws_ecs_task_definition.main",
            "module.water.aws_iam_role.service_execution_role",
            "module.water.aws_security_group.main",
            "module.water.aws_service_discovery_service.main"
          ]
        }
      ]
    },
    {
      "module": "module.water",
      "mode": "managed",
      "type": "aws_ecs_task_definition",
      "name": "main",
      "provider": "provider[\"registry.terraform.io/hashicorp/aws\"]",
      "instances": [
        {
          "schema_version": 1,
          "attributes": {
            "arn": "arn:aws:ecs:us-east-1:140023395225:task-definition/linuxtips-ecs-cluster-nutrition-water:3",
            "arn_without_revision": "arn:aws:ecs:us-east-1:140023395225:task-definition/linuxtips-ecs-cluster-nutrition-water",
            "container_definitions": "[{\"cpu\":256,\"environment\":[{\"name\":\"ZIPKIN_COLLECTOR_ENDPOINT\",\"value\":\"http://jaeger-collector.linuxtips-ecs-cluster.internal.com:80\"}],\"essential\":true,\"image\":\"fidelissauro/water-grpc-service:latest\",\"logConfiguration\":{\"logDriver\":\"awslogs\",\"options\":{\"awslogs-group\":\"linuxtips-ecs-cluster/nutrition-water/logs\",\"awslogs-region\":\"us-east-1\",\"awslogs-stream-prefix\":\"nutrition-water\"}},\"memory\":512,\"mountPoints\":[],\"name\":\"nutrition-water\",\"portMappings\":[{\"appProtocol\":\"grpc\",\"containerPort\":30000,\"hostPort\":30000,\"name\":\"nutrition-water\",\"protocol\":\"tcp\"}],\"secrets\":[],\"systemControls\":[],\"volumesFrom\":[]}]",
            "cpu": "256",
            "ephemeral_storage": [],
            "execution_role_arn": "arn:aws:iam::140023395225:role/linuxtips-ecs-cluster-nutrition-water-service-role",
            "family": "linuxtips-ecs-cluster-nutrition-water",
            "id": "linuxtips-ecs-cluster-nutrition-water",
            "inference_accelerator": [],
            "ipc_mode": "",
            "memory": "512",
            "network_mode": "awsvpc",
            "pid_mode": "",
            "placement_constraints": [],
            "proxy_configuration": [],
            "requires_compatibilities": null,
            "revision": 3,
            "runtime_platform": [],
            "skip_destroy": false,
            "tags": null,
            "tags_all": {},
            "task_role_arn": "arn:aws:iam::140023395225:role/nutrition-role",
            "track_latest": false,
            "volume": []
          },
          "sensitive_attributes": [],
          "private": "eyJzY2hlbWFfdmVyc2lvbiI6IjEifQ==",
          "dependencies": [
            "aws_iam_role.main",
            "module.water.aws_cloudwatch_log_group.main",
            "module.water.aws_iam_role.service_execution_role"
          ]
        }
      ]
    },
    {
      "module": "module.water",
      "mode": "managed",
      "type": "aws_iam_role",
      "name": "service_execution_role",
      "provider": "provider[\"registry.terraform.io/hashicorp/aws\"]",
      "instances": [
        {
          "schema_version": 0,
          "attributes": {
            "arn": "arn:aws:iam::140023395225:role/linuxtips-ecs-cluster-nutrition-water-service-role",
            "assume_role_policy": "{\"Statement\":[{\"Action\":\"sts:AssumeRole\",\"Effect\":\"Allow\",\"Principal\":{\"Service\":\"ecs-tasks.amazonaws.com\"},\"Sid\":\"\"}],\"Version\":\"2012-10-17\"}",
            "create_date": "2024-11-09T13:43:23Z",
            "description": "",
            "force_detach_policies": false,
            "id": "linuxtips-ecs-cluster-nutrition-water-service-role",
            "inline_policy": [],
            "managed_policy_arns": [],
            "max_session_duration": 3600,
            "name": "linuxtips-ecs-cluster-nutrition-water-service-role",
            "name_prefix": "",
            "path": "/",
            "permissions_boundary": "",
            "tags": null,
            "tags_all": {},
            "unique_id": "AROASBGQLOOMY3JR736UJ"
          },
          "sensitive_attributes": [],
          "private": "bnVsbA=="
        }
      ]
    },
    {
      "module": "module.water",
      "mode": "managed",
      "type": "aws_iam_role_policy",
      "name": "service_execution_role",
      "provider": "provider[\"registry.terraform.io/hashicorp/aws\"]",
      "instances": [
        {
          "schema_version": 0,
          "attributes": {
            "id": "linuxtips-ecs-cluster-nutrition-water-service-role:linuxtips-ecs-cluster-nutrition-water-service-policy",
            "name": "linuxtips-ecs-cluster-nutrition-water-service-policy",
            "name_prefix": "",
            "policy": "{\"Version\":\"2012-10-17\",\"Statement\":[{\"Action\":[\"elasticloadbalancing:DeregisterInstancesFromLoadBalancer\",\"elasticloadbalancing:DeregisterTargets\",\"elasticloadbalancing:Describe*\",\"elasticloadbalancing:RegisterInstancesWithLoadBalancer\",\"elasticloadbalancing:RegisterTargets\",\"ec2:Describe*\",\"ec2:AuthorizeSecurityGroupIngress\",\"ecr:GetAuthorizationToken\",\"ecr:BatchCheckLayerAvailability\",\"ecr:GetDownloadUrlForLayer\",\"ecr:BatchGetImage\",\"logs:CreateLogStream\",\"logs:PutLogEvents\",\"ssm:GetParameters\",\"secretsmanager:GetSecretValue\"],\"Effect\":\"Allow\",\"Resource\":\"*\"}]}",
            "role": "linuxtips-ecs-cluster-nutrition-water-service-role"
          },
          "sensitive_attributes": [],
          "private": "bnVsbA==",
          "dependencies": [
            "module.water.aws_iam_role.service_execution_role"
          ]
        }
      ]
    },
    {
      "module": "module.water",
      "mode": "managed",
      "type": "aws_security_group",
      "name": "main",
      "provider": "provider[\"registry.terraform.io/hashicorp/aws\"]",
      "instances": [
        {
          "schema_version": 1,
          "attributes": {
            "arn": "arn:aws:ec2:us-east-1:140023395225:security-group/sg-06cc96c0f71bb6fd1",
            "description": "Managed by Terraform",
            "egress": [
              {
                "cidr_blocks": [
                  "0.0.0.0/0"
                ],
                "description": "",
                "from_port": 0,
                "ipv6_cidr_blocks": [],
                "prefix_list_ids": [],
                "protocol": "-1",
                "security_groups": [],
                "self": false,
                "to_port": 0
              }
            ],
            "id": "sg-06cc96c0f71bb6fd1",
            "ingress": [
              {
                "cidr_blocks": [
                  "0.0.0.0/0"
                ],
                "description": "",
                "from_port": 0,
                "ipv6_cidr_blocks": [],
                "prefix_list_ids": [],
                "protocol": "tcp",
                "security_groups": [],
                "self": false,
                "to_port": 65535
              },
              {
                "cidr_blocks": [
                  "0.0.0.0/0"
                ],
                "description": "",
                "from_port": 30000,
                "ipv6_cidr_blocks": [],
                "prefix_list_ids": [],
                "protocol": "tcp",
                "security_groups": [],
                "self": false,
                "to_port": 30000
              }
            ],
            "name": "linuxtips-ecs-cluster-nutrition-water",
            "name_prefix": "",
            "owner_id": "140023395225",
            "revoke_rules_on_delete": false,
            "tags": null,
            "tags_all": {},
            "timeouts": null,
            "vpc_id": "vpc-0079a63c3659c593b"
          },
          "sensitive_attributes": [
            [
              {
                "type": "get_attr",
                "value": "vpc_id"
              }
            ]
          ],
          "private": "eyJlMmJmYjczMC1lY2FhLTExZTYtOGY4OC0zNDM2M2JjN2M0YzAiOnsiY3JlYXRlIjo2MDAwMDAwMDAwMDAsImRlbGV0ZSI6OTAwMDAwMDAwMDAwfSwic2NoZW1hX3ZlcnNpb24iOiIxIn0=",
          "dependencies": [
            "data.aws_ssm_parameter.vpc"
          ]
        }
      ]
    },
    {
      "module": "module.water",
      "mode": "managed",
      "type": "aws_service_discovery_service",
      "name": "main",
      "provider": "provider[\"registry.terraform.io/hashicorp/aws\"]",
      "instances": [
        {
          "index_key": 0,
          "schema_version": 0,
          "attributes": {
            "arn": "arn:aws:servicediscovery:us-east-1:140023395225:service/srv-fw4vr7m3g2uwd63o",
            "description": "",
            "dns_config": [
              {
                "dns_records": [
                  {
                    "ttl": 10,
                    "type": "A"
                  }
                ],
                "namespace_id": "ns-fgeisworjwbr422k",
                "routing_policy": "MULTIVALUE"
              }
            ],
            "force_destroy": false,
            "health_check_config": [],
            "health_check_custom_config": [
              {
                "failure_threshold": 1
              }
            ],
            "id": "srv-fw4vr7m3g2uwd63o",
            "name": "nutrition-water",
            "namespace_id": "ns-fgeisworjwbr422k",
            "tags": null,
            "tags_all": {},
            "type": "DNS_HTTP"
          },
          "sensitive_attributes": [
            [
              {
                "type": "get_attr",
                "value": "dns_config"
              },
              {
                "type": "index",
                "value": {
                  "value": 0,
                  "type": "number"
                }
              },
              {
                "type": "get_attr",
                "value": "namespace_id"
              }
            ]
          ],
          "private": "bnVsbA==",
          "dependencies": [
            "data.aws_ssm_parameter.service_discovery_namespace"
          ]
        }
      ]
    }
  ],
  "check_results": null
}
